// !$*UTF8*$!
{
	archiveVersion = 1;
	classes = {
	};
	objectVersion = 52;
	objects = {

/* Begin PBXBuildFile section */
		212FE3A924B446AC00985DEA /* SnapshotUITests.swift in Sources */ = {isa = PBXBuildFile; fileRef = 212FE3A824B446AC00985DEA /* SnapshotUITests.swift */; };
		212FE3B024B446B900985DEA /* SnapshotHelper.swift in Sources */ = {isa = PBXBuildFile; fileRef = 212864F524AEBF5400E79296 /* SnapshotHelper.swift */; };
		21305C06247A803200F2D76A /* Song.framework in Frameworks */ = {isa = PBXBuildFile; fileRef = 21305BFD247A803200F2D76A /* Song.framework */; };
		21305C0D247A803200F2D76A /* SongTests.swift in Sources */ = {isa = PBXBuildFile; fileRef = 21305C0C247A803200F2D76A /* SongTests.swift */; };
		21305C0F247A803200F2D76A /* Song.h in Headers */ = {isa = PBXBuildFile; fileRef = 21305BFF247A803200F2D76A /* Song.h */; settings = {ATTRIBUTES = (Public, ); }; };
		21305C1B247A806900F2D76A /* Logic.swift in Sources */ = {isa = PBXBuildFile; fileRef = 21C88D21247681D5001E376A /* Logic.swift */; };
		21305C39247A863F00F2D76A /* Networking.h in Headers */ = {isa = PBXBuildFile; fileRef = 21305C29247A863F00F2D76A /* Networking.h */; settings = {ATTRIBUTES = (Public, ); }; };
		21305C7D247A885600F2D76A /* Main.framework in Frameworks */ = {isa = PBXBuildFile; fileRef = 21305C74247A885500F2D76A /* Main.framework */; };
		21305C86247A885600F2D76A /* Main.h in Headers */ = {isa = PBXBuildFile; fileRef = 21305C76247A885500F2D76A /* Main.h */; settings = {ATTRIBUTES = (Public, ); }; };
		21305C89247A885600F2D76A /* Main.framework in Frameworks */ = {isa = PBXBuildFile; fileRef = 21305C74247A885500F2D76A /* Main.framework */; };
		21305C8A247A885600F2D76A /* Main.framework in Embed Frameworks */ = {isa = PBXBuildFile; fileRef = 21305C74247A885500F2D76A /* Main.framework */; settings = {ATTRIBUTES = (CodeSignOnCopy, RemoveHeadersOnCopy, ); }; };
		21305C91247A885C00F2D76A /* Logic.swift in Sources */ = {isa = PBXBuildFile; fileRef = 21B130ED247235DF005941E9 /* Logic.swift */; };
		21305CA0247A895C00F2D76A /* Favorites.framework in Frameworks */ = {isa = PBXBuildFile; fileRef = 21305C97247A895C00F2D76A /* Favorites.framework */; };
		21305CA7247A895C00F2D76A /* FavoritesTests.swift in Sources */ = {isa = PBXBuildFile; fileRef = 21305CA6247A895C00F2D76A /* FavoritesTests.swift */; };
		21305CA9247A895C00F2D76A /* Favorites.h in Headers */ = {isa = PBXBuildFile; fileRef = 21305C99247A895C00F2D76A /* Favorites.h */; settings = {ATTRIBUTES = (Public, ); }; };
		21305CAC247A895C00F2D76A /* Favorites.framework in Frameworks */ = {isa = PBXBuildFile; fileRef = 21305C97247A895C00F2D76A /* Favorites.framework */; };
		21305CAD247A895C00F2D76A /* Favorites.framework in Embed Frameworks */ = {isa = PBXBuildFile; fileRef = 21305C97247A895C00F2D76A /* Favorites.framework */; settings = {ATTRIBUTES = (CodeSignOnCopy, RemoveHeadersOnCopy, ); }; };
		21305CB4247A898C00F2D76A /* Logic.swift in Sources */ = {isa = PBXBuildFile; fileRef = 21C88D2324768A08001E376A /* Logic.swift */; };
		214EF71A24C84743008677C1 /* Networking.framework in Frameworks */ = {isa = PBXBuildFile; fileRef = 21305C27247A863F00F2D76A /* Networking.framework */; };
		214EF71B24C84743008677C1 /* Networking.framework in Embed Frameworks */ = {isa = PBXBuildFile; fileRef = 21305C27247A863F00F2D76A /* Networking.framework */; settings = {ATTRIBUTES = (CodeSignOnCopy, RemoveHeadersOnCopy, ); }; };
		2157B21024D12A3700136EFB /* Networking.framework in Embed Frameworks */ = {isa = PBXBuildFile; fileRef = 21305C27247A863F00F2D76A /* Networking.framework */; settings = {ATTRIBUTES = (CodeSignOnCopy, RemoveHeadersOnCopy, ); }; };
		2157B21424D12A6400136EFB /* Song.framework in Embed Frameworks */ = {isa = PBXBuildFile; fileRef = 21305BFD247A803200F2D76A /* Song.framework */; settings = {ATTRIBUTES = (CodeSignOnCopy, RemoveHeadersOnCopy, ); }; };
		2157B21724D12A9000136EFB /* Networking.framework in Frameworks */ = {isa = PBXBuildFile; fileRef = 21305C27247A863F00F2D76A /* Networking.framework */; };
		2157B21824D12A9000136EFB /* Networking.framework in Embed Frameworks */ = {isa = PBXBuildFile; fileRef = 21305C27247A863F00F2D76A /* Networking.framework */; settings = {ATTRIBUTES = (CodeSignOnCopy, RemoveHeadersOnCopy, ); }; };
		2157B23C24D15CA300136EFB /* Common.h in Headers */ = {isa = PBXBuildFile; fileRef = 2157B23A24D15CA300136EFB /* Common.h */; settings = {ATTRIBUTES = (Public, ); }; };
		2157B23F24D15CA300136EFB /* Common.framework in Frameworks */ = {isa = PBXBuildFile; fileRef = 2157B23824D15CA300136EFB /* Common.framework */; };
		2157B24024D15CA300136EFB /* Common.framework in Embed Frameworks */ = {isa = PBXBuildFile; fileRef = 2157B23824D15CA300136EFB /* Common.framework */; settings = {ATTRIBUTES = (CodeSignOnCopy, RemoveHeadersOnCopy, ); }; };
		2157B24524D15CB000136EFB /* ComposableArchitecture in Frameworks */ = {isa = PBXBuildFile; productRef = 2157B24424D15CB000136EFB /* ComposableArchitecture */; };
		2157B24724D15CB400136EFB /* CombineGRPC in Frameworks */ = {isa = PBXBuildFile; productRef = 2157B24624D15CB400136EFB /* CombineGRPC */; };
		2157B24824D15CC000136EFB /* SearchField.swift in Sources */ = {isa = PBXBuildFile; fileRef = 215C185524A9D7EB0041435A /* SearchField.swift */; };
		2157B24924D15CC000136EFB /* Publisher+Extension.swift in Sources */ = {isa = PBXBuildFile; fileRef = 21B130E0247235DF005941E9 /* Publisher+Extension.swift */; };
		2157B24A24D15CC000136EFB /* DismissingKeyboardOnSwipe.swift in Sources */ = {isa = PBXBuildFile; fileRef = 21D6FA8E24CE643400B56C42 /* DismissingKeyboardOnSwipe.swift */; };
		2157B24B24D15CFA00136EFB /* Common.framework in Frameworks */ = {isa = PBXBuildFile; fileRef = 2157B23824D15CA300136EFB /* Common.framework */; };
		2157B24C24D15CFA00136EFB /* Common.framework in Embed Frameworks */ = {isa = PBXBuildFile; fileRef = 2157B23824D15CA300136EFB /* Common.framework */; settings = {ATTRIBUTES = (CodeSignOnCopy, RemoveHeadersOnCopy, ); }; };
		2157B25024D15D1B00136EFB /* Common.framework in Frameworks */ = {isa = PBXBuildFile; fileRef = 2157B23824D15CA300136EFB /* Common.framework */; };
		2157B25124D15D1B00136EFB /* Common.framework in Embed Frameworks */ = {isa = PBXBuildFile; fileRef = 2157B23824D15CA300136EFB /* Common.framework */; settings = {ATTRIBUTES = (CodeSignOnCopy, RemoveHeadersOnCopy, ); }; };
		2157B25424D15D3200136EFB /* Common.framework in Frameworks */ = {isa = PBXBuildFile; fileRef = 2157B23824D15CA300136EFB /* Common.framework */; };
		2157B25524D15D3200136EFB /* Common.framework in Embed Frameworks */ = {isa = PBXBuildFile; fileRef = 2157B23824D15CA300136EFB /* Common.framework */; settings = {ATTRIBUTES = (CodeSignOnCopy, RemoveHeadersOnCopy, ); }; };
		2165AEA824C6F10500AA3665 /* Constants.swift in Sources */ = {isa = PBXBuildFile; fileRef = 21E2634324C6E05B00C37AB5 /* Constants.swift */; };
		216AF3812472358C00B7C55B /* AppDelegate.swift in Sources */ = {isa = PBXBuildFile; fileRef = 216AF3802472358C00B7C55B /* AppDelegate.swift */; };
		216AF3832472358C00B7C55B /* SceneDelegate.swift in Sources */ = {isa = PBXBuildFile; fileRef = 216AF3822472358C00B7C55B /* SceneDelegate.swift */; };
		216AF3862472358C00B7C55B /* LaguSion.xcdatamodeld in Sources */ = {isa = PBXBuildFile; fileRef = 216AF3842472358C00B7C55B /* LaguSion.xcdatamodeld */; };
		216AF38A2472358E00B7C55B /* Assets.xcassets in Resources */ = {isa = PBXBuildFile; fileRef = 216AF3892472358E00B7C55B /* Assets.xcassets */; };
		216AF38D2472358E00B7C55B /* Preview Assets.xcassets in Resources */ = {isa = PBXBuildFile; fileRef = 216AF38C2472358E00B7C55B /* Preview Assets.xcassets */; };
		216AF3902472358E00B7C55B /* LaunchScreen.storyboard in Resources */ = {isa = PBXBuildFile; fileRef = 216AF38E2472358E00B7C55B /* LaunchScreen.storyboard */; };
		216AF39B2472358E00B7C55B /* LaguSionTests.swift in Sources */ = {isa = PBXBuildFile; fileRef = 216AF39A2472358E00B7C55B /* LaguSionTests.swift */; };
		21A4A09624CFCB0B002C574D /* SearchFieldTest.swift in Sources */ = {isa = PBXBuildFile; fileRef = 21A4A09524CFCB0B002C574D /* SearchFieldTest.swift */; };
		21A4A09824CFCBED002C574D /* GetSongsTest.swift in Sources */ = {isa = PBXBuildFile; fileRef = 21A4A09724CFCBED002C574D /* GetSongsTest.swift */; };
		21A4A09A24CFCC1D002C574D /* SongBookSelectionTest.swift in Sources */ = {isa = PBXBuildFile; fileRef = 21A4A09924CFCC1D002C574D /* SongBookSelectionTest.swift */; };
		21A4A09E24CFCC5C002C574D /* SortOptionSelectionTest.swift in Sources */ = {isa = PBXBuildFile; fileRef = 21A4A09D24CFCC5C002C574D /* SortOptionSelectionTest.swift */; };
		21B130F3247235E0005941E9 /* RootView.swift in Sources */ = {isa = PBXBuildFile; fileRef = 21B130E9247235DF005941E9 /* RootView.swift */; };
		21BBA97324C8189700CE3F2E /* lagu_sion.grpc.swift in Sources */ = {isa = PBXBuildFile; fileRef = 21BBA96F24C8189700CE3F2E /* lagu_sion.grpc.swift */; };
		21BBA97424C8189700CE3F2E /* lagu_sion.pb.swift in Sources */ = {isa = PBXBuildFile; fileRef = 21BBA97024C8189700CE3F2E /* lagu_sion.pb.swift */; };
		21BBA97524C8189700CE3F2E /* echo_service.grpc.swift in Sources */ = {isa = PBXBuildFile; fileRef = 21BBA97124C8189700CE3F2E /* echo_service.grpc.swift */; };
		21BBA97624C8189700CE3F2E /* echo_service.pb.swift in Sources */ = {isa = PBXBuildFile; fileRef = 21BBA97224C8189700CE3F2E /* echo_service.pb.swift */; };
		21D4B97C24CFF7110089C34E /* Song.framework in Frameworks */ = {isa = PBXBuildFile; fileRef = 21305BFD247A803200F2D76A /* Song.framework */; };
		21D4B97D24CFF7110089C34E /* Song.framework in Embed Frameworks */ = {isa = PBXBuildFile; fileRef = 21305BFD247A803200F2D76A /* Song.framework */; settings = {ATTRIBUTES = (CodeSignOnCopy, RemoveHeadersOnCopy, ); }; };
		21D4B97E24CFF71D0089C34E /* Song.framework in Frameworks */ = {isa = PBXBuildFile; fileRef = 21305BFD247A803200F2D76A /* Song.framework */; };
		21D4B97F24CFF71D0089C34E /* Song.framework in Embed Frameworks */ = {isa = PBXBuildFile; fileRef = 21305BFD247A803200F2D76A /* Song.framework */; settings = {ATTRIBUTES = (CodeSignOnCopy, RemoveHeadersOnCopy, ); }; };
		21D6FA9124CEAA3000B56C42 /* Core.swift in Sources */ = {isa = PBXBuildFile; fileRef = 21D6FA9024CEAA3000B56C42 /* Core.swift */; };
		21D6FA9324CEAC1000B56C42 /* LaguSionClient.swift in Sources */ = {isa = PBXBuildFile; fileRef = 21D6FA9224CEAC1000B56C42 /* LaguSionClient.swift */; };
		21D8BDEB24D3E39B00549D29 /* Views.swift in Sources */ = {isa = PBXBuildFile; fileRef = 21D8BDEA24D3E39B00549D29 /* Views.swift */; };
		21D8BDEC24D3E47D00549D29 /* Unwrap.swift in Sources */ = {isa = PBXBuildFile; fileRef = 21D82AC7247A72FF00F6B69F /* Unwrap.swift */; };
		21D8BDEE24D3E4DA00549D29 /* Views.swift in Sources */ = {isa = PBXBuildFile; fileRef = 21D8BDED24D3E4DA00549D29 /* Views.swift */; };
		21D8BDF024D3E53A00549D29 /* Views.swift in Sources */ = {isa = PBXBuildFile; fileRef = 21D8BDEF24D3E53A00549D29 /* Views.swift */; };
		21D8BDF224D3E5B200549D29 /* Views.swift in Sources */ = {isa = PBXBuildFile; fileRef = 21D8BDF124D3E5B200549D29 /* Views.swift */; };
/* End PBXBuildFile section */

/* Begin PBXContainerItemProxy section */
		212FE3AB24B446AC00985DEA /* PBXContainerItemProxy */ = {
			isa = PBXContainerItemProxy;
			containerPortal = 216AF3752472358C00B7C55B /* Project object */;
			proxyType = 1;
			remoteGlobalIDString = 216AF37C2472358C00B7C55B;
			remoteInfo = LaguSion;
		};
		21305C07247A803200F2D76A /* PBXContainerItemProxy */ = {
			isa = PBXContainerItemProxy;
			containerPortal = 216AF3752472358C00B7C55B /* Project object */;
			proxyType = 1;
			remoteGlobalIDString = 21305BFC247A803200F2D76A;
			remoteInfo = Song;
		};
		21305C09247A803200F2D76A /* PBXContainerItemProxy */ = {
			isa = PBXContainerItemProxy;
			containerPortal = 216AF3752472358C00B7C55B /* Project object */;
			proxyType = 1;
			remoteGlobalIDString = 216AF37C2472358C00B7C55B;
			remoteInfo = LaguSion;
		};
		21305C7E247A885600F2D76A /* PBXContainerItemProxy */ = {
			isa = PBXContainerItemProxy;
			containerPortal = 216AF3752472358C00B7C55B /* Project object */;
			proxyType = 1;
			remoteGlobalIDString = 21305C73247A885500F2D76A;
			remoteInfo = Main;
		};
		21305C80247A885600F2D76A /* PBXContainerItemProxy */ = {
			isa = PBXContainerItemProxy;
			containerPortal = 216AF3752472358C00B7C55B /* Project object */;
			proxyType = 1;
			remoteGlobalIDString = 216AF37C2472358C00B7C55B;
			remoteInfo = LaguSion;
		};
		21305C87247A885600F2D76A /* PBXContainerItemProxy */ = {
			isa = PBXContainerItemProxy;
			containerPortal = 216AF3752472358C00B7C55B /* Project object */;
			proxyType = 1;
			remoteGlobalIDString = 21305C73247A885500F2D76A;
			remoteInfo = Main;
		};
		21305CA1247A895C00F2D76A /* PBXContainerItemProxy */ = {
			isa = PBXContainerItemProxy;
			containerPortal = 216AF3752472358C00B7C55B /* Project object */;
			proxyType = 1;
			remoteGlobalIDString = 21305C96247A895C00F2D76A;
			remoteInfo = Favorites;
		};
		21305CA3247A895C00F2D76A /* PBXContainerItemProxy */ = {
			isa = PBXContainerItemProxy;
			containerPortal = 216AF3752472358C00B7C55B /* Project object */;
			proxyType = 1;
			remoteGlobalIDString = 216AF37C2472358C00B7C55B;
			remoteInfo = LaguSion;
		};
		21305CAA247A895C00F2D76A /* PBXContainerItemProxy */ = {
			isa = PBXContainerItemProxy;
			containerPortal = 216AF3752472358C00B7C55B /* Project object */;
			proxyType = 1;
			remoteGlobalIDString = 21305C96247A895C00F2D76A;
			remoteInfo = Favorites;
		};
		21305CB7247A8AEF00F2D76A /* PBXContainerItemProxy */ = {
			isa = PBXContainerItemProxy;
			containerPortal = 216AF3752472358C00B7C55B /* Project object */;
			proxyType = 1;
			remoteGlobalIDString = 21305BFC247A803200F2D76A;
			remoteInfo = Song;
		};
		21305CBC247A8B3D00F2D76A /* PBXContainerItemProxy */ = {
			isa = PBXContainerItemProxy;
			containerPortal = 216AF3752472358C00B7C55B /* Project object */;
			proxyType = 1;
			remoteGlobalIDString = 21305BFC247A803200F2D76A;
			remoteInfo = Song;
		};
		214EF71C24C84743008677C1 /* PBXContainerItemProxy */ = {
			isa = PBXContainerItemProxy;
			containerPortal = 216AF3752472358C00B7C55B /* Project object */;
			proxyType = 1;
			remoteGlobalIDString = 21305C26247A863F00F2D76A;
			remoteInfo = Networking;
		};
		2157B21124D12A3700136EFB /* PBXContainerItemProxy */ = {
			isa = PBXContainerItemProxy;
			containerPortal = 216AF3752472358C00B7C55B /* Project object */;
			proxyType = 1;
			remoteGlobalIDString = 21305C26247A863F00F2D76A;
			remoteInfo = Networking;
		};
		2157B21524D12A6400136EFB /* PBXContainerItemProxy */ = {
			isa = PBXContainerItemProxy;
			containerPortal = 216AF3752472358C00B7C55B /* Project object */;
			proxyType = 1;
			remoteGlobalIDString = 21305BFC247A803200F2D76A;
			remoteInfo = Song;
		};
		2157B21924D12A9000136EFB /* PBXContainerItemProxy */ = {
			isa = PBXContainerItemProxy;
			containerPortal = 216AF3752472358C00B7C55B /* Project object */;
			proxyType = 1;
			remoteGlobalIDString = 21305C26247A863F00F2D76A;
			remoteInfo = Networking;
		};
		2157B23D24D15CA300136EFB /* PBXContainerItemProxy */ = {
			isa = PBXContainerItemProxy;
			containerPortal = 216AF3752472358C00B7C55B /* Project object */;
			proxyType = 1;
			remoteGlobalIDString = 2157B23724D15CA300136EFB;
			remoteInfo = Common;
		};
		2157B24D24D15CFA00136EFB /* PBXContainerItemProxy */ = {
			isa = PBXContainerItemProxy;
			containerPortal = 216AF3752472358C00B7C55B /* Project object */;
			proxyType = 1;
			remoteGlobalIDString = 2157B23724D15CA300136EFB;
			remoteInfo = Common;
		};
		2157B25224D15D1B00136EFB /* PBXContainerItemProxy */ = {
			isa = PBXContainerItemProxy;
			containerPortal = 216AF3752472358C00B7C55B /* Project object */;
			proxyType = 1;
			remoteGlobalIDString = 2157B23724D15CA300136EFB;
			remoteInfo = Common;
		};
		2157B25624D15D3200136EFB /* PBXContainerItemProxy */ = {
			isa = PBXContainerItemProxy;
			containerPortal = 216AF3752472358C00B7C55B /* Project object */;
			proxyType = 1;
			remoteGlobalIDString = 2157B23724D15CA300136EFB;
			remoteInfo = Common;
		};
		216AF3972472358E00B7C55B /* PBXContainerItemProxy */ = {
			isa = PBXContainerItemProxy;
			containerPortal = 216AF3752472358C00B7C55B /* Project object */;
			proxyType = 1;
			remoteGlobalIDString = 216AF37C2472358C00B7C55B;
			remoteInfo = LaguSion;
		};
/* End PBXContainerItemProxy section */

/* Begin PBXCopyFilesBuildPhase section */
		21305C14247A803200F2D76A /* Embed Frameworks */ = {
			isa = PBXCopyFilesBuildPhase;
			buildActionMask = 2147483647;
			dstPath = "";
			dstSubfolderSpec = 10;
			files = (
				21305C8A247A885600F2D76A /* Main.framework in Embed Frameworks */,
				2157B21424D12A6400136EFB /* Song.framework in Embed Frameworks */,
				2157B24024D15CA300136EFB /* Common.framework in Embed Frameworks */,
				21305CAD247A895C00F2D76A /* Favorites.framework in Embed Frameworks */,
				2157B21024D12A3700136EFB /* Networking.framework in Embed Frameworks */,
			);
			name = "Embed Frameworks";
			runOnlyForDeploymentPostprocessing = 0;
		};
		214EF71E24C84743008677C1 /* Embed Frameworks */ = {
			isa = PBXCopyFilesBuildPhase;
			buildActionMask = 2147483647;
			dstPath = "";
			dstSubfolderSpec = 10;
			files = (
				214EF71B24C84743008677C1 /* Networking.framework in Embed Frameworks */,
				2157B25124D15D1B00136EFB /* Common.framework in Embed Frameworks */,
			);
			name = "Embed Frameworks";
			runOnlyForDeploymentPostprocessing = 0;
		};
		2157B24F24D15CFA00136EFB /* Embed Frameworks */ = {
			isa = PBXCopyFilesBuildPhase;
			buildActionMask = 2147483647;
			dstPath = "";
			dstSubfolderSpec = 10;
			files = (
				2157B24C24D15CFA00136EFB /* Common.framework in Embed Frameworks */,
			);
			name = "Embed Frameworks";
			runOnlyForDeploymentPostprocessing = 0;
		};
		21D4B97424CFF6CD0089C34E /* Embed Frameworks */ = {
			isa = PBXCopyFilesBuildPhase;
			buildActionMask = 2147483647;
			dstPath = "";
			dstSubfolderSpec = 10;
			files = (
				21D4B97F24CFF71D0089C34E /* Song.framework in Embed Frameworks */,
				2157B25524D15D3200136EFB /* Common.framework in Embed Frameworks */,
			);
			name = "Embed Frameworks";
			runOnlyForDeploymentPostprocessing = 0;
		};
		21E2634924C6E56500C37AB5 /* Embed Frameworks */ = {
			isa = PBXCopyFilesBuildPhase;
			buildActionMask = 2147483647;
			dstPath = "";
			dstSubfolderSpec = 10;
			files = (
				2157B21824D12A9000136EFB /* Networking.framework in Embed Frameworks */,
				21D4B97D24CFF7110089C34E /* Song.framework in Embed Frameworks */,
			);
			name = "Embed Frameworks";
			runOnlyForDeploymentPostprocessing = 0;
		};
/* End PBXCopyFilesBuildPhase section */

/* Begin PBXFileReference section */
		212864F524AEBF5400E79296 /* SnapshotHelper.swift */ = {isa = PBXFileReference; fileEncoding = 4; lastKnownFileType = sourcecode.swift; path = SnapshotHelper.swift; sourceTree = "<group>"; };
		212FE3A624B446AC00985DEA /* SnapshotUITests.xctest */ = {isa = PBXFileReference; explicitFileType = wrapper.cfbundle; includeInIndex = 0; path = SnapshotUITests.xctest; sourceTree = BUILT_PRODUCTS_DIR; };
		212FE3A824B446AC00985DEA /* SnapshotUITests.swift */ = {isa = PBXFileReference; lastKnownFileType = sourcecode.swift; path = SnapshotUITests.swift; sourceTree = "<group>"; };
		212FE3AA24B446AC00985DEA /* Info.plist */ = {isa = PBXFileReference; lastKnownFileType = text.plist.xml; path = Info.plist; sourceTree = "<group>"; };
		21305BFD247A803200F2D76A /* Song.framework */ = {isa = PBXFileReference; explicitFileType = wrapper.framework; includeInIndex = 0; path = Song.framework; sourceTree = BUILT_PRODUCTS_DIR; };
		21305BFF247A803200F2D76A /* Song.h */ = {isa = PBXFileReference; lastKnownFileType = sourcecode.c.h; path = Song.h; sourceTree = "<group>"; };
		21305C00247A803200F2D76A /* Info.plist */ = {isa = PBXFileReference; lastKnownFileType = text.plist.xml; path = Info.plist; sourceTree = "<group>"; };
		21305C05247A803200F2D76A /* SongTests.xctest */ = {isa = PBXFileReference; explicitFileType = wrapper.cfbundle; includeInIndex = 0; path = SongTests.xctest; sourceTree = BUILT_PRODUCTS_DIR; };
		21305C0C247A803200F2D76A /* SongTests.swift */ = {isa = PBXFileReference; lastKnownFileType = sourcecode.swift; path = SongTests.swift; sourceTree = "<group>"; };
		21305C0E247A803200F2D76A /* Info.plist */ = {isa = PBXFileReference; lastKnownFileType = text.plist.xml; path = Info.plist; sourceTree = "<group>"; };
		21305C27247A863F00F2D76A /* Networking.framework */ = {isa = PBXFileReference; explicitFileType = wrapper.framework; includeInIndex = 0; path = Networking.framework; sourceTree = BUILT_PRODUCTS_DIR; };
		21305C29247A863F00F2D76A /* Networking.h */ = {isa = PBXFileReference; lastKnownFileType = sourcecode.c.h; path = Networking.h; sourceTree = "<group>"; };
		21305C2A247A863F00F2D76A /* Info.plist */ = {isa = PBXFileReference; lastKnownFileType = text.plist.xml; path = Info.plist; sourceTree = "<group>"; };
		21305C74247A885500F2D76A /* Main.framework */ = {isa = PBXFileReference; explicitFileType = wrapper.framework; includeInIndex = 0; path = Main.framework; sourceTree = BUILT_PRODUCTS_DIR; };
		21305C76247A885500F2D76A /* Main.h */ = {isa = PBXFileReference; lastKnownFileType = sourcecode.c.h; path = Main.h; sourceTree = "<group>"; };
		21305C77247A885500F2D76A /* Info.plist */ = {isa = PBXFileReference; lastKnownFileType = text.plist.xml; path = Info.plist; sourceTree = "<group>"; };
		21305C7C247A885600F2D76A /* MainTests.xctest */ = {isa = PBXFileReference; explicitFileType = wrapper.cfbundle; includeInIndex = 0; path = MainTests.xctest; sourceTree = BUILT_PRODUCTS_DIR; };
		21305C85247A885600F2D76A /* Info.plist */ = {isa = PBXFileReference; lastKnownFileType = text.plist.xml; path = Info.plist; sourceTree = "<group>"; };
		21305C97247A895C00F2D76A /* Favorites.framework */ = {isa = PBXFileReference; explicitFileType = wrapper.framework; includeInIndex = 0; path = Favorites.framework; sourceTree = BUILT_PRODUCTS_DIR; };
		21305C99247A895C00F2D76A /* Favorites.h */ = {isa = PBXFileReference; lastKnownFileType = sourcecode.c.h; path = Favorites.h; sourceTree = "<group>"; };
		21305C9A247A895C00F2D76A /* Info.plist */ = {isa = PBXFileReference; lastKnownFileType = text.plist.xml; path = Info.plist; sourceTree = "<group>"; };
		21305C9F247A895C00F2D76A /* FavoritesTests.xctest */ = {isa = PBXFileReference; explicitFileType = wrapper.cfbundle; includeInIndex = 0; path = FavoritesTests.xctest; sourceTree = BUILT_PRODUCTS_DIR; };
		21305CA6247A895C00F2D76A /* FavoritesTests.swift */ = {isa = PBXFileReference; lastKnownFileType = sourcecode.swift; path = FavoritesTests.swift; sourceTree = "<group>"; };
		21305CA8247A895C00F2D76A /* Info.plist */ = {isa = PBXFileReference; lastKnownFileType = text.plist.xml; path = Info.plist; sourceTree = "<group>"; };
		2157B23824D15CA300136EFB /* Common.framework */ = {isa = PBXFileReference; explicitFileType = wrapper.framework; includeInIndex = 0; path = Common.framework; sourceTree = BUILT_PRODUCTS_DIR; };
		2157B23A24D15CA300136EFB /* Common.h */ = {isa = PBXFileReference; lastKnownFileType = sourcecode.c.h; path = Common.h; sourceTree = "<group>"; };
		2157B23B24D15CA300136EFB /* Info.plist */ = {isa = PBXFileReference; lastKnownFileType = text.plist.xml; path = Info.plist; sourceTree = "<group>"; };
		215C185524A9D7EB0041435A /* SearchField.swift */ = {isa = PBXFileReference; lastKnownFileType = sourcecode.swift; path = SearchField.swift; sourceTree = "<group>"; };
		216AF37D2472358C00B7C55B /* LaguSion.app */ = {isa = PBXFileReference; explicitFileType = wrapper.application; includeInIndex = 0; path = LaguSion.app; sourceTree = BUILT_PRODUCTS_DIR; };
		216AF3802472358C00B7C55B /* AppDelegate.swift */ = {isa = PBXFileReference; lastKnownFileType = sourcecode.swift; path = AppDelegate.swift; sourceTree = "<group>"; };
		216AF3822472358C00B7C55B /* SceneDelegate.swift */ = {isa = PBXFileReference; lastKnownFileType = sourcecode.swift; path = SceneDelegate.swift; sourceTree = "<group>"; };
		216AF3852472358C00B7C55B /* LaguSion.xcdatamodel */ = {isa = PBXFileReference; lastKnownFileType = wrapper.xcdatamodel; path = LaguSion.xcdatamodel; sourceTree = "<group>"; };
		216AF3892472358E00B7C55B /* Assets.xcassets */ = {isa = PBXFileReference; lastKnownFileType = folder.assetcatalog; path = Assets.xcassets; sourceTree = "<group>"; };
		216AF38C2472358E00B7C55B /* Preview Assets.xcassets */ = {isa = PBXFileReference; lastKnownFileType = folder.assetcatalog; path = "Preview Assets.xcassets"; sourceTree = "<group>"; };
		216AF38F2472358E00B7C55B /* Base */ = {isa = PBXFileReference; lastKnownFileType = file.storyboard; name = Base; path = Base.lproj/LaunchScreen.storyboard; sourceTree = "<group>"; };
		216AF3912472358E00B7C55B /* Info.plist */ = {isa = PBXFileReference; lastKnownFileType = text.plist.xml; path = Info.plist; sourceTree = "<group>"; };
		216AF3962472358E00B7C55B /* LaguSionTests.xctest */ = {isa = PBXFileReference; explicitFileType = wrapper.cfbundle; includeInIndex = 0; path = LaguSionTests.xctest; sourceTree = BUILT_PRODUCTS_DIR; };
		216AF39A2472358E00B7C55B /* LaguSionTests.swift */ = {isa = PBXFileReference; lastKnownFileType = sourcecode.swift; path = LaguSionTests.swift; sourceTree = "<group>"; };
		216AF39C2472358E00B7C55B /* Info.plist */ = {isa = PBXFileReference; lastKnownFileType = text.plist.xml; path = Info.plist; sourceTree = "<group>"; };
		21A4A09524CFCB0B002C574D /* SearchFieldTest.swift */ = {isa = PBXFileReference; lastKnownFileType = sourcecode.swift; path = SearchFieldTest.swift; sourceTree = "<group>"; };
		21A4A09724CFCBED002C574D /* GetSongsTest.swift */ = {isa = PBXFileReference; lastKnownFileType = sourcecode.swift; path = GetSongsTest.swift; sourceTree = "<group>"; };
		21A4A09924CFCC1D002C574D /* SongBookSelectionTest.swift */ = {isa = PBXFileReference; lastKnownFileType = sourcecode.swift; path = SongBookSelectionTest.swift; sourceTree = "<group>"; };
		21A4A09D24CFCC5C002C574D /* SortOptionSelectionTest.swift */ = {isa = PBXFileReference; lastKnownFileType = sourcecode.swift; path = SortOptionSelectionTest.swift; sourceTree = "<group>"; };
		21B130E0247235DF005941E9 /* Publisher+Extension.swift */ = {isa = PBXFileReference; fileEncoding = 4; lastKnownFileType = sourcecode.swift; path = "Publisher+Extension.swift"; sourceTree = "<group>"; };
		21B130E9247235DF005941E9 /* RootView.swift */ = {isa = PBXFileReference; fileEncoding = 4; lastKnownFileType = sourcecode.swift; path = RootView.swift; sourceTree = "<group>"; };
		21B130ED247235DF005941E9 /* Logic.swift */ = {isa = PBXFileReference; fileEncoding = 4; lastKnownFileType = sourcecode.swift; path = Logic.swift; sourceTree = "<group>"; };
		21BBA96F24C8189700CE3F2E /* lagu_sion.grpc.swift */ = {isa = PBXFileReference; fileEncoding = 4; lastKnownFileType = sourcecode.swift; path = lagu_sion.grpc.swift; sourceTree = "<group>"; };
		21BBA97024C8189700CE3F2E /* lagu_sion.pb.swift */ = {isa = PBXFileReference; fileEncoding = 4; lastKnownFileType = sourcecode.swift; path = lagu_sion.pb.swift; sourceTree = "<group>"; };
		21BBA97124C8189700CE3F2E /* echo_service.grpc.swift */ = {isa = PBXFileReference; fileEncoding = 4; lastKnownFileType = sourcecode.swift; path = echo_service.grpc.swift; sourceTree = "<group>"; };
		21BBA97224C8189700CE3F2E /* echo_service.pb.swift */ = {isa = PBXFileReference; fileEncoding = 4; lastKnownFileType = sourcecode.swift; path = echo_service.pb.swift; sourceTree = "<group>"; };
		21C88D21247681D5001E376A /* Logic.swift */ = {isa = PBXFileReference; lastKnownFileType = sourcecode.swift; path = Logic.swift; sourceTree = "<group>"; };
		21C88D2324768A08001E376A /* Logic.swift */ = {isa = PBXFileReference; lastKnownFileType = sourcecode.swift; path = Logic.swift; sourceTree = "<group>"; };
		21D6FA8E24CE643400B56C42 /* DismissingKeyboardOnSwipe.swift */ = {isa = PBXFileReference; lastKnownFileType = sourcecode.swift; path = DismissingKeyboardOnSwipe.swift; sourceTree = "<group>"; };
		21D6FA9024CEAA3000B56C42 /* Core.swift */ = {isa = PBXFileReference; lastKnownFileType = sourcecode.swift; path = Core.swift; sourceTree = "<group>"; };
		21D6FA9224CEAC1000B56C42 /* LaguSionClient.swift */ = {isa = PBXFileReference; lastKnownFileType = sourcecode.swift; path = LaguSionClient.swift; sourceTree = "<group>"; };
		21D82AC7247A72FF00F6B69F /* Unwrap.swift */ = {isa = PBXFileReference; lastKnownFileType = sourcecode.swift; path = Unwrap.swift; sourceTree = "<group>"; };
		21D8BDEA24D3E39B00549D29 /* Views.swift */ = {isa = PBXFileReference; lastKnownFileType = sourcecode.swift; path = Views.swift; sourceTree = "<group>"; };
		21D8BDED24D3E4DA00549D29 /* Views.swift */ = {isa = PBXFileReference; lastKnownFileType = sourcecode.swift; path = Views.swift; sourceTree = "<group>"; };
		21D8BDEF24D3E53A00549D29 /* Views.swift */ = {isa = PBXFileReference; lastKnownFileType = sourcecode.swift; path = Views.swift; sourceTree = "<group>"; };
		21D8BDF124D3E5B200549D29 /* Views.swift */ = {isa = PBXFileReference; lastKnownFileType = sourcecode.swift; path = Views.swift; sourceTree = "<group>"; };
		21E2634324C6E05B00C37AB5 /* Constants.swift */ = {isa = PBXFileReference; lastKnownFileType = sourcecode.swift; path = Constants.swift; sourceTree = "<group>"; };
/* End PBXFileReference section */

/* Begin PBXFrameworksBuildPhase section */
		212FE3A324B446AC00985DEA /* Frameworks */ = {
			isa = PBXFrameworksBuildPhase;
			buildActionMask = 2147483647;
			files = (
			);
			runOnlyForDeploymentPostprocessing = 0;
		};
		21305BFA247A803200F2D76A /* Frameworks */ = {
			isa = PBXFrameworksBuildPhase;
			buildActionMask = 2147483647;
			files = (
				214EF71A24C84743008677C1 /* Networking.framework in Frameworks */,
				2157B25024D15D1B00136EFB /* Common.framework in Frameworks */,
			);
			runOnlyForDeploymentPostprocessing = 0;
		};
		21305C02247A803200F2D76A /* Frameworks */ = {
			isa = PBXFrameworksBuildPhase;
			buildActionMask = 2147483647;
			files = (
				21305C06247A803200F2D76A /* Song.framework in Frameworks */,
			);
			runOnlyForDeploymentPostprocessing = 0;
		};
		21305C24247A863F00F2D76A /* Frameworks */ = {
			isa = PBXFrameworksBuildPhase;
			buildActionMask = 2147483647;
			files = (
				2157B24B24D15CFA00136EFB /* Common.framework in Frameworks */,
			);
			runOnlyForDeploymentPostprocessing = 0;
		};
		21305C71247A885500F2D76A /* Frameworks */ = {
			isa = PBXFrameworksBuildPhase;
			buildActionMask = 2147483647;
			files = (
				2157B21724D12A9000136EFB /* Networking.framework in Frameworks */,
				21D4B97C24CFF7110089C34E /* Song.framework in Frameworks */,
			);
			runOnlyForDeploymentPostprocessing = 0;
		};
		21305C79247A885600F2D76A /* Frameworks */ = {
			isa = PBXFrameworksBuildPhase;
			buildActionMask = 2147483647;
			files = (
				21305C7D247A885600F2D76A /* Main.framework in Frameworks */,
			);
			runOnlyForDeploymentPostprocessing = 0;
		};
		21305C94247A895C00F2D76A /* Frameworks */ = {
			isa = PBXFrameworksBuildPhase;
			buildActionMask = 2147483647;
			files = (
				21D4B97E24CFF71D0089C34E /* Song.framework in Frameworks */,
				2157B25424D15D3200136EFB /* Common.framework in Frameworks */,
			);
			runOnlyForDeploymentPostprocessing = 0;
		};
		21305C9C247A895C00F2D76A /* Frameworks */ = {
			isa = PBXFrameworksBuildPhase;
			buildActionMask = 2147483647;
			files = (
				21305CA0247A895C00F2D76A /* Favorites.framework in Frameworks */,
			);
			runOnlyForDeploymentPostprocessing = 0;
		};
		2157B23524D15CA300136EFB /* Frameworks */ = {
			isa = PBXFrameworksBuildPhase;
			buildActionMask = 2147483647;
			files = (
				2157B24724D15CB400136EFB /* CombineGRPC in Frameworks */,
				2157B24524D15CB000136EFB /* ComposableArchitecture in Frameworks */,
			);
			runOnlyForDeploymentPostprocessing = 0;
		};
		216AF37A2472358C00B7C55B /* Frameworks */ = {
			isa = PBXFrameworksBuildPhase;
			buildActionMask = 2147483647;
			files = (
				21305C89247A885600F2D76A /* Main.framework in Frameworks */,
				2157B23F24D15CA300136EFB /* Common.framework in Frameworks */,
				21305CAC247A895C00F2D76A /* Favorites.framework in Frameworks */,
			);
			runOnlyForDeploymentPostprocessing = 0;
		};
		216AF3932472358E00B7C55B /* Frameworks */ = {
			isa = PBXFrameworksBuildPhase;
			buildActionMask = 2147483647;
			files = (
			);
			runOnlyForDeploymentPostprocessing = 0;
		};
/* End PBXFrameworksBuildPhase section */

/* Begin PBXGroup section */
		212FE3A724B446AC00985DEA /* SnapshotUITests */ = {
			isa = PBXGroup;
			children = (
				212864F524AEBF5400E79296 /* SnapshotHelper.swift */,
				212FE3A824B446AC00985DEA /* SnapshotUITests.swift */,
				212FE3AA24B446AC00985DEA /* Info.plist */,
			);
			path = SnapshotUITests;
			sourceTree = "<group>";
		};
		21305BFE247A803200F2D76A /* Song */ = {
			isa = PBXGroup;
			children = (
				21305BFF247A803200F2D76A /* Song.h */,
				21C88D21247681D5001E376A /* Logic.swift */,
				21305C00247A803200F2D76A /* Info.plist */,
				21D8BDED24D3E4DA00549D29 /* Views.swift */,
			);
			path = Song;
			sourceTree = "<group>";
		};
		21305C0B247A803200F2D76A /* SongTests */ = {
			isa = PBXGroup;
			children = (
				21305C0C247A803200F2D76A /* SongTests.swift */,
				21305C0E247A803200F2D76A /* Info.plist */,
			);
			path = SongTests;
			sourceTree = "<group>";
		};
		21305C1D247A80F000F2D76A /* Frameworks */ = {
			isa = PBXGroup;
			children = (
			);
			name = Frameworks;
			sourceTree = "<group>";
		};
		21305C28247A863F00F2D76A /* Networking */ = {
			isa = PBXGroup;
			children = (
				21B130E2247235DF005941E9 /* gRPC */,
				21305C29247A863F00F2D76A /* Networking.h */,
				21305C2A247A863F00F2D76A /* Info.plist */,
				21D6FA9224CEAC1000B56C42 /* LaguSionClient.swift */,
			);
			path = Networking;
			sourceTree = "<group>";
		};
		21305C75247A885500F2D76A /* Main */ = {
			isa = PBXGroup;
			children = (
				21B130ED247235DF005941E9 /* Logic.swift */,
				21305C76247A885500F2D76A /* Main.h */,
				21305C77247A885500F2D76A /* Info.plist */,
				21D8BDEA24D3E39B00549D29 /* Views.swift */,
			);
			path = Main;
			sourceTree = "<group>";
		};
		21305C82247A885600F2D76A /* MainTests */ = {
			isa = PBXGroup;
			children = (
				21305C85247A885600F2D76A /* Info.plist */,
				21A4A09524CFCB0B002C574D /* SearchFieldTest.swift */,
				21A4A09724CFCBED002C574D /* GetSongsTest.swift */,
				21A4A09924CFCC1D002C574D /* SongBookSelectionTest.swift */,
				21A4A09D24CFCC5C002C574D /* SortOptionSelectionTest.swift */,
			);
			path = MainTests;
			sourceTree = "<group>";
		};
		21305C98247A895C00F2D76A /* Favorites */ = {
			isa = PBXGroup;
			children = (
				21C88D2324768A08001E376A /* Logic.swift */,
				21305C99247A895C00F2D76A /* Favorites.h */,
				21305C9A247A895C00F2D76A /* Info.plist */,
				21D8BDEF24D3E53A00549D29 /* Views.swift */,
			);
			path = Favorites;
			sourceTree = "<group>";
		};
		21305CA5247A895C00F2D76A /* FavoritesTests */ = {
			isa = PBXGroup;
			children = (
				21305CA6247A895C00F2D76A /* FavoritesTests.swift */,
				21305CA8247A895C00F2D76A /* Info.plist */,
			);
			path = FavoritesTests;
			sourceTree = "<group>";
		};
		2157B23924D15CA300136EFB /* Common */ = {
			isa = PBXGroup;
			children = (
				21D6FA8E24CE643400B56C42 /* DismissingKeyboardOnSwipe.swift */,
				215C185524A9D7EB0041435A /* SearchField.swift */,
				21B130E0247235DF005941E9 /* Publisher+Extension.swift */,
				21D82AC7247A72FF00F6B69F /* Unwrap.swift */,
				2157B23A24D15CA300136EFB /* Common.h */,
				2157B23B24D15CA300136EFB /* Info.plist */,
			);
			path = Common;
			sourceTree = "<group>";
		};
		216AF3742472358C00B7C55B = {
			isa = PBXGroup;
			children = (
				216AF37F2472358C00B7C55B /* LaguSion */,
				216AF3992472358E00B7C55B /* LaguSionTests */,
				21305BFE247A803200F2D76A /* Song */,
				21305C0B247A803200F2D76A /* SongTests */,
				21305C28247A863F00F2D76A /* Networking */,
				21305C75247A885500F2D76A /* Main */,
				21305C82247A885600F2D76A /* MainTests */,
				21305C98247A895C00F2D76A /* Favorites */,
				21305CA5247A895C00F2D76A /* FavoritesTests */,
				212FE3A724B446AC00985DEA /* SnapshotUITests */,
				2157B23924D15CA300136EFB /* Common */,
				216AF37E2472358C00B7C55B /* Products */,
				21305C1D247A80F000F2D76A /* Frameworks */,
			);
			sourceTree = "<group>";
		};
		216AF37E2472358C00B7C55B /* Products */ = {
			isa = PBXGroup;
			children = (
				216AF37D2472358C00B7C55B /* LaguSion.app */,
				216AF3962472358E00B7C55B /* LaguSionTests.xctest */,
				21305BFD247A803200F2D76A /* Song.framework */,
				21305C05247A803200F2D76A /* SongTests.xctest */,
				21305C27247A863F00F2D76A /* Networking.framework */,
				21305C74247A885500F2D76A /* Main.framework */,
				21305C7C247A885600F2D76A /* MainTests.xctest */,
				21305C97247A895C00F2D76A /* Favorites.framework */,
				21305C9F247A895C00F2D76A /* FavoritesTests.xctest */,
				212FE3A624B446AC00985DEA /* SnapshotUITests.xctest */,
				2157B23824D15CA300136EFB /* Common.framework */,
			);
			name = Products;
			sourceTree = "<group>";
		};
		216AF37F2472358C00B7C55B /* LaguSion */ = {
			isa = PBXGroup;
			children = (
				21E2634324C6E05B00C37AB5 /* Constants.swift */,
				21B130E9247235DF005941E9 /* RootView.swift */,
				216AF3802472358C00B7C55B /* AppDelegate.swift */,
				216AF3822472358C00B7C55B /* SceneDelegate.swift */,
				216AF3892472358E00B7C55B /* Assets.xcassets */,
				216AF38E2472358E00B7C55B /* LaunchScreen.storyboard */,
				216AF3912472358E00B7C55B /* Info.plist */,
				216AF3842472358C00B7C55B /* LaguSion.xcdatamodeld */,
				216AF38B2472358E00B7C55B /* Preview Content */,
				21D6FA9024CEAA3000B56C42 /* Core.swift */,
				21D8BDF124D3E5B200549D29 /* Views.swift */,
			);
			path = LaguSion;
			sourceTree = "<group>";
		};
		216AF38B2472358E00B7C55B /* Preview Content */ = {
			isa = PBXGroup;
			children = (
				216AF38C2472358E00B7C55B /* Preview Assets.xcassets */,
			);
			path = "Preview Content";
			sourceTree = "<group>";
		};
		216AF3992472358E00B7C55B /* LaguSionTests */ = {
			isa = PBXGroup;
			children = (
				216AF39A2472358E00B7C55B /* LaguSionTests.swift */,
				216AF39C2472358E00B7C55B /* Info.plist */,
			);
			path = LaguSionTests;
			sourceTree = "<group>";
		};
		21B130E2247235DF005941E9 /* gRPC */ = {
			isa = PBXGroup;
			children = (
				21BBA96E24C8172300CE3F2E /* Generated */,
			);
			path = gRPC;
			sourceTree = "<group>";
		};
		21BBA96E24C8172300CE3F2E /* Generated */ = {
			isa = PBXGroup;
			children = (
				21BBA97124C8189700CE3F2E /* echo_service.grpc.swift */,
				21BBA97224C8189700CE3F2E /* echo_service.pb.swift */,
				21BBA96F24C8189700CE3F2E /* lagu_sion.grpc.swift */,
				21BBA97024C8189700CE3F2E /* lagu_sion.pb.swift */,
			);
			path = Generated;
			sourceTree = "<group>";
		};
/* End PBXGroup section */

/* Begin PBXHeadersBuildPhase section */
		21305BF8247A803200F2D76A /* Headers */ = {
			isa = PBXHeadersBuildPhase;
			buildActionMask = 2147483647;
			files = (
				21305C0F247A803200F2D76A /* Song.h in Headers */,
			);
			runOnlyForDeploymentPostprocessing = 0;
		};
		21305C22247A863F00F2D76A /* Headers */ = {
			isa = PBXHeadersBuildPhase;
			buildActionMask = 2147483647;
			files = (
				21305C39247A863F00F2D76A /* Networking.h in Headers */,
			);
			runOnlyForDeploymentPostprocessing = 0;
		};
		21305C6F247A885500F2D76A /* Headers */ = {
			isa = PBXHeadersBuildPhase;
			buildActionMask = 2147483647;
			files = (
				21305C86247A885600F2D76A /* Main.h in Headers */,
			);
			runOnlyForDeploymentPostprocessing = 0;
		};
		21305C92247A895C00F2D76A /* Headers */ = {
			isa = PBXHeadersBuildPhase;
			buildActionMask = 2147483647;
			files = (
				21305CA9247A895C00F2D76A /* Favorites.h in Headers */,
			);
			runOnlyForDeploymentPostprocessing = 0;
		};
		2157B23324D15CA300136EFB /* Headers */ = {
			isa = PBXHeadersBuildPhase;
			buildActionMask = 2147483647;
			files = (
				2157B23C24D15CA300136EFB /* Common.h in Headers */,
			);
			runOnlyForDeploymentPostprocessing = 0;
		};
/* End PBXHeadersBuildPhase section */

/* Begin PBXNativeTarget section */
		212FE3A524B446AC00985DEA /* SnapshotUITests */ = {
			isa = PBXNativeTarget;
			buildConfigurationList = 212FE3AF24B446AC00985DEA /* Build configuration list for PBXNativeTarget "SnapshotUITests" */;
			buildPhases = (
				212FE3A224B446AC00985DEA /* Sources */,
				212FE3A324B446AC00985DEA /* Frameworks */,
				212FE3A424B446AC00985DEA /* Resources */,
			);
			buildRules = (
			);
			dependencies = (
				212FE3AC24B446AC00985DEA /* PBXTargetDependency */,
			);
			name = SnapshotUITests;
			productName = SnapshotUITests;
			productReference = 212FE3A624B446AC00985DEA /* SnapshotUITests.xctest */;
			productType = "com.apple.product-type.bundle.ui-testing";
		};
		21305BFC247A803200F2D76A /* Song */ = {
			isa = PBXNativeTarget;
			buildConfigurationList = 21305C19247A803200F2D76A /* Build configuration list for PBXNativeTarget "Song" */;
			buildPhases = (
				21305BF8247A803200F2D76A /* Headers */,
				21305BF9247A803200F2D76A /* Sources */,
				21305BFA247A803200F2D76A /* Frameworks */,
				21305BFB247A803200F2D76A /* Resources */,
				214EF71E24C84743008677C1 /* Embed Frameworks */,
			);
			buildRules = (
			);
			dependencies = (
				214EF71D24C84743008677C1 /* PBXTargetDependency */,
				2157B25324D15D1B00136EFB /* PBXTargetDependency */,
			);
			name = Song;
			productName = Song;
			productReference = 21305BFD247A803200F2D76A /* Song.framework */;
			productType = "com.apple.product-type.framework";
		};
		21305C04247A803200F2D76A /* SongTests */ = {
			isa = PBXNativeTarget;
			buildConfigurationList = 21305C1A247A803200F2D76A /* Build configuration list for PBXNativeTarget "SongTests" */;
			buildPhases = (
				21305C01247A803200F2D76A /* Sources */,
				21305C02247A803200F2D76A /* Frameworks */,
				21305C03247A803200F2D76A /* Resources */,
			);
			buildRules = (
			);
			dependencies = (
				21305C08247A803200F2D76A /* PBXTargetDependency */,
				21305C0A247A803200F2D76A /* PBXTargetDependency */,
			);
			name = SongTests;
			productName = SongTests;
			productReference = 21305C05247A803200F2D76A /* SongTests.xctest */;
			productType = "com.apple.product-type.bundle.unit-test";
		};
		21305C26247A863F00F2D76A /* Networking */ = {
			isa = PBXNativeTarget;
			buildConfigurationList = 21305C3E247A863F00F2D76A /* Build configuration list for PBXNativeTarget "Networking" */;
			buildPhases = (
				21305C22247A863F00F2D76A /* Headers */,
				21305C23247A863F00F2D76A /* Sources */,
				21305C24247A863F00F2D76A /* Frameworks */,
				21305C25247A863F00F2D76A /* Resources */,
				2157B24F24D15CFA00136EFB /* Embed Frameworks */,
			);
			buildRules = (
			);
			dependencies = (
				2157B24E24D15CFA00136EFB /* PBXTargetDependency */,
			);
			name = Networking;
			productName = Networking;
			productReference = 21305C27247A863F00F2D76A /* Networking.framework */;
			productType = "com.apple.product-type.framework";
		};
		21305C73247A885500F2D76A /* Main */ = {
			isa = PBXNativeTarget;
			buildConfigurationList = 21305C8B247A885600F2D76A /* Build configuration list for PBXNativeTarget "Main" */;
			buildPhases = (
				21305C6F247A885500F2D76A /* Headers */,
				21305C70247A885500F2D76A /* Sources */,
				21305C71247A885500F2D76A /* Frameworks */,
				21305C72247A885500F2D76A /* Resources */,
				21E2634924C6E56500C37AB5 /* Embed Frameworks */,
			);
			buildRules = (
			);
			dependencies = (
				21305CBD247A8B3D00F2D76A /* PBXTargetDependency */,
				2157B21A24D12A9000136EFB /* PBXTargetDependency */,
			);
			name = Main;
			productName = Main;
			productReference = 21305C74247A885500F2D76A /* Main.framework */;
			productType = "com.apple.product-type.framework";
		};
		21305C7B247A885600F2D76A /* MainTests */ = {
			isa = PBXNativeTarget;
			buildConfigurationList = 21305C8E247A885600F2D76A /* Build configuration list for PBXNativeTarget "MainTests" */;
			buildPhases = (
				21305C78247A885600F2D76A /* Sources */,
				21305C79247A885600F2D76A /* Frameworks */,
				21305C7A247A885600F2D76A /* Resources */,
			);
			buildRules = (
			);
			dependencies = (
				21305C7F247A885600F2D76A /* PBXTargetDependency */,
				21305C81247A885600F2D76A /* PBXTargetDependency */,
			);
			name = MainTests;
			productName = MainTests;
			productReference = 21305C7C247A885600F2D76A /* MainTests.xctest */;
			productType = "com.apple.product-type.bundle.unit-test";
		};
		21305C96247A895C00F2D76A /* Favorites */ = {
			isa = PBXNativeTarget;
			buildConfigurationList = 21305CAE247A895C00F2D76A /* Build configuration list for PBXNativeTarget "Favorites" */;
			buildPhases = (
				21305C92247A895C00F2D76A /* Headers */,
				21305C93247A895C00F2D76A /* Sources */,
				21305C94247A895C00F2D76A /* Frameworks */,
				21305C95247A895C00F2D76A /* Resources */,
				21D4B97424CFF6CD0089C34E /* Embed Frameworks */,
			);
			buildRules = (
			);
			dependencies = (
				21305CB8247A8AEF00F2D76A /* PBXTargetDependency */,
				2157B25724D15D3200136EFB /* PBXTargetDependency */,
			);
			name = Favorites;
			productName = Favorites;
			productReference = 21305C97247A895C00F2D76A /* Favorites.framework */;
			productType = "com.apple.product-type.framework";
		};
		21305C9E247A895C00F2D76A /* FavoritesTests */ = {
			isa = PBXNativeTarget;
			buildConfigurationList = 21305CB1247A895C00F2D76A /* Build configuration list for PBXNativeTarget "FavoritesTests" */;
			buildPhases = (
				21305C9B247A895C00F2D76A /* Sources */,
				21305C9C247A895C00F2D76A /* Frameworks */,
				21305C9D247A895C00F2D76A /* Resources */,
			);
			buildRules = (
			);
			dependencies = (
				21305CA2247A895C00F2D76A /* PBXTargetDependency */,
				21305CA4247A895C00F2D76A /* PBXTargetDependency */,
			);
			name = FavoritesTests;
			productName = FavoritesTests;
			productReference = 21305C9F247A895C00F2D76A /* FavoritesTests.xctest */;
			productType = "com.apple.product-type.bundle.unit-test";
		};
		2157B23724D15CA300136EFB /* Common */ = {
			isa = PBXNativeTarget;
			buildConfigurationList = 2157B24324D15CA300136EFB /* Build configuration list for PBXNativeTarget "Common" */;
			buildPhases = (
				2157B23324D15CA300136EFB /* Headers */,
				2157B23424D15CA300136EFB /* Sources */,
				2157B23524D15CA300136EFB /* Frameworks */,
				2157B23624D15CA300136EFB /* Resources */,
			);
			buildRules = (
			);
			dependencies = (
			);
			name = Common;
			packageProductDependencies = (
				2157B24424D15CB000136EFB /* ComposableArchitecture */,
				2157B24624D15CB400136EFB /* CombineGRPC */,
			);
			productName = Common;
			productReference = 2157B23824D15CA300136EFB /* Common.framework */;
			productType = "com.apple.product-type.framework";
		};
		216AF37C2472358C00B7C55B /* LaguSion */ = {
			isa = PBXNativeTarget;
			buildConfigurationList = 216AF39F2472358E00B7C55B /* Build configuration list for PBXNativeTarget "LaguSion" */;
			buildPhases = (
				216AF3792472358C00B7C55B /* Sources */,
				216AF37A2472358C00B7C55B /* Frameworks */,
				216AF37B2472358C00B7C55B /* Resources */,
				21305C14247A803200F2D76A /* Embed Frameworks */,
			);
			buildRules = (
			);
			dependencies = (
				21305C88247A885600F2D76A /* PBXTargetDependency */,
				21305CAB247A895C00F2D76A /* PBXTargetDependency */,
				2157B21224D12A3700136EFB /* PBXTargetDependency */,
				2157B21624D12A6400136EFB /* PBXTargetDependency */,
				2157B23E24D15CA300136EFB /* PBXTargetDependency */,
			);
			name = LaguSion;
			productName = LaguSion;
			productReference = 216AF37D2472358C00B7C55B /* LaguSion.app */;
			productType = "com.apple.product-type.application";
		};
		216AF3952472358E00B7C55B /* LaguSionTests */ = {
			isa = PBXNativeTarget;
			buildConfigurationList = 216AF3A22472358E00B7C55B /* Build configuration list for PBXNativeTarget "LaguSionTests" */;
			buildPhases = (
				216AF3922472358E00B7C55B /* Sources */,
				216AF3932472358E00B7C55B /* Frameworks */,
				216AF3942472358E00B7C55B /* Resources */,
			);
			buildRules = (
			);
			dependencies = (
				216AF3982472358E00B7C55B /* PBXTargetDependency */,
			);
			name = LaguSionTests;
			productName = LaguSionTests;
			productReference = 216AF3962472358E00B7C55B /* LaguSionTests.xctest */;
			productType = "com.apple.product-type.bundle.unit-test";
		};
/* End PBXNativeTarget section */

/* Begin PBXProject section */
		216AF3752472358C00B7C55B /* Project object */ = {
			isa = PBXProject;
			attributes = {
				LastSwiftUpdateCheck = 1150;
				LastUpgradeCheck = 1140;
				ORGANIZATIONNAME = "Abram Situmorang";
				TargetAttributes = {
					212FE3A524B446AC00985DEA = {
						CreatedOnToolsVersion = 11.5;
						ProvisioningStyle = Manual;
						TestTargetID = 216AF37C2472358C00B7C55B;
					};
					21305BFC247A803200F2D76A = {
						CreatedOnToolsVersion = 11.5;
						ProvisioningStyle = Manual;
					};
					21305C04247A803200F2D76A = {
						CreatedOnToolsVersion = 11.5;
						ProvisioningStyle = Manual;
						TestTargetID = 216AF37C2472358C00B7C55B;
					};
					21305C26247A863F00F2D76A = {
						CreatedOnToolsVersion = 11.5;
						ProvisioningStyle = Manual;
					};
					21305C73247A885500F2D76A = {
						CreatedOnToolsVersion = 11.5;
						ProvisioningStyle = Manual;
					};
					21305C7B247A885600F2D76A = {
						CreatedOnToolsVersion = 11.5;
						ProvisioningStyle = Manual;
						TestTargetID = 216AF37C2472358C00B7C55B;
					};
					21305C96247A895C00F2D76A = {
						CreatedOnToolsVersion = 11.5;
						ProvisioningStyle = Manual;
					};
					21305C9E247A895C00F2D76A = {
						CreatedOnToolsVersion = 11.5;
						ProvisioningStyle = Manual;
						TestTargetID = 216AF37C2472358C00B7C55B;
					};
					2157B23724D15CA300136EFB = {
						CreatedOnToolsVersion = 11.6;
						ProvisioningStyle = Manual;
					};
					216AF37C2472358C00B7C55B = {
						CreatedOnToolsVersion = 11.4.1;
						ProvisioningStyle = Manual;
					};
					216AF3952472358E00B7C55B = {
						CreatedOnToolsVersion = 11.4.1;
						ProvisioningStyle = Manual;
						TestTargetID = 216AF37C2472358C00B7C55B;
					};
				};
			};
			buildConfigurationList = 216AF3782472358C00B7C55B /* Build configuration list for PBXProject "LaguSion" */;
			compatibilityVersion = "Xcode 9.3";
			developmentRegion = en;
			hasScannedForEncodings = 0;
			knownRegions = (
				en,
				Base,
			);
			mainGroup = 216AF3742472358C00B7C55B;
			packageReferences = (
				21B130F92472365F005941E9 /* XCRemoteSwiftPackageReference "swift-composable-architecture" */,
				214EF69924C82785008677C1 /* XCRemoteSwiftPackageReference "grpc-swift-combine" */,
			);
			productRefGroup = 216AF37E2472358C00B7C55B /* Products */;
			projectDirPath = "";
			projectRoot = "";
			targets = (
				216AF37C2472358C00B7C55B /* LaguSion */,
				216AF3952472358E00B7C55B /* LaguSionTests */,
				21305BFC247A803200F2D76A /* Song */,
				21305C04247A803200F2D76A /* SongTests */,
				21305C26247A863F00F2D76A /* Networking */,
				21305C73247A885500F2D76A /* Main */,
				21305C7B247A885600F2D76A /* MainTests */,
				21305C96247A895C00F2D76A /* Favorites */,
				21305C9E247A895C00F2D76A /* FavoritesTests */,
				212FE3A524B446AC00985DEA /* SnapshotUITests */,
				2157B23724D15CA300136EFB /* Common */,
			);
		};
/* End PBXProject section */

/* Begin PBXResourcesBuildPhase section */
		212FE3A424B446AC00985DEA /* Resources */ = {
			isa = PBXResourcesBuildPhase;
			buildActionMask = 2147483647;
			files = (
			);
			runOnlyForDeploymentPostprocessing = 0;
		};
		21305BFB247A803200F2D76A /* Resources */ = {
			isa = PBXResourcesBuildPhase;
			buildActionMask = 2147483647;
			files = (
			);
			runOnlyForDeploymentPostprocessing = 0;
		};
		21305C03247A803200F2D76A /* Resources */ = {
			isa = PBXResourcesBuildPhase;
			buildActionMask = 2147483647;
			files = (
			);
			runOnlyForDeploymentPostprocessing = 0;
		};
		21305C25247A863F00F2D76A /* Resources */ = {
			isa = PBXResourcesBuildPhase;
			buildActionMask = 2147483647;
			files = (
			);
			runOnlyForDeploymentPostprocessing = 0;
		};
		21305C72247A885500F2D76A /* Resources */ = {
			isa = PBXResourcesBuildPhase;
			buildActionMask = 2147483647;
			files = (
			);
			runOnlyForDeploymentPostprocessing = 0;
		};
		21305C7A247A885600F2D76A /* Resources */ = {
			isa = PBXResourcesBuildPhase;
			buildActionMask = 2147483647;
			files = (
			);
			runOnlyForDeploymentPostprocessing = 0;
		};
		21305C95247A895C00F2D76A /* Resources */ = {
			isa = PBXResourcesBuildPhase;
			buildActionMask = 2147483647;
			files = (
			);
			runOnlyForDeploymentPostprocessing = 0;
		};
		21305C9D247A895C00F2D76A /* Resources */ = {
			isa = PBXResourcesBuildPhase;
			buildActionMask = 2147483647;
			files = (
			);
			runOnlyForDeploymentPostprocessing = 0;
		};
		2157B23624D15CA300136EFB /* Resources */ = {
			isa = PBXResourcesBuildPhase;
			buildActionMask = 2147483647;
			files = (
			);
			runOnlyForDeploymentPostprocessing = 0;
		};
		216AF37B2472358C00B7C55B /* Resources */ = {
			isa = PBXResourcesBuildPhase;
			buildActionMask = 2147483647;
			files = (
				216AF3902472358E00B7C55B /* LaunchScreen.storyboard in Resources */,
				216AF38D2472358E00B7C55B /* Preview Assets.xcassets in Resources */,
				216AF38A2472358E00B7C55B /* Assets.xcassets in Resources */,
			);
			runOnlyForDeploymentPostprocessing = 0;
		};
		216AF3942472358E00B7C55B /* Resources */ = {
			isa = PBXResourcesBuildPhase;
			buildActionMask = 2147483647;
			files = (
			);
			runOnlyForDeploymentPostprocessing = 0;
		};
/* End PBXResourcesBuildPhase section */

/* Begin PBXSourcesBuildPhase section */
		212FE3A224B446AC00985DEA /* Sources */ = {
			isa = PBXSourcesBuildPhase;
			buildActionMask = 2147483647;
			files = (
				212FE3A924B446AC00985DEA /* SnapshotUITests.swift in Sources */,
				212FE3B024B446B900985DEA /* SnapshotHelper.swift in Sources */,
			);
			runOnlyForDeploymentPostprocessing = 0;
		};
		21305BF9247A803200F2D76A /* Sources */ = {
			isa = PBXSourcesBuildPhase;
			buildActionMask = 2147483647;
			files = (
				21D8BDEE24D3E4DA00549D29 /* Views.swift in Sources */,
				21305C1B247A806900F2D76A /* Logic.swift in Sources */,
			);
			runOnlyForDeploymentPostprocessing = 0;
		};
		21305C01247A803200F2D76A /* Sources */ = {
			isa = PBXSourcesBuildPhase;
			buildActionMask = 2147483647;
			files = (
				21305C0D247A803200F2D76A /* SongTests.swift in Sources */,
			);
			runOnlyForDeploymentPostprocessing = 0;
		};
		21305C23247A863F00F2D76A /* Sources */ = {
			isa = PBXSourcesBuildPhase;
			buildActionMask = 2147483647;
			files = (
				21BBA97624C8189700CE3F2E /* echo_service.pb.swift in Sources */,
				21BBA97324C8189700CE3F2E /* lagu_sion.grpc.swift in Sources */,
				21BBA97524C8189700CE3F2E /* echo_service.grpc.swift in Sources */,
				21D6FA9324CEAC1000B56C42 /* LaguSionClient.swift in Sources */,
				21BBA97424C8189700CE3F2E /* lagu_sion.pb.swift in Sources */,
			);
			runOnlyForDeploymentPostprocessing = 0;
		};
		21305C70247A885500F2D76A /* Sources */ = {
			isa = PBXSourcesBuildPhase;
			buildActionMask = 2147483647;
			files = (
				21D8BDEB24D3E39B00549D29 /* Views.swift in Sources */,
				21305C91247A885C00F2D76A /* Logic.swift in Sources */,
			);
			runOnlyForDeploymentPostprocessing = 0;
		};
		21305C78247A885600F2D76A /* Sources */ = {
			isa = PBXSourcesBuildPhase;
			buildActionMask = 2147483647;
			files = (
				21A4A09824CFCBED002C574D /* GetSongsTest.swift in Sources */,
				21A4A09A24CFCC1D002C574D /* SongBookSelectionTest.swift in Sources */,
				21A4A09624CFCB0B002C574D /* SearchFieldTest.swift in Sources */,
				21A4A09E24CFCC5C002C574D /* SortOptionSelectionTest.swift in Sources */,
			);
			runOnlyForDeploymentPostprocessing = 0;
		};
		21305C93247A895C00F2D76A /* Sources */ = {
			isa = PBXSourcesBuildPhase;
			buildActionMask = 2147483647;
			files = (
				21D8BDF024D3E53A00549D29 /* Views.swift in Sources */,
				21305CB4247A898C00F2D76A /* Logic.swift in Sources */,
			);
			runOnlyForDeploymentPostprocessing = 0;
		};
		21305C9B247A895C00F2D76A /* Sources */ = {
			isa = PBXSourcesBuildPhase;
			buildActionMask = 2147483647;
			files = (
				21305CA7247A895C00F2D76A /* FavoritesTests.swift in Sources */,
			);
			runOnlyForDeploymentPostprocessing = 0;
		};
		2157B23424D15CA300136EFB /* Sources */ = {
			isa = PBXSourcesBuildPhase;
			buildActionMask = 2147483647;
			files = (
				21D8BDEC24D3E47D00549D29 /* Unwrap.swift in Sources */,
				2157B24924D15CC000136EFB /* Publisher+Extension.swift in Sources */,
				2157B24824D15CC000136EFB /* SearchField.swift in Sources */,
				2157B24A24D15CC000136EFB /* DismissingKeyboardOnSwipe.swift in Sources */,
			);
			runOnlyForDeploymentPostprocessing = 0;
		};
		216AF3792472358C00B7C55B /* Sources */ = {
			isa = PBXSourcesBuildPhase;
			buildActionMask = 2147483647;
			files = (
				21D6FA9124CEAA3000B56C42 /* Core.swift in Sources */,
				2165AEA824C6F10500AA3665 /* Constants.swift in Sources */,
				216AF3862472358C00B7C55B /* LaguSion.xcdatamodeld in Sources */,
				21D8BDF224D3E5B200549D29 /* Views.swift in Sources */,
				216AF3812472358C00B7C55B /* AppDelegate.swift in Sources */,
				21B130F3247235E0005941E9 /* RootView.swift in Sources */,
				216AF3832472358C00B7C55B /* SceneDelegate.swift in Sources */,
			);
			runOnlyForDeploymentPostprocessing = 0;
		};
		216AF3922472358E00B7C55B /* Sources */ = {
			isa = PBXSourcesBuildPhase;
			buildActionMask = 2147483647;
			files = (
				216AF39B2472358E00B7C55B /* LaguSionTests.swift in Sources */,
			);
			runOnlyForDeploymentPostprocessing = 0;
		};
/* End PBXSourcesBuildPhase section */

/* Begin PBXTargetDependency section */
		212FE3AC24B446AC00985DEA /* PBXTargetDependency */ = {
			isa = PBXTargetDependency;
			target = 216AF37C2472358C00B7C55B /* LaguSion */;
			targetProxy = 212FE3AB24B446AC00985DEA /* PBXContainerItemProxy */;
		};
		21305C08247A803200F2D76A /* PBXTargetDependency */ = {
			isa = PBXTargetDependency;
			target = 21305BFC247A803200F2D76A /* Song */;
			targetProxy = 21305C07247A803200F2D76A /* PBXContainerItemProxy */;
		};
		21305C0A247A803200F2D76A /* PBXTargetDependency */ = {
			isa = PBXTargetDependency;
			target = 216AF37C2472358C00B7C55B /* LaguSion */;
			targetProxy = 21305C09247A803200F2D76A /* PBXContainerItemProxy */;
		};
		21305C7F247A885600F2D76A /* PBXTargetDependency */ = {
			isa = PBXTargetDependency;
			target = 21305C73247A885500F2D76A /* Main */;
			targetProxy = 21305C7E247A885600F2D76A /* PBXContainerItemProxy */;
		};
		21305C81247A885600F2D76A /* PBXTargetDependency */ = {
			isa = PBXTargetDependency;
			target = 216AF37C2472358C00B7C55B /* LaguSion */;
			targetProxy = 21305C80247A885600F2D76A /* PBXContainerItemProxy */;
		};
		21305C88247A885600F2D76A /* PBXTargetDependency */ = {
			isa = PBXTargetDependency;
			target = 21305C73247A885500F2D76A /* Main */;
			targetProxy = 21305C87247A885600F2D76A /* PBXContainerItemProxy */;
		};
		21305CA2247A895C00F2D76A /* PBXTargetDependency */ = {
			isa = PBXTargetDependency;
			target = 21305C96247A895C00F2D76A /* Favorites */;
			targetProxy = 21305CA1247A895C00F2D76A /* PBXContainerItemProxy */;
		};
		21305CA4247A895C00F2D76A /* PBXTargetDependency */ = {
			isa = PBXTargetDependency;
			target = 216AF37C2472358C00B7C55B /* LaguSion */;
			targetProxy = 21305CA3247A895C00F2D76A /* PBXContainerItemProxy */;
		};
		21305CAB247A895C00F2D76A /* PBXTargetDependency */ = {
			isa = PBXTargetDependency;
			target = 21305C96247A895C00F2D76A /* Favorites */;
			targetProxy = 21305CAA247A895C00F2D76A /* PBXContainerItemProxy */;
		};
		21305CB8247A8AEF00F2D76A /* PBXTargetDependency */ = {
			isa = PBXTargetDependency;
			target = 21305BFC247A803200F2D76A /* Song */;
			targetProxy = 21305CB7247A8AEF00F2D76A /* PBXContainerItemProxy */;
		};
		21305CBD247A8B3D00F2D76A /* PBXTargetDependency */ = {
			isa = PBXTargetDependency;
			target = 21305BFC247A803200F2D76A /* Song */;
			targetProxy = 21305CBC247A8B3D00F2D76A /* PBXContainerItemProxy */;
		};
		214EF71D24C84743008677C1 /* PBXTargetDependency */ = {
			isa = PBXTargetDependency;
			target = 21305C26247A863F00F2D76A /* Networking */;
			targetProxy = 214EF71C24C84743008677C1 /* PBXContainerItemProxy */;
		};
		2157B21224D12A3700136EFB /* PBXTargetDependency */ = {
			isa = PBXTargetDependency;
			target = 21305C26247A863F00F2D76A /* Networking */;
			targetProxy = 2157B21124D12A3700136EFB /* PBXContainerItemProxy */;
		};
		2157B21624D12A6400136EFB /* PBXTargetDependency */ = {
			isa = PBXTargetDependency;
			target = 21305BFC247A803200F2D76A /* Song */;
			targetProxy = 2157B21524D12A6400136EFB /* PBXContainerItemProxy */;
		};
		2157B21A24D12A9000136EFB /* PBXTargetDependency */ = {
			isa = PBXTargetDependency;
			target = 21305C26247A863F00F2D76A /* Networking */;
			targetProxy = 2157B21924D12A9000136EFB /* PBXContainerItemProxy */;
		};
		2157B23E24D15CA300136EFB /* PBXTargetDependency */ = {
			isa = PBXTargetDependency;
			target = 2157B23724D15CA300136EFB /* Common */;
			targetProxy = 2157B23D24D15CA300136EFB /* PBXContainerItemProxy */;
		};
		2157B24E24D15CFA00136EFB /* PBXTargetDependency */ = {
			isa = PBXTargetDependency;
			target = 2157B23724D15CA300136EFB /* Common */;
			targetProxy = 2157B24D24D15CFA00136EFB /* PBXContainerItemProxy */;
		};
		2157B25324D15D1B00136EFB /* PBXTargetDependency */ = {
			isa = PBXTargetDependency;
			target = 2157B23724D15CA300136EFB /* Common */;
			targetProxy = 2157B25224D15D1B00136EFB /* PBXContainerItemProxy */;
		};
		2157B25724D15D3200136EFB /* PBXTargetDependency */ = {
			isa = PBXTargetDependency;
			target = 2157B23724D15CA300136EFB /* Common */;
			targetProxy = 2157B25624D15D3200136EFB /* PBXContainerItemProxy */;
		};
		216AF3982472358E00B7C55B /* PBXTargetDependency */ = {
			isa = PBXTargetDependency;
			target = 216AF37C2472358C00B7C55B /* LaguSion */;
			targetProxy = 216AF3972472358E00B7C55B /* PBXContainerItemProxy */;
		};
/* End PBXTargetDependency section */

/* Begin PBXVariantGroup section */
		216AF38E2472358E00B7C55B /* LaunchScreen.storyboard */ = {
			isa = PBXVariantGroup;
			children = (
				216AF38F2472358E00B7C55B /* Base */,
			);
			name = LaunchScreen.storyboard;
			sourceTree = "<group>";
		};
/* End PBXVariantGroup section */

/* Begin XCBuildConfiguration section */
		212FE3AD24B446AC00985DEA /* Debug */ = {
			isa = XCBuildConfiguration;
			buildSettings = {
				CODE_SIGN_STYLE = Manual;
				DEVELOPMENT_TEAM = H8S6N7BJTQ;
				INFOPLIST_FILE = SnapshotUITests/Info.plist;
				IPHONEOS_DEPLOYMENT_TARGET = 13.5;
				LD_RUNPATH_SEARCH_PATHS = (
					"$(inherited)",
					"@executable_path/Frameworks",
					"@loader_path/Frameworks",
				);
				PRODUCT_BUNDLE_IDENTIFIER = id.abram.ios.LaguSion.SnapshotUITests;
				PRODUCT_NAME = "$(TARGET_NAME)";
				SWIFT_VERSION = 5.0;
				TARGETED_DEVICE_FAMILY = "1,2";
				TEST_TARGET_NAME = LaguSion;
			};
			name = Debug;
		};
		212FE3AE24B446AC00985DEA /* Release */ = {
			isa = XCBuildConfiguration;
			buildSettings = {
				CODE_SIGN_STYLE = Manual;
				DEVELOPMENT_TEAM = H8S6N7BJTQ;
				INFOPLIST_FILE = SnapshotUITests/Info.plist;
				IPHONEOS_DEPLOYMENT_TARGET = 13.5;
				LD_RUNPATH_SEARCH_PATHS = (
					"$(inherited)",
					"@executable_path/Frameworks",
					"@loader_path/Frameworks",
				);
				PRODUCT_BUNDLE_IDENTIFIER = id.abram.ios.LaguSion.SnapshotUITests;
				PRODUCT_NAME = "$(TARGET_NAME)";
				SWIFT_VERSION = 5.0;
				TARGETED_DEVICE_FAMILY = "1,2";
				TEST_TARGET_NAME = LaguSion;
			};
			name = Release;
		};
		21305C15247A803200F2D76A /* Debug */ = {
			isa = XCBuildConfiguration;
			buildSettings = {
				CODE_SIGN_IDENTITY = "Apple Development";
				CODE_SIGN_STYLE = Manual;
				CURRENT_PROJECT_VERSION = 1;
				DEFINES_MODULE = YES;
				DEVELOPMENT_TEAM = H8S6N7BJTQ;
				DYLIB_COMPATIBILITY_VERSION = 1;
				DYLIB_CURRENT_VERSION = 1;
				DYLIB_INSTALL_NAME_BASE = "@rpath";
				INFOPLIST_FILE = Song/Info.plist;
				INSTALL_PATH = "$(LOCAL_LIBRARY_DIR)/Frameworks";
				IPHONEOS_DEPLOYMENT_TARGET = 13.0;
				LD_RUNPATH_SEARCH_PATHS = (
					"$(inherited)",
					"@executable_path/Frameworks",
					"@loader_path/Frameworks",
				);
				PRODUCT_BUNDLE_IDENTIFIER = id.abram.ios.LaguSion.Song;
				PRODUCT_NAME = "$(TARGET_NAME:c99extidentifier)";
				PROVISIONING_PROFILE_SPECIFIER = "";
				SKIP_INSTALL = YES;
				SUPPORTS_MACCATALYST = NO;
				SWIFT_VERSION = 5.0;
				TARGETED_DEVICE_FAMILY = "1,2";
				VERSIONING_SYSTEM = "apple-generic";
				VERSION_INFO_PREFIX = "";
			};
			name = Debug;
		};
		21305C16247A803200F2D76A /* Release */ = {
			isa = XCBuildConfiguration;
			buildSettings = {
				CODE_SIGN_IDENTITY = "Apple Distribution";
				"CODE_SIGN_IDENTITY[sdk=macosx*]" = "Apple Development";
				CODE_SIGN_STYLE = Manual;
				CURRENT_PROJECT_VERSION = 1;
				DEFINES_MODULE = YES;
				DEVELOPMENT_TEAM = "";
				DYLIB_COMPATIBILITY_VERSION = 1;
				DYLIB_CURRENT_VERSION = 1;
				DYLIB_INSTALL_NAME_BASE = "@rpath";
				INFOPLIST_FILE = Song/Info.plist;
				INSTALL_PATH = "$(LOCAL_LIBRARY_DIR)/Frameworks";
				IPHONEOS_DEPLOYMENT_TARGET = 13.0;
				LD_RUNPATH_SEARCH_PATHS = (
					"$(inherited)",
					"@executable_path/Frameworks",
					"@loader_path/Frameworks",
				);
				PRODUCT_BUNDLE_IDENTIFIER = id.abram.ios.LaguSion.Song;
				PRODUCT_NAME = "$(TARGET_NAME:c99extidentifier)";
				PROVISIONING_PROFILE_SPECIFIER = "";
				"PROVISIONING_PROFILE_SPECIFIER[sdk=macosx*]" = "";
				SKIP_INSTALL = YES;
				SUPPORTS_MACCATALYST = NO;
				SWIFT_VERSION = 5.0;
				TARGETED_DEVICE_FAMILY = "1,2";
				VERSIONING_SYSTEM = "apple-generic";
				VERSION_INFO_PREFIX = "";
			};
			name = Release;
		};
		21305C17247A803200F2D76A /* Debug */ = {
			isa = XCBuildConfiguration;
			buildSettings = {
				ALWAYS_EMBED_SWIFT_STANDARD_LIBRARIES = YES;
				CODE_SIGN_STYLE = Manual;
				DEVELOPMENT_TEAM = H8S6N7BJTQ;
				INFOPLIST_FILE = SongTests/Info.plist;
				IPHONEOS_DEPLOYMENT_TARGET = 13.5;
				LD_RUNPATH_SEARCH_PATHS = (
					"$(inherited)",
					"@executable_path/Frameworks",
					"@loader_path/Frameworks",
				);
				PRODUCT_BUNDLE_IDENTIFIER = id.abram.ios.SongTests;
				PRODUCT_NAME = "$(TARGET_NAME)";
				SWIFT_VERSION = 5.0;
				TARGETED_DEVICE_FAMILY = "1,2";
				TEST_HOST = "$(BUILT_PRODUCTS_DIR)/LaguSion.app/LaguSion";
			};
			name = Debug;
		};
		21305C18247A803200F2D76A /* Release */ = {
			isa = XCBuildConfiguration;
			buildSettings = {
				ALWAYS_EMBED_SWIFT_STANDARD_LIBRARIES = YES;
				CODE_SIGN_IDENTITY = "Apple Development";
				"CODE_SIGN_IDENTITY[sdk=macosx*]" = "Apple Development";
				CODE_SIGN_STYLE = Manual;
				DEVELOPMENT_TEAM = H8S6N7BJTQ;
				INFOPLIST_FILE = SongTests/Info.plist;
				IPHONEOS_DEPLOYMENT_TARGET = 13.5;
				LD_RUNPATH_SEARCH_PATHS = (
					"$(inherited)",
					"@executable_path/Frameworks",
					"@loader_path/Frameworks",
				);
				PRODUCT_BUNDLE_IDENTIFIER = id.abram.ios.SongTests;
				PRODUCT_NAME = "$(TARGET_NAME)";
				PROVISIONING_PROFILE_SPECIFIER = "";
				"PROVISIONING_PROFILE_SPECIFIER[sdk=macosx*]" = "";
				SWIFT_VERSION = 5.0;
				TARGETED_DEVICE_FAMILY = "1,2";
				TEST_HOST = "$(BUILT_PRODUCTS_DIR)/LaguSion.app/LaguSion";
			};
			name = Release;
		};
		21305C3F247A863F00F2D76A /* Debug */ = {
			isa = XCBuildConfiguration;
			buildSettings = {
				CODE_SIGN_IDENTITY = "Apple Development";
				CODE_SIGN_STYLE = Manual;
				CURRENT_PROJECT_VERSION = 1;
				DEFINES_MODULE = YES;
				DEVELOPMENT_TEAM = H8S6N7BJTQ;
				DYLIB_COMPATIBILITY_VERSION = 1;
				DYLIB_CURRENT_VERSION = 1;
				DYLIB_INSTALL_NAME_BASE = "@rpath";
				INFOPLIST_FILE = Networking/Info.plist;
				INSTALL_PATH = "$(LOCAL_LIBRARY_DIR)/Frameworks";
				IPHONEOS_DEPLOYMENT_TARGET = 13.0;
				LD_RUNPATH_SEARCH_PATHS = (
					"$(inherited)",
					"@executable_path/Frameworks",
					"@loader_path/Frameworks",
				);
				PRODUCT_BUNDLE_IDENTIFIER = id.abram.ios.LaguSion.Networking;
				PRODUCT_NAME = "$(TARGET_NAME:c99extidentifier)";
				PROVISIONING_PROFILE_SPECIFIER = "";
				SKIP_INSTALL = YES;
				SUPPORTS_MACCATALYST = NO;
				SWIFT_VERSION = 5.0;
				TARGETED_DEVICE_FAMILY = "1,2";
				VERSIONING_SYSTEM = "apple-generic";
				VERSION_INFO_PREFIX = "";
			};
			name = Debug;
		};
		21305C40247A863F00F2D76A /* Release */ = {
			isa = XCBuildConfiguration;
			buildSettings = {
				CODE_SIGN_IDENTITY = "iPhone Distribution";
				CODE_SIGN_STYLE = Manual;
				CURRENT_PROJECT_VERSION = 1;
				DEFINES_MODULE = YES;
				DEVELOPMENT_TEAM = "";
				DYLIB_COMPATIBILITY_VERSION = 1;
				DYLIB_CURRENT_VERSION = 1;
				DYLIB_INSTALL_NAME_BASE = "@rpath";
				INFOPLIST_FILE = Networking/Info.plist;
				INSTALL_PATH = "$(LOCAL_LIBRARY_DIR)/Frameworks";
				IPHONEOS_DEPLOYMENT_TARGET = 13.0;
				LD_RUNPATH_SEARCH_PATHS = (
					"$(inherited)",
					"@executable_path/Frameworks",
					"@loader_path/Frameworks",
				);
				PRODUCT_BUNDLE_IDENTIFIER = id.abram.ios.LaguSion.Networking;
				PRODUCT_NAME = "$(TARGET_NAME:c99extidentifier)";
				PROVISIONING_PROFILE_SPECIFIER = "";
				SKIP_INSTALL = YES;
				SUPPORTS_MACCATALYST = NO;
				SWIFT_VERSION = 5.0;
				TARGETED_DEVICE_FAMILY = "1,2";
				VERSIONING_SYSTEM = "apple-generic";
				VERSION_INFO_PREFIX = "";
			};
			name = Release;
		};
		21305C8C247A885600F2D76A /* Debug */ = {
			isa = XCBuildConfiguration;
			buildSettings = {
				CODE_SIGN_IDENTITY = "Apple Development";
				CODE_SIGN_STYLE = Manual;
				CURRENT_PROJECT_VERSION = 1;
				DEFINES_MODULE = YES;
				DEVELOPMENT_TEAM = H8S6N7BJTQ;
				DYLIB_COMPATIBILITY_VERSION = 1;
				DYLIB_CURRENT_VERSION = 1;
				DYLIB_INSTALL_NAME_BASE = "@rpath";
				INFOPLIST_FILE = Main/Info.plist;
				INSTALL_PATH = "$(LOCAL_LIBRARY_DIR)/Frameworks";
				IPHONEOS_DEPLOYMENT_TARGET = 13.0;
				LD_RUNPATH_SEARCH_PATHS = (
					"$(inherited)",
					"@executable_path/Frameworks",
					"@loader_path/Frameworks",
				);
				PRODUCT_BUNDLE_IDENTIFIER = id.abram.ios.LaguSion.Main;
				PRODUCT_NAME = "$(TARGET_NAME:c99extidentifier)";
				PROVISIONING_PROFILE_SPECIFIER = "";
				SKIP_INSTALL = YES;
				SUPPORTS_MACCATALYST = NO;
				SWIFT_VERSION = 5.0;
				TARGETED_DEVICE_FAMILY = "1,2";
				VERSIONING_SYSTEM = "apple-generic";
				VERSION_INFO_PREFIX = "";
			};
			name = Debug;
		};
		21305C8D247A885600F2D76A /* Release */ = {
			isa = XCBuildConfiguration;
			buildSettings = {
				CODE_SIGN_IDENTITY = "Apple Development";
				CODE_SIGN_STYLE = Manual;
				CURRENT_PROJECT_VERSION = 1;
				DEFINES_MODULE = YES;
				DEVELOPMENT_TEAM = "";
				DYLIB_COMPATIBILITY_VERSION = 1;
				DYLIB_CURRENT_VERSION = 1;
				DYLIB_INSTALL_NAME_BASE = "@rpath";
				INFOPLIST_FILE = Main/Info.plist;
				INSTALL_PATH = "$(LOCAL_LIBRARY_DIR)/Frameworks";
				IPHONEOS_DEPLOYMENT_TARGET = 13.0;
				LD_RUNPATH_SEARCH_PATHS = (
					"$(inherited)",
					"@executable_path/Frameworks",
					"@loader_path/Frameworks",
				);
				PRODUCT_BUNDLE_IDENTIFIER = id.abram.ios.LaguSion.Main;
				PRODUCT_NAME = "$(TARGET_NAME:c99extidentifier)";
				PROVISIONING_PROFILE_SPECIFIER = "";
				SKIP_INSTALL = YES;
				SUPPORTS_MACCATALYST = NO;
				SWIFT_VERSION = 5.0;
				TARGETED_DEVICE_FAMILY = "1,2";
				VERSIONING_SYSTEM = "apple-generic";
				VERSION_INFO_PREFIX = "";
			};
			name = Release;
		};
		21305C8F247A885600F2D76A /* Debug */ = {
			isa = XCBuildConfiguration;
			buildSettings = {
				ALWAYS_EMBED_SWIFT_STANDARD_LIBRARIES = YES;
				CODE_SIGN_STYLE = Manual;
				DEVELOPMENT_TEAM = H8S6N7BJTQ;
				INFOPLIST_FILE = MainTests/Info.plist;
				IPHONEOS_DEPLOYMENT_TARGET = 13.5;
				LD_RUNPATH_SEARCH_PATHS = (
					"$(inherited)",
					"@executable_path/Frameworks",
					"@loader_path/Frameworks",
				);
				PRODUCT_BUNDLE_IDENTIFIER = "id.abram.ios.lagu-sion.MainTests";
				PRODUCT_NAME = "$(TARGET_NAME)";
				SWIFT_VERSION = 5.0;
				TARGETED_DEVICE_FAMILY = "1,2";
				TEST_HOST = "$(BUILT_PRODUCTS_DIR)/LaguSion.app/LaguSion";
			};
			name = Debug;
		};
		21305C90247A885600F2D76A /* Release */ = {
			isa = XCBuildConfiguration;
			buildSettings = {
				ALWAYS_EMBED_SWIFT_STANDARD_LIBRARIES = YES;
				CODE_SIGN_STYLE = Manual;
				DEVELOPMENT_TEAM = H8S6N7BJTQ;
				INFOPLIST_FILE = MainTests/Info.plist;
				IPHONEOS_DEPLOYMENT_TARGET = 13.5;
				LD_RUNPATH_SEARCH_PATHS = (
					"$(inherited)",
					"@executable_path/Frameworks",
					"@loader_path/Frameworks",
				);
				PRODUCT_BUNDLE_IDENTIFIER = "id.abram.ios.lagu-sion.MainTests";
				PRODUCT_NAME = "$(TARGET_NAME)";
				SWIFT_VERSION = 5.0;
				TARGETED_DEVICE_FAMILY = "1,2";
				TEST_HOST = "$(BUILT_PRODUCTS_DIR)/LaguSion.app/LaguSion";
			};
			name = Release;
		};
		21305CAF247A895C00F2D76A /* Debug */ = {
			isa = XCBuildConfiguration;
			buildSettings = {
				CODE_SIGN_IDENTITY = "Apple Development";
				CODE_SIGN_STYLE = Manual;
				CURRENT_PROJECT_VERSION = 1;
				DEFINES_MODULE = YES;
				DEVELOPMENT_TEAM = H8S6N7BJTQ;
				DYLIB_COMPATIBILITY_VERSION = 1;
				DYLIB_CURRENT_VERSION = 1;
				DYLIB_INSTALL_NAME_BASE = "@rpath";
				INFOPLIST_FILE = Favorites/Info.plist;
				INSTALL_PATH = "$(LOCAL_LIBRARY_DIR)/Frameworks";
				IPHONEOS_DEPLOYMENT_TARGET = 13.0;
				LD_RUNPATH_SEARCH_PATHS = (
					"$(inherited)",
					"@executable_path/Frameworks",
					"@loader_path/Frameworks",
				);
				PRODUCT_BUNDLE_IDENTIFIER = id.abram.ios.LaguSion.Favorites;
				PRODUCT_NAME = "$(TARGET_NAME:c99extidentifier)";
				PROVISIONING_PROFILE_SPECIFIER = "";
				SKIP_INSTALL = YES;
				SUPPORTS_MACCATALYST = NO;
				SWIFT_VERSION = 5.0;
				TARGETED_DEVICE_FAMILY = "1,2";
				VERSIONING_SYSTEM = "apple-generic";
				VERSION_INFO_PREFIX = "";
			};
			name = Debug;
		};
		21305CB0247A895C00F2D76A /* Release */ = {
			isa = XCBuildConfiguration;
			buildSettings = {
				CODE_SIGN_IDENTITY = "Apple Development";
				CODE_SIGN_STYLE = Manual;
				CURRENT_PROJECT_VERSION = 1;
				DEFINES_MODULE = YES;
				DEVELOPMENT_TEAM = "";
				DYLIB_COMPATIBILITY_VERSION = 1;
				DYLIB_CURRENT_VERSION = 1;
				DYLIB_INSTALL_NAME_BASE = "@rpath";
				INFOPLIST_FILE = Favorites/Info.plist;
				INSTALL_PATH = "$(LOCAL_LIBRARY_DIR)/Frameworks";
				IPHONEOS_DEPLOYMENT_TARGET = 13.0;
				LD_RUNPATH_SEARCH_PATHS = (
					"$(inherited)",
					"@executable_path/Frameworks",
					"@loader_path/Frameworks",
				);
				PRODUCT_BUNDLE_IDENTIFIER = id.abram.ios.LaguSion.Favorites;
				PRODUCT_NAME = "$(TARGET_NAME:c99extidentifier)";
				PROVISIONING_PROFILE_SPECIFIER = "";
				SKIP_INSTALL = YES;
				SUPPORTS_MACCATALYST = NO;
				SWIFT_VERSION = 5.0;
				TARGETED_DEVICE_FAMILY = "1,2";
				VERSIONING_SYSTEM = "apple-generic";
				VERSION_INFO_PREFIX = "";
			};
			name = Release;
		};
		21305CB2247A895C00F2D76A /* Debug */ = {
			isa = XCBuildConfiguration;
			buildSettings = {
				ALWAYS_EMBED_SWIFT_STANDARD_LIBRARIES = YES;
				CODE_SIGN_STYLE = Manual;
				DEVELOPMENT_TEAM = H8S6N7BJTQ;
				INFOPLIST_FILE = FavoritesTests/Info.plist;
				IPHONEOS_DEPLOYMENT_TARGET = 13.5;
				LD_RUNPATH_SEARCH_PATHS = (
					"$(inherited)",
					"@executable_path/Frameworks",
					"@loader_path/Frameworks",
				);
				PRODUCT_BUNDLE_IDENTIFIER = "id.abram.ios.lagu-sion.FavoritesTests";
				PRODUCT_NAME = "$(TARGET_NAME)";
				SWIFT_VERSION = 5.0;
				TARGETED_DEVICE_FAMILY = "1,2";
				TEST_HOST = "$(BUILT_PRODUCTS_DIR)/LaguSion.app/LaguSion";
			};
			name = Debug;
		};
		21305CB3247A895C00F2D76A /* Release */ = {
			isa = XCBuildConfiguration;
			buildSettings = {
				ALWAYS_EMBED_SWIFT_STANDARD_LIBRARIES = YES;
				CODE_SIGN_STYLE = Manual;
				DEVELOPMENT_TEAM = H8S6N7BJTQ;
				INFOPLIST_FILE = FavoritesTests/Info.plist;
				IPHONEOS_DEPLOYMENT_TARGET = 13.5;
				LD_RUNPATH_SEARCH_PATHS = (
					"$(inherited)",
					"@executable_path/Frameworks",
					"@loader_path/Frameworks",
				);
				PRODUCT_BUNDLE_IDENTIFIER = "id.abram.ios.lagu-sion.FavoritesTests";
				PRODUCT_NAME = "$(TARGET_NAME)";
				SWIFT_VERSION = 5.0;
				TARGETED_DEVICE_FAMILY = "1,2";
				TEST_HOST = "$(BUILT_PRODUCTS_DIR)/LaguSion.app/LaguSion";
			};
			name = Release;
		};
		2157B24124D15CA300136EFB /* Debug */ = {
			isa = XCBuildConfiguration;
			buildSettings = {
				CODE_SIGN_IDENTITY = "iPhone Developer";
				CODE_SIGN_STYLE = Manual;
				CURRENT_PROJECT_VERSION = 1;
				DEFINES_MODULE = YES;
				DEVELOPMENT_TEAM = H8S6N7BJTQ;
				DYLIB_COMPATIBILITY_VERSION = 1;
				DYLIB_CURRENT_VERSION = 1;
				DYLIB_INSTALL_NAME_BASE = "@rpath";
				INFOPLIST_FILE = Common/Info.plist;
				INSTALL_PATH = "$(LOCAL_LIBRARY_DIR)/Frameworks";
				IPHONEOS_DEPLOYMENT_TARGET = 13.0;
				LD_RUNPATH_SEARCH_PATHS = (
					"$(inherited)",
					"@executable_path/Frameworks",
					"@loader_path/Frameworks",
				);
				PRODUCT_BUNDLE_IDENTIFIER = id.abram.ios.LaguSion.Common;
				PRODUCT_NAME = "$(TARGET_NAME:c99extidentifier)";
				SKIP_INSTALL = YES;
				SWIFT_VERSION = 5.0;
				TARGETED_DEVICE_FAMILY = "1,2";
				VERSIONING_SYSTEM = "apple-generic";
				VERSION_INFO_PREFIX = "";
			};
			name = Debug;
		};
		2157B24224D15CA300136EFB /* Release */ = {
			isa = XCBuildConfiguration;
			buildSettings = {
				CODE_SIGN_IDENTITY = "iPhone Distribution";
				CODE_SIGN_STYLE = Manual;
				CURRENT_PROJECT_VERSION = 1;
				DEFINES_MODULE = YES;
				DEVELOPMENT_TEAM = H8S6N7BJTQ;
				DYLIB_COMPATIBILITY_VERSION = 1;
				DYLIB_CURRENT_VERSION = 1;
				DYLIB_INSTALL_NAME_BASE = "@rpath";
				INFOPLIST_FILE = Common/Info.plist;
				INSTALL_PATH = "$(LOCAL_LIBRARY_DIR)/Frameworks";
				IPHONEOS_DEPLOYMENT_TARGET = 13.0;
				LD_RUNPATH_SEARCH_PATHS = (
					"$(inherited)",
					"@executable_path/Frameworks",
					"@loader_path/Frameworks",
				);
				PRODUCT_BUNDLE_IDENTIFIER = id.abram.ios.LaguSion.Common;
				PRODUCT_NAME = "$(TARGET_NAME:c99extidentifier)";
				SKIP_INSTALL = YES;
				SWIFT_VERSION = 5.0;
				TARGETED_DEVICE_FAMILY = "1,2";
				VERSIONING_SYSTEM = "apple-generic";
				VERSION_INFO_PREFIX = "";
			};
			name = Release;
		};
		216AF39D2472358E00B7C55B /* Debug */ = {
			isa = XCBuildConfiguration;
			buildSettings = {
				ALWAYS_SEARCH_USER_PATHS = NO;
				CLANG_ANALYZER_NONNULL = YES;
				CLANG_ANALYZER_NUMBER_OBJECT_CONVERSION = YES_AGGRESSIVE;
				CLANG_CXX_LANGUAGE_STANDARD = "gnu++14";
				CLANG_CXX_LIBRARY = "libc++";
				CLANG_ENABLE_MODULES = YES;
				CLANG_ENABLE_OBJC_ARC = YES;
				CLANG_ENABLE_OBJC_WEAK = YES;
				CLANG_WARN_BLOCK_CAPTURE_AUTORELEASING = YES;
				CLANG_WARN_BOOL_CONVERSION = YES;
				CLANG_WARN_COMMA = YES;
				CLANG_WARN_CONSTANT_CONVERSION = YES;
				CLANG_WARN_DEPRECATED_OBJC_IMPLEMENTATIONS = YES;
				CLANG_WARN_DIRECT_OBJC_ISA_USAGE = YES_ERROR;
				CLANG_WARN_DOCUMENTATION_COMMENTS = YES;
				CLANG_WARN_EMPTY_BODY = YES;
				CLANG_WARN_ENUM_CONVERSION = YES;
				CLANG_WARN_INFINITE_RECURSION = YES;
				CLANG_WARN_INT_CONVERSION = YES;
				CLANG_WARN_NON_LITERAL_NULL_CONVERSION = YES;
				CLANG_WARN_OBJC_IMPLICIT_RETAIN_SELF = YES;
				CLANG_WARN_OBJC_LITERAL_CONVERSION = YES;
				CLANG_WARN_OBJC_ROOT_CLASS = YES_ERROR;
				CLANG_WARN_RANGE_LOOP_ANALYSIS = YES;
				CLANG_WARN_STRICT_PROTOTYPES = YES;
				CLANG_WARN_SUSPICIOUS_MOVE = YES;
				CLANG_WARN_UNGUARDED_AVAILABILITY = YES_AGGRESSIVE;
				CLANG_WARN_UNREACHABLE_CODE = YES;
				CLANG_WARN__DUPLICATE_METHOD_MATCH = YES;
				COPY_PHASE_STRIP = NO;
				DEBUG_INFORMATION_FORMAT = dwarf;
				ENABLE_STRICT_OBJC_MSGSEND = YES;
				ENABLE_TESTABILITY = YES;
				GCC_C_LANGUAGE_STANDARD = gnu11;
				GCC_DYNAMIC_NO_PIC = NO;
				GCC_NO_COMMON_BLOCKS = YES;
				GCC_OPTIMIZATION_LEVEL = 0;
				GCC_PREPROCESSOR_DEFINITIONS = (
					"DEBUG=1",
					"$(inherited)",
				);
				GCC_WARN_64_TO_32_BIT_CONVERSION = YES;
				GCC_WARN_ABOUT_RETURN_TYPE = YES_ERROR;
				GCC_WARN_UNDECLARED_SELECTOR = YES;
				GCC_WARN_UNINITIALIZED_AUTOS = YES_AGGRESSIVE;
				GCC_WARN_UNUSED_FUNCTION = YES;
				GCC_WARN_UNUSED_VARIABLE = YES;
				IPHONEOS_DEPLOYMENT_TARGET = 13.4;
				MTL_ENABLE_DEBUG_INFO = INCLUDE_SOURCE;
				MTL_FAST_MATH = YES;
				ONLY_ACTIVE_ARCH = YES;
				SDKROOT = iphoneos;
				SWIFT_ACTIVE_COMPILATION_CONDITIONS = DEBUG;
				SWIFT_OPTIMIZATION_LEVEL = "-Onone";
			};
			name = Debug;
		};
		216AF39E2472358E00B7C55B /* Release */ = {
			isa = XCBuildConfiguration;
			buildSettings = {
				ALWAYS_SEARCH_USER_PATHS = NO;
				CLANG_ANALYZER_NONNULL = YES;
				CLANG_ANALYZER_NUMBER_OBJECT_CONVERSION = YES_AGGRESSIVE;
				CLANG_CXX_LANGUAGE_STANDARD = "gnu++14";
				CLANG_CXX_LIBRARY = "libc++";
				CLANG_ENABLE_MODULES = YES;
				CLANG_ENABLE_OBJC_ARC = YES;
				CLANG_ENABLE_OBJC_WEAK = YES;
				CLANG_WARN_BLOCK_CAPTURE_AUTORELEASING = YES;
				CLANG_WARN_BOOL_CONVERSION = YES;
				CLANG_WARN_COMMA = YES;
				CLANG_WARN_CONSTANT_CONVERSION = YES;
				CLANG_WARN_DEPRECATED_OBJC_IMPLEMENTATIONS = YES;
				CLANG_WARN_DIRECT_OBJC_ISA_USAGE = YES_ERROR;
				CLANG_WARN_DOCUMENTATION_COMMENTS = YES;
				CLANG_WARN_EMPTY_BODY = YES;
				CLANG_WARN_ENUM_CONVERSION = YES;
				CLANG_WARN_INFINITE_RECURSION = YES;
				CLANG_WARN_INT_CONVERSION = YES;
				CLANG_WARN_NON_LITERAL_NULL_CONVERSION = YES;
				CLANG_WARN_OBJC_IMPLICIT_RETAIN_SELF = YES;
				CLANG_WARN_OBJC_LITERAL_CONVERSION = YES;
				CLANG_WARN_OBJC_ROOT_CLASS = YES_ERROR;
				CLANG_WARN_RANGE_LOOP_ANALYSIS = YES;
				CLANG_WARN_STRICT_PROTOTYPES = YES;
				CLANG_WARN_SUSPICIOUS_MOVE = YES;
				CLANG_WARN_UNGUARDED_AVAILABILITY = YES_AGGRESSIVE;
				CLANG_WARN_UNREACHABLE_CODE = YES;
				CLANG_WARN__DUPLICATE_METHOD_MATCH = YES;
				COPY_PHASE_STRIP = NO;
				DEBUG_INFORMATION_FORMAT = "dwarf-with-dsym";
				ENABLE_NS_ASSERTIONS = NO;
				ENABLE_STRICT_OBJC_MSGSEND = YES;
				GCC_C_LANGUAGE_STANDARD = gnu11;
				GCC_NO_COMMON_BLOCKS = YES;
				GCC_WARN_64_TO_32_BIT_CONVERSION = YES;
				GCC_WARN_ABOUT_RETURN_TYPE = YES_ERROR;
				GCC_WARN_UNDECLARED_SELECTOR = YES;
				GCC_WARN_UNINITIALIZED_AUTOS = YES_AGGRESSIVE;
				GCC_WARN_UNUSED_FUNCTION = YES;
				GCC_WARN_UNUSED_VARIABLE = YES;
				IPHONEOS_DEPLOYMENT_TARGET = 13.4;
				MTL_ENABLE_DEBUG_INFO = NO;
				MTL_FAST_MATH = YES;
				SDKROOT = iphoneos;
				SWIFT_COMPILATION_MODE = wholemodule;
				SWIFT_OPTIMIZATION_LEVEL = "-O";
				VALIDATE_PRODUCT = YES;
			};
			name = Release;
		};
		216AF3A02472358E00B7C55B /* Debug */ = {
			isa = XCBuildConfiguration;
			buildSettings = {
				ALWAYS_EMBED_SWIFT_STANDARD_LIBRARIES = YES;
				ASSETCATALOG_COMPILER_APPICON_NAME = AppIcon;
				CODE_SIGN_IDENTITY = "iPhone Developer";
				CODE_SIGN_STYLE = Manual;
				DEVELOPMENT_ASSET_PATHS = "\"LaguSion/Preview Content\"";
				DEVELOPMENT_TEAM = H8S6N7BJTQ;
				ENABLE_PREVIEWS = YES;
				INFOPLIST_FILE = LaguSion/Info.plist;
				LD_RUNPATH_SEARCH_PATHS = (
					"$(inherited)",
					"@executable_path/Frameworks",
				);
				MARKETING_VERSION = 0.1;
				PRODUCT_BUNDLE_IDENTIFIER = id.abram.ios.LaguSion;
				PRODUCT_NAME = "$(TARGET_NAME)";
				PROVISIONING_PROFILE_SPECIFIER = "match Development id.abram.ios.LaguSion";
				SWIFT_VERSION = 5.0;
				TARGETED_DEVICE_FAMILY = "1,2";
			};
			name = Debug;
		};
		216AF3A12472358E00B7C55B /* Release */ = {
			isa = XCBuildConfiguration;
			buildSettings = {
				ALWAYS_EMBED_SWIFT_STANDARD_LIBRARIES = YES;
				ASSETCATALOG_COMPILER_APPICON_NAME = AppIcon;
				CODE_SIGN_IDENTITY = "iPhone Distribution";
				CODE_SIGN_STYLE = Manual;
				DEVELOPMENT_ASSET_PATHS = "\"LaguSion/Preview Content\"";
				DEVELOPMENT_TEAM = H8S6N7BJTQ;
				ENABLE_PREVIEWS = YES;
				INFOPLIST_FILE = LaguSion/Info.plist;
				LD_RUNPATH_SEARCH_PATHS = (
					"$(inherited)",
					"@executable_path/Frameworks",
				);
				MARKETING_VERSION = 0.1;
				PRODUCT_BUNDLE_IDENTIFIER = id.abram.ios.LaguSion;
				PRODUCT_NAME = "$(TARGET_NAME)";
				PROVISIONING_PROFILE_SPECIFIER = "match AdHoc id.abram.ios.LaguSion";
				SWIFT_VERSION = 5.0;
				TARGETED_DEVICE_FAMILY = "1,2";
			};
			name = Release;
		};
		216AF3A32472358E00B7C55B /* Debug */ = {
			isa = XCBuildConfiguration;
			buildSettings = {
				ALWAYS_EMBED_SWIFT_STANDARD_LIBRARIES = YES;
				BUNDLE_LOADER = "$(TEST_HOST)";
				CODE_SIGN_IDENTITY = "Apple Development";
				"CODE_SIGN_IDENTITY[sdk=macosx*]" = "Apple Development";
				CODE_SIGN_STYLE = Manual;
				DEVELOPMENT_TEAM = H8S6N7BJTQ;
				INFOPLIST_FILE = LaguSionTests/Info.plist;
				IPHONEOS_DEPLOYMENT_TARGET = 13.4;
				LD_RUNPATH_SEARCH_PATHS = (
					"$(inherited)",
					"@executable_path/Frameworks",
					"@loader_path/Frameworks",
				);
				PRODUCT_BUNDLE_IDENTIFIER = id.abram.ios.LaguSionTests;
				PRODUCT_NAME = "$(TARGET_NAME)";
				PROVISIONING_PROFILE_SPECIFIER = "";
				"PROVISIONING_PROFILE_SPECIFIER[sdk=macosx*]" = "";
				SWIFT_VERSION = 5.0;
				TARGETED_DEVICE_FAMILY = "1,2";
				TEST_HOST = "$(BUILT_PRODUCTS_DIR)/LaguSion.app/LaguSion";
			};
			name = Debug;
		};
		216AF3A42472358E00B7C55B /* Release */ = {
			isa = XCBuildConfiguration;
			buildSettings = {
				ALWAYS_EMBED_SWIFT_STANDARD_LIBRARIES = YES;
				BUNDLE_LOADER = "$(TEST_HOST)";
				CODE_SIGN_IDENTITY = "Apple Development";
				"CODE_SIGN_IDENTITY[sdk=macosx*]" = "Apple Development";
				CODE_SIGN_STYLE = Manual;
				DEVELOPMENT_TEAM = H8S6N7BJTQ;
				INFOPLIST_FILE = LaguSionTests/Info.plist;
				IPHONEOS_DEPLOYMENT_TARGET = 13.4;
				LD_RUNPATH_SEARCH_PATHS = (
					"$(inherited)",
					"@executable_path/Frameworks",
					"@loader_path/Frameworks",
				);
				PRODUCT_BUNDLE_IDENTIFIER = id.abram.ios.LaguSionTests;
				PRODUCT_NAME = "$(TARGET_NAME)";
				PROVISIONING_PROFILE_SPECIFIER = "";
				"PROVISIONING_PROFILE_SPECIFIER[sdk=macosx*]" = "";
				SWIFT_VERSION = 5.0;
				TARGETED_DEVICE_FAMILY = "1,2";
				TEST_HOST = "$(BUILT_PRODUCTS_DIR)/LaguSion.app/LaguSion";
			};
			name = Release;
		};
/* End XCBuildConfiguration section */

/* Begin XCConfigurationList section */
		212FE3AF24B446AC00985DEA /* Build configuration list for PBXNativeTarget "SnapshotUITests" */ = {
			isa = XCConfigurationList;
			buildConfigurations = (
				212FE3AD24B446AC00985DEA /* Debug */,
				212FE3AE24B446AC00985DEA /* Release */,
			);
			defaultConfigurationIsVisible = 0;
			defaultConfigurationName = Release;
		};
		21305C19247A803200F2D76A /* Build configuration list for PBXNativeTarget "Song" */ = {
			isa = XCConfigurationList;
			buildConfigurations = (
				21305C15247A803200F2D76A /* Debug */,
				21305C16247A803200F2D76A /* Release */,
			);
			defaultConfigurationIsVisible = 0;
			defaultConfigurationName = Release;
		};
		21305C1A247A803200F2D76A /* Build configuration list for PBXNativeTarget "SongTests" */ = {
			isa = XCConfigurationList;
			buildConfigurations = (
				21305C17247A803200F2D76A /* Debug */,
				21305C18247A803200F2D76A /* Release */,
			);
			defaultConfigurationIsVisible = 0;
			defaultConfigurationName = Release;
		};
		21305C3E247A863F00F2D76A /* Build configuration list for PBXNativeTarget "Networking" */ = {
			isa = XCConfigurationList;
			buildConfigurations = (
				21305C3F247A863F00F2D76A /* Debug */,
				21305C40247A863F00F2D76A /* Release */,
			);
			defaultConfigurationIsVisible = 0;
			defaultConfigurationName = Release;
		};
		21305C8B247A885600F2D76A /* Build configuration list for PBXNativeTarget "Main" */ = {
			isa = XCConfigurationList;
			buildConfigurations = (
				21305C8C247A885600F2D76A /* Debug */,
				21305C8D247A885600F2D76A /* Release */,
			);
			defaultConfigurationIsVisible = 0;
			defaultConfigurationName = Release;
		};
		21305C8E247A885600F2D76A /* Build configuration list for PBXNativeTarget "MainTests" */ = {
			isa = XCConfigurationList;
			buildConfigurations = (
				21305C8F247A885600F2D76A /* Debug */,
				21305C90247A885600F2D76A /* Release */,
			);
			defaultConfigurationIsVisible = 0;
			defaultConfigurationName = Release;
		};
		21305CAE247A895C00F2D76A /* Build configuration list for PBXNativeTarget "Favorites" */ = {
			isa = XCConfigurationList;
			buildConfigurations = (
				21305CAF247A895C00F2D76A /* Debug */,
				21305CB0247A895C00F2D76A /* Release */,
			);
			defaultConfigurationIsVisible = 0;
			defaultConfigurationName = Release;
		};
		21305CB1247A895C00F2D76A /* Build configuration list for PBXNativeTarget "FavoritesTests" */ = {
			isa = XCConfigurationList;
			buildConfigurations = (
				21305CB2247A895C00F2D76A /* Debug */,
				21305CB3247A895C00F2D76A /* Release */,
			);
			defaultConfigurationIsVisible = 0;
			defaultConfigurationName = Release;
		};
		2157B24324D15CA300136EFB /* Build configuration list for PBXNativeTarget "Common" */ = {
			isa = XCConfigurationList;
			buildConfigurations = (
				2157B24124D15CA300136EFB /* Debug */,
				2157B24224D15CA300136EFB /* Release */,
			);
			defaultConfigurationIsVisible = 0;
			defaultConfigurationName = Release;
		};
		216AF3782472358C00B7C55B /* Build configuration list for PBXProject "LaguSion" */ = {
			isa = XCConfigurationList;
			buildConfigurations = (
				216AF39D2472358E00B7C55B /* Debug */,
				216AF39E2472358E00B7C55B /* Release */,
			);
			defaultConfigurationIsVisible = 0;
			defaultConfigurationName = Release;
		};
		216AF39F2472358E00B7C55B /* Build configuration list for PBXNativeTarget "LaguSion" */ = {
			isa = XCConfigurationList;
			buildConfigurations = (
				216AF3A02472358E00B7C55B /* Debug */,
				216AF3A12472358E00B7C55B /* Release */,
			);
			defaultConfigurationIsVisible = 0;
			defaultConfigurationName = Release;
		};
		216AF3A22472358E00B7C55B /* Build configuration list for PBXNativeTarget "LaguSionTests" */ = {
			isa = XCConfigurationList;
			buildConfigurations = (
				216AF3A32472358E00B7C55B /* Debug */,
				216AF3A42472358E00B7C55B /* Release */,
			);
			defaultConfigurationIsVisible = 0;
			defaultConfigurationName = Release;
		};
/* End XCConfigurationList section */

/* Begin XCRemoteSwiftPackageReference section */
		214EF69924C82785008677C1 /* XCRemoteSwiftPackageReference "grpc-swift-combine" */ = {
			isa = XCRemoteSwiftPackageReference;
			repositoryURL = "https://github.com/abrampers/grpc-swift-combine.git";
			requirement = {
				kind = exactVersion;
				version = 0.14.0;
			};
		};
		21B130F92472365F005941E9 /* XCRemoteSwiftPackageReference "swift-composable-architecture" */ = {
			isa = XCRemoteSwiftPackageReference;
			repositoryURL = "https://github.com/pointfreeco/swift-composable-architecture.git";
			requirement = {
				kind = exactVersion;
				version = 0.6.0;
			};
		};
/* End XCRemoteSwiftPackageReference section */

/* Begin XCSwiftPackageProductDependency section */
		2157B24424D15CB000136EFB /* ComposableArchitecture */ = {
			isa = XCSwiftPackageProductDependency;
			package = 21B130F92472365F005941E9 /* XCRemoteSwiftPackageReference "swift-composable-architecture" */;
			productName = ComposableArchitecture;
		};
		2157B24624D15CB400136EFB /* CombineGRPC */ = {
			isa = XCSwiftPackageProductDependency;
			package = 214EF69924C82785008677C1 /* XCRemoteSwiftPackageReference "grpc-swift-combine" */;
			productName = CombineGRPC;
		};
/* End XCSwiftPackageProductDependency section */

/* Begin XCVersionGroup section */
		216AF3842472358C00B7C55B /* LaguSion.xcdatamodeld */ = {
			isa = XCVersionGroup;
			children = (
				216AF3852472358C00B7C55B /* LaguSion.xcdatamodel */,
			);
			currentVersion = 216AF3852472358C00B7C55B /* LaguSion.xcdatamodel */;
			path = LaguSion.xcdatamodeld;
			sourceTree = "<group>";
			versionGroupType = wrapper.xcdatamodel;
		};
/* End XCVersionGroup section */
	};
	rootObject = 216AF3752472358C00B7C55B /* Project object */;
}
