<?xml version="1.0" encoding="UTF-8"?>
<Scheme
   LastUpgradeVersion = "1140"
   version = "1.3">
   <BuildAction
      parallelizeBuildables = "YES"
      buildImplicitDependencies = "YES">
      <BuildActionEntries>
         <BuildActionEntry
            buildForTesting = "YES"
            buildForRunning = "YES"
            buildForProfiling = "YES"
            buildForArchiving = "YES"
            buildForAnalyzing = "YES">
            <BuildableReference
               BuildableIdentifier = "primary"
               BlueprintIdentifier = "216AF37C2472358C00B7C55B"
               BuildableName = "LaguSion.app"
               BlueprintName = "LaguSion"
               ReferencedContainer = "container:LaguSion.xcodeproj">
            </BuildableReference>
         </BuildActionEntry>
      </BuildActionEntries>
   </BuildAction>
   <TestAction
      buildConfiguration = "Debug"
      selectedDebuggerIdentifier = "Xcode.DebuggerFoundation.Debugger.LLDB"
      selectedLauncherIdentifier = "Xcode.DebuggerFoundation.Launcher.LLDB"
      shouldUseLaunchSchemeArgsEnv = "YES"
      codeCoverageEnabled = "YES"
      onlyGenerateCoverageForSpecifiedTargets = "YES">
      <CodeCoverageTargets>
         <BuildableReference
            BuildableIdentifier = "primary"
            BlueprintIdentifier = "21305C96247A895C00F2D76A"
            BuildableName = "Favorites.framework"
            BlueprintName = "Favorites"
            ReferencedContainer = "container:LaguSion.xcodeproj">
         </BuildableReference>
         <BuildableReference
            BuildableIdentifier = "primary"
            BlueprintIdentifier = "216AF37C2472358C00B7C55B"
            BuildableName = "LaguSion.app"
            BlueprintName = "LaguSion"
            ReferencedContainer = "container:LaguSion.xcodeproj">
         </BuildableReference>
         <BuildableReference
            BuildableIdentifier = "primary"
            BlueprintIdentifier = "21305C73247A885500F2D76A"
            BuildableName = "Main.framework"
            BlueprintName = "Main"
            ReferencedContainer = "container:LaguSion.xcodeproj">
         </BuildableReference>
         <BuildableReference
            BuildableIdentifier = "primary"
            BlueprintIdentifier = "21305C26247A863F00F2D76A"
            BuildableName = "Networking.framework"
            BlueprintName = "Networking"
            ReferencedContainer = "container:LaguSion.xcodeproj">
         </BuildableReference>
         <BuildableReference
            BuildableIdentifier = "primary"
            BlueprintIdentifier = "21305BFC247A803200F2D76A"
            BuildableName = "Song.framework"
            BlueprintName = "Song"
            ReferencedContainer = "container:LaguSion.xcodeproj">
         </BuildableReference>
      </CodeCoverageTargets>
      <Testables>
         <TestableReference
            skipped = "NO">
            <BuildableReference
               BuildableIdentifier = "primary"
               BlueprintIdentifier = "216AF3952472358E00B7C55B"
               BuildableName = "LaguSionTests.xctest"
               BlueprintName = "LaguSionTests"
               ReferencedContainer = "container:LaguSion.xcodeproj">
            </BuildableReference>
         </TestableReference>
         <TestableReference
            skipped = "NO">
            <BuildableReference
               BuildableIdentifier = "primary"
               BlueprintIdentifier = "21305C04247A803200F2D76A"
               BuildableName = "SongTests.xctest"
               BlueprintName = "SongTests"
               ReferencedContainer = "container:LaguSion.xcodeproj">
            </BuildableReference>
         </TestableReference>
         <TestableReference
            skipped = "YES">
            <BuildableReference
               BuildableIdentifier = "primary"
               BlueprintIdentifier = "21305C2E247A863F00F2D76A"
               BuildableName = "NetworkingTests.xctest"
               BlueprintName = "NetworkingTests"
               ReferencedContainer = "container:LaguSion.xcodeproj">
            </BuildableReference>
         </TestableReference>
         <TestableReference
            skipped = "YES">
            <BuildableReference
               BuildableIdentifier = "primary"
               BlueprintIdentifier = "21305C57247A87CB00F2D76A"
               BuildableName = "LaguSionMainTests.xctest"
               BlueprintName = "LaguSionMainTests"
               ReferencedContainer = "container:LaguSion.xcodeproj">
            </BuildableReference>
         </TestableReference>
         <TestableReference
            skipped = "NO">
            <BuildableReference
               BuildableIdentifier = "primary"
               BlueprintIdentifier = "21305C7B247A885600F2D76A"
               BuildableName = "MainTests.xctest"
               BlueprintName = "MainTests"
               ReferencedContainer = "container:LaguSion.xcodeproj">
            </BuildableReference>
         </TestableReference>
         <TestableReference
            skipped = "NO">
            <BuildableReference
               BuildableIdentifier = "primary"
               BlueprintIdentifier = "21305C9E247A895C00F2D76A"
               BuildableName = "FavoritesTests.xctest"
               BlueprintName = "FavoritesTests"
               ReferencedContainer = "container:LaguSion.xcodeproj">
            </BuildableReference>
         </TestableReference>
         <TestableReference
            skipped = "YES">
            <BuildableReference
               BuildableIdentifier = "primary"
               BlueprintIdentifier = "212864E824AEBE7900E79296"
               BuildableName = "LaguSionUITests.xctest"
               BlueprintName = "LaguSionUITests"
               ReferencedContainer = "container:LaguSion.xcodeproj">
            </BuildableReference>
         </TestableReference>
         <TestableReference
            skipped = "YES">
            <BuildableReference
               BuildableIdentifier = "primary"
               BlueprintIdentifier = "212FE3A524B446AC00985DEA"
               BuildableName = "SnapshotUITests.xctest"
               BlueprintName = "SnapshotUITests"
               ReferencedContainer = "container:LaguSion.xcodeproj">
            </BuildableReference>
         </TestableReference>
      </Testables>
   </TestAction>
   <LaunchAction
      buildConfiguration = "Debug"
      selectedDebuggerIdentifier = "Xcode.DebuggerFoundation.Debugger.LLDB"
      selectedLauncherIdentifier = "Xcode.DebuggerFoundation.Launcher.LLDB"
      launchStyle = "0"
      useCustomWorkingDirectory = "NO"
      ignoresPersistentStateOnLaunch = "NO"
      debugDocumentVersioning = "YES"
      debugServiceExtension = "internal"
      allowLocationSimulation = "YES">
      <BuildableProductRunnable
         runnableDebuggingMode = "0">
         <BuildableReference
            BuildableIdentifier = "primary"
            BlueprintIdentifier = "216AF37C2472358C00B7C55B"
            BuildableName = "LaguSion.app"
            BlueprintName = "LaguSion"
            ReferencedContainer = "container:LaguSion.xcodeproj">
         </BuildableReference>
      </BuildableProductRunnable>
   </LaunchAction>
   <ProfileAction
      buildConfiguration = "Release"
      shouldUseLaunchSchemeArgsEnv = "YES"
      savedToolIdentifier = ""
      useCustomWorkingDirectory = "NO"
      debugDocumentVersioning = "YES">
      <BuildableProductRunnable
         runnableDebuggingMode = "0">
         <BuildableReference
            BuildableIdentifier = "primary"
            BlueprintIdentifier = "216AF37C2472358C00B7C55B"
            BuildableName = "LaguSion.app"
            BlueprintName = "LaguSion"
            ReferencedContainer = "container:LaguSion.xcodeproj">
         </BuildableReference>
      </BuildableProductRunnable>
   </ProfileAction>
   <AnalyzeAction
      buildConfiguration = "Debug">
   </AnalyzeAction>
   <ArchiveAction
      buildConfiguration = "Release"
      revealArchiveInOrganizer = "YES">
   </ArchiveAction>
</Scheme>
