// !$*UTF8*$!
{
	archiveVersion = 1;
	classes = {
	};
	objectVersion = 52;
	objects = {

/* Begin PBXBuildFile section */
		21305C06247A803200F2D76A /* Song.framework in Frameworks */ = {isa = PBXBuildFile; fileRef = 21305BFD247A803200F2D76A /* Song.framework */; };
		21305C0D247A803200F2D76A /* SongTests.swift in Sources */ = {isa = PBXBuildFile; fileRef = 21305C0C247A803200F2D76A /* SongTests.swift */; };
		21305C0F247A803200F2D76A /* Song.h in Headers */ = {isa = PBXBuildFile; fileRef = 21305BFF247A803200F2D76A /* Song.h */; settings = {ATTRIBUTES = (Public, ); }; };
		21305C12247A803200F2D76A /* Song.framework in Frameworks */ = {isa = PBXBuildFile; fileRef = 21305BFD247A803200F2D76A /* Song.framework */; };
		21305C13247A803200F2D76A /* Song.framework in Embed Frameworks */ = {isa = PBXBuildFile; fileRef = 21305BFD247A803200F2D76A /* Song.framework */; settings = {ATTRIBUTES = (CodeSignOnCopy, RemoveHeadersOnCopy, ); }; };
		21305C1B247A806900F2D76A /* SongView.swift in Sources */ = {isa = PBXBuildFile; fileRef = 21C88D21247681D5001E376A /* SongView.swift */; };
		21305C1C247A809600F2D76A /* Unwrap.swift in Sources */ = {isa = PBXBuildFile; fileRef = 21D82AC7247A72FF00F6B69F /* Unwrap.swift */; };
		21305C21247A812800F2D76A /* ComposableArchitecture in Frameworks */ = {isa = PBXBuildFile; productRef = 21305C20247A812800F2D76A /* ComposableArchitecture */; };
		21305C30247A863F00F2D76A /* Networking.framework in Frameworks */ = {isa = PBXBuildFile; fileRef = 21305C27247A863F00F2D76A /* Networking.framework */; };
		21305C37247A863F00F2D76A /* NetworkingTests.swift in Sources */ = {isa = PBXBuildFile; fileRef = 21305C36247A863F00F2D76A /* NetworkingTests.swift */; };
		21305C39247A863F00F2D76A /* Networking.h in Headers */ = {isa = PBXBuildFile; fileRef = 21305C29247A863F00F2D76A /* Networking.h */; settings = {ATTRIBUTES = (Public, ); }; };
		21305C3C247A863F00F2D76A /* Networking.framework in Frameworks */ = {isa = PBXBuildFile; fileRef = 21305C27247A863F00F2D76A /* Networking.framework */; };
		21305C3D247A863F00F2D76A /* Networking.framework in Embed Frameworks */ = {isa = PBXBuildFile; fileRef = 21305C27247A863F00F2D76A /* Networking.framework */; settings = {ATTRIBUTES = (CodeSignOnCopy, RemoveHeadersOnCopy, ); }; };
		21305C45247A864C00F2D76A /* CombineGRPC in Frameworks */ = {isa = PBXBuildFile; productRef = 21305C44247A864C00F2D76A /* CombineGRPC */; };
		21305C46247A866900F2D76A /* TestCombineGRPCView.swift in Sources */ = {isa = PBXBuildFile; fileRef = 21B130EB247235DF005941E9 /* TestCombineGRPCView.swift */; };
		21305C47247A868400F2D76A /* Publisher+Extension.swift in Sources */ = {isa = PBXBuildFile; fileRef = 21B130E0247235DF005941E9 /* Publisher+Extension.swift */; };
		21305C48247A86EE00F2D76A /* GRPCServiceManager.swift in Sources */ = {isa = PBXBuildFile; fileRef = 21B130E3247235DF005941E9 /* GRPCServiceManager.swift */; };
		21305C49247A86F300F2D76A /* echo_service.pb.swift in Sources */ = {isa = PBXBuildFile; fileRef = 21B130E5247235DF005941E9 /* echo_service.pb.swift */; };
		21305C4A247A86FA00F2D76A /* echo_service.grpc.swift in Sources */ = {isa = PBXBuildFile; fileRef = 21B130E6247235DF005941E9 /* echo_service.grpc.swift */; };
		21305C7D247A885600F2D76A /* Main.framework in Frameworks */ = {isa = PBXBuildFile; fileRef = 21305C74247A885500F2D76A /* Main.framework */; };
		21305C84247A885600F2D76A /* MainTests.swift in Sources */ = {isa = PBXBuildFile; fileRef = 21305C83247A885600F2D76A /* MainTests.swift */; };
		21305C86247A885600F2D76A /* Main.h in Headers */ = {isa = PBXBuildFile; fileRef = 21305C76247A885500F2D76A /* Main.h */; settings = {ATTRIBUTES = (Public, ); }; };
		21305C89247A885600F2D76A /* Main.framework in Frameworks */ = {isa = PBXBuildFile; fileRef = 21305C74247A885500F2D76A /* Main.framework */; };
		21305C8A247A885600F2D76A /* Main.framework in Embed Frameworks */ = {isa = PBXBuildFile; fileRef = 21305C74247A885500F2D76A /* Main.framework */; settings = {ATTRIBUTES = (CodeSignOnCopy, RemoveHeadersOnCopy, ); }; };
		21305C91247A885C00F2D76A /* MainView.swift in Sources */ = {isa = PBXBuildFile; fileRef = 21B130ED247235DF005941E9 /* MainView.swift */; };
		216AF3812472358C00B7C55B /* AppDelegate.swift in Sources */ = {isa = PBXBuildFile; fileRef = 216AF3802472358C00B7C55B /* AppDelegate.swift */; };
		216AF3832472358C00B7C55B /* SceneDelegate.swift in Sources */ = {isa = PBXBuildFile; fileRef = 216AF3822472358C00B7C55B /* SceneDelegate.swift */; };
		216AF3862472358C00B7C55B /* LaguSion.xcdatamodeld in Sources */ = {isa = PBXBuildFile; fileRef = 216AF3842472358C00B7C55B /* LaguSion.xcdatamodeld */; };
		216AF38A2472358E00B7C55B /* Assets.xcassets in Resources */ = {isa = PBXBuildFile; fileRef = 216AF3892472358E00B7C55B /* Assets.xcassets */; };
		216AF38D2472358E00B7C55B /* Preview Assets.xcassets in Resources */ = {isa = PBXBuildFile; fileRef = 216AF38C2472358E00B7C55B /* Preview Assets.xcassets */; };
		216AF3902472358E00B7C55B /* LaunchScreen.storyboard in Resources */ = {isa = PBXBuildFile; fileRef = 216AF38E2472358E00B7C55B /* LaunchScreen.storyboard */; };
		216AF39B2472358E00B7C55B /* LaguSionTests.swift in Sources */ = {isa = PBXBuildFile; fileRef = 216AF39A2472358E00B7C55B /* LaguSionTests.swift */; };
		21B130F2247235E0005941E9 /* echo_service.proto in Sources */ = {isa = PBXBuildFile; fileRef = 21B130E7247235DF005941E9 /* echo_service.proto */; };
		21B130F3247235E0005941E9 /* RootView.swift in Sources */ = {isa = PBXBuildFile; fileRef = 21B130E9247235DF005941E9 /* RootView.swift */; };
		21C88D2424768A08001E376A /* FavoritesView.swift in Sources */ = {isa = PBXBuildFile; fileRef = 21C88D2324768A08001E376A /* FavoritesView.swift */; };
/* End PBXBuildFile section */

/* Begin PBXContainerItemProxy section */
		21305C07247A803200F2D76A /* PBXContainerItemProxy */ = {
			isa = PBXContainerItemProxy;
			containerPortal = 216AF3752472358C00B7C55B /* Project object */;
			proxyType = 1;
			remoteGlobalIDString = 21305BFC247A803200F2D76A;
			remoteInfo = Song;
		};
		21305C09247A803200F2D76A /* PBXContainerItemProxy */ = {
			isa = PBXContainerItemProxy;
			containerPortal = 216AF3752472358C00B7C55B /* Project object */;
			proxyType = 1;
			remoteGlobalIDString = 216AF37C2472358C00B7C55B;
			remoteInfo = LaguSion;
		};
		21305C10247A803200F2D76A /* PBXContainerItemProxy */ = {
			isa = PBXContainerItemProxy;
			containerPortal = 216AF3752472358C00B7C55B /* Project object */;
			proxyType = 1;
			remoteGlobalIDString = 21305BFC247A803200F2D76A;
			remoteInfo = Song;
		};
		21305C31247A863F00F2D76A /* PBXContainerItemProxy */ = {
			isa = PBXContainerItemProxy;
			containerPortal = 216AF3752472358C00B7C55B /* Project object */;
			proxyType = 1;
			remoteGlobalIDString = 21305C26247A863F00F2D76A;
			remoteInfo = Networking;
		};
		21305C33247A863F00F2D76A /* PBXContainerItemProxy */ = {
			isa = PBXContainerItemProxy;
			containerPortal = 216AF3752472358C00B7C55B /* Project object */;
			proxyType = 1;
			remoteGlobalIDString = 216AF37C2472358C00B7C55B;
			remoteInfo = LaguSion;
		};
		21305C3A247A863F00F2D76A /* PBXContainerItemProxy */ = {
			isa = PBXContainerItemProxy;
			containerPortal = 216AF3752472358C00B7C55B /* Project object */;
			proxyType = 1;
			remoteGlobalIDString = 21305C26247A863F00F2D76A;
			remoteInfo = Networking;
		};
		21305C7E247A885600F2D76A /* PBXContainerItemProxy */ = {
			isa = PBXContainerItemProxy;
			containerPortal = 216AF3752472358C00B7C55B /* Project object */;
			proxyType = 1;
			remoteGlobalIDString = 21305C73247A885500F2D76A;
			remoteInfo = Main;
		};
		21305C80247A885600F2D76A /* PBXContainerItemProxy */ = {
			isa = PBXContainerItemProxy;
			containerPortal = 216AF3752472358C00B7C55B /* Project object */;
			proxyType = 1;
			remoteGlobalIDString = 216AF37C2472358C00B7C55B;
			remoteInfo = LaguSion;
		};
		21305C87247A885600F2D76A /* PBXContainerItemProxy */ = {
			isa = PBXContainerItemProxy;
			containerPortal = 216AF3752472358C00B7C55B /* Project object */;
			proxyType = 1;
			remoteGlobalIDString = 21305C73247A885500F2D76A;
			remoteInfo = Main;
		};
		216AF3972472358E00B7C55B /* PBXContainerItemProxy */ = {
			isa = PBXContainerItemProxy;
			containerPortal = 216AF3752472358C00B7C55B /* Project object */;
			proxyType = 1;
			remoteGlobalIDString = 216AF37C2472358C00B7C55B;
			remoteInfo = LaguSion;
		};
/* End PBXContainerItemProxy section */

/* Begin PBXCopyFilesBuildPhase section */
		21305C14247A803200F2D76A /* Embed Frameworks */ = {
			isa = PBXCopyFilesBuildPhase;
			buildActionMask = 2147483647;
			dstPath = "";
			dstSubfolderSpec = 10;
			files = (
				21305C3D247A863F00F2D76A /* Networking.framework in Embed Frameworks */,
				21305C8A247A885600F2D76A /* Main.framework in Embed Frameworks */,
				21305C13247A803200F2D76A /* Song.framework in Embed Frameworks */,
			);
			name = "Embed Frameworks";
			runOnlyForDeploymentPostprocessing = 0;
		};
/* End PBXCopyFilesBuildPhase section */

/* Begin PBXFileReference section */
		21305BFD247A803200F2D76A /* Song.framework */ = {isa = PBXFileReference; explicitFileType = wrapper.framework; includeInIndex = 0; path = Song.framework; sourceTree = BUILT_PRODUCTS_DIR; };
		21305BFF247A803200F2D76A /* Song.h */ = {isa = PBXFileReference; lastKnownFileType = sourcecode.c.h; path = Song.h; sourceTree = "<group>"; };
		21305C00247A803200F2D76A /* Info.plist */ = {isa = PBXFileReference; lastKnownFileType = text.plist.xml; path = Info.plist; sourceTree = "<group>"; };
		21305C05247A803200F2D76A /* SongTests.xctest */ = {isa = PBXFileReference; explicitFileType = wrapper.cfbundle; includeInIndex = 0; path = SongTests.xctest; sourceTree = BUILT_PRODUCTS_DIR; };
		21305C0C247A803200F2D76A /* SongTests.swift */ = {isa = PBXFileReference; lastKnownFileType = sourcecode.swift; path = SongTests.swift; sourceTree = "<group>"; };
		21305C0E247A803200F2D76A /* Info.plist */ = {isa = PBXFileReference; lastKnownFileType = text.plist.xml; path = Info.plist; sourceTree = "<group>"; };
		21305C27247A863F00F2D76A /* Networking.framework */ = {isa = PBXFileReference; explicitFileType = wrapper.framework; includeInIndex = 0; path = Networking.framework; sourceTree = BUILT_PRODUCTS_DIR; };
		21305C29247A863F00F2D76A /* Networking.h */ = {isa = PBXFileReference; lastKnownFileType = sourcecode.c.h; path = Networking.h; sourceTree = "<group>"; };
		21305C2A247A863F00F2D76A /* Info.plist */ = {isa = PBXFileReference; lastKnownFileType = text.plist.xml; path = Info.plist; sourceTree = "<group>"; };
		21305C2F247A863F00F2D76A /* NetworkingTests.xctest */ = {isa = PBXFileReference; explicitFileType = wrapper.cfbundle; includeInIndex = 0; path = NetworkingTests.xctest; sourceTree = BUILT_PRODUCTS_DIR; };
		21305C36247A863F00F2D76A /* NetworkingTests.swift */ = {isa = PBXFileReference; lastKnownFileType = sourcecode.swift; path = NetworkingTests.swift; sourceTree = "<group>"; };
		21305C38247A863F00F2D76A /* Info.plist */ = {isa = PBXFileReference; lastKnownFileType = text.plist.xml; path = Info.plist; sourceTree = "<group>"; };
		21305C52247A87CB00F2D76A /* LaguSionMain.h */ = {isa = PBXFileReference; lastKnownFileType = sourcecode.c.h; path = LaguSionMain.h; sourceTree = "<group>"; };
		21305C53247A87CB00F2D76A /* Info.plist */ = {isa = PBXFileReference; lastKnownFileType = text.plist.xml; path = Info.plist; sourceTree = "<group>"; };
		21305C5F247A87CB00F2D76A /* LaguSionMainTests.swift */ = {isa = PBXFileReference; lastKnownFileType = sourcecode.swift; path = LaguSionMainTests.swift; sourceTree = "<group>"; };
		21305C61247A87CB00F2D76A /* Info.plist */ = {isa = PBXFileReference; lastKnownFileType = text.plist.xml; path = Info.plist; sourceTree = "<group>"; };
		21305C74247A885500F2D76A /* Main.framework */ = {isa = PBXFileReference; explicitFileType = wrapper.framework; includeInIndex = 0; path = Main.framework; sourceTree = BUILT_PRODUCTS_DIR; };
		21305C76247A885500F2D76A /* Main.h */ = {isa = PBXFileReference; lastKnownFileType = sourcecode.c.h; path = Main.h; sourceTree = "<group>"; };
		21305C77247A885500F2D76A /* Info.plist */ = {isa = PBXFileReference; lastKnownFileType = text.plist.xml; path = Info.plist; sourceTree = "<group>"; };
		21305C7C247A885600F2D76A /* MainTests.xctest */ = {isa = PBXFileReference; explicitFileType = wrapper.cfbundle; includeInIndex = 0; path = MainTests.xctest; sourceTree = BUILT_PRODUCTS_DIR; };
		21305C83247A885600F2D76A /* MainTests.swift */ = {isa = PBXFileReference; lastKnownFileType = sourcecode.swift; path = MainTests.swift; sourceTree = "<group>"; };
		21305C85247A885600F2D76A /* Info.plist */ = {isa = PBXFileReference; lastKnownFileType = text.plist.xml; path = Info.plist; sourceTree = "<group>"; };
		216AF37D2472358C00B7C55B /* LaguSion.app */ = {isa = PBXFileReference; explicitFileType = wrapper.application; includeInIndex = 0; path = LaguSion.app; sourceTree = BUILT_PRODUCTS_DIR; };
		216AF3802472358C00B7C55B /* AppDelegate.swift */ = {isa = PBXFileReference; lastKnownFileType = sourcecode.swift; path = AppDelegate.swift; sourceTree = "<group>"; };
		216AF3822472358C00B7C55B /* SceneDelegate.swift */ = {isa = PBXFileReference; lastKnownFileType = sourcecode.swift; path = SceneDelegate.swift; sourceTree = "<group>"; };
		216AF3852472358C00B7C55B /* LaguSion.xcdatamodel */ = {isa = PBXFileReference; lastKnownFileType = wrapper.xcdatamodel; path = LaguSion.xcdatamodel; sourceTree = "<group>"; };
		216AF3892472358E00B7C55B /* Assets.xcassets */ = {isa = PBXFileReference; lastKnownFileType = folder.assetcatalog; path = Assets.xcassets; sourceTree = "<group>"; };
		216AF38C2472358E00B7C55B /* Preview Assets.xcassets */ = {isa = PBXFileReference; lastKnownFileType = folder.assetcatalog; path = "Preview Assets.xcassets"; sourceTree = "<group>"; };
		216AF38F2472358E00B7C55B /* Base */ = {isa = PBXFileReference; lastKnownFileType = file.storyboard; name = Base; path = Base.lproj/LaunchScreen.storyboard; sourceTree = "<group>"; };
		216AF3912472358E00B7C55B /* Info.plist */ = {isa = PBXFileReference; lastKnownFileType = text.plist.xml; path = Info.plist; sourceTree = "<group>"; };
		216AF3962472358E00B7C55B /* LaguSionTests.xctest */ = {isa = PBXFileReference; explicitFileType = wrapper.cfbundle; includeInIndex = 0; path = LaguSionTests.xctest; sourceTree = BUILT_PRODUCTS_DIR; };
		216AF39A2472358E00B7C55B /* LaguSionTests.swift */ = {isa = PBXFileReference; lastKnownFileType = sourcecode.swift; path = LaguSionTests.swift; sourceTree = "<group>"; };
		216AF39C2472358E00B7C55B /* Info.plist */ = {isa = PBXFileReference; lastKnownFileType = text.plist.xml; path = Info.plist; sourceTree = "<group>"; };
		21B130E0247235DF005941E9 /* Publisher+Extension.swift */ = {isa = PBXFileReference; fileEncoding = 4; lastKnownFileType = sourcecode.swift; path = "Publisher+Extension.swift"; sourceTree = "<group>"; };
		21B130E3247235DF005941E9 /* GRPCServiceManager.swift */ = {isa = PBXFileReference; fileEncoding = 4; lastKnownFileType = sourcecode.swift; path = GRPCServiceManager.swift; sourceTree = "<group>"; };
		21B130E5247235DF005941E9 /* echo_service.pb.swift */ = {isa = PBXFileReference; fileEncoding = 4; lastKnownFileType = sourcecode.swift; path = echo_service.pb.swift; sourceTree = "<group>"; };
		21B130E6247235DF005941E9 /* echo_service.grpc.swift */ = {isa = PBXFileReference; fileEncoding = 4; lastKnownFileType = sourcecode.swift; path = echo_service.grpc.swift; sourceTree = "<group>"; };
		21B130E7247235DF005941E9 /* echo_service.proto */ = {isa = PBXFileReference; fileEncoding = 4; lastKnownFileType = sourcecode.protobuf; path = echo_service.proto; sourceTree = "<group>"; };
		21B130E9247235DF005941E9 /* RootView.swift */ = {isa = PBXFileReference; fileEncoding = 4; lastKnownFileType = sourcecode.swift; path = RootView.swift; sourceTree = "<group>"; };
		21B130EB247235DF005941E9 /* TestCombineGRPCView.swift */ = {isa = PBXFileReference; fileEncoding = 4; lastKnownFileType = sourcecode.swift; path = TestCombineGRPCView.swift; sourceTree = "<group>"; };
		21B130ED247235DF005941E9 /* MainView.swift */ = {isa = PBXFileReference; fileEncoding = 4; lastKnownFileType = sourcecode.swift; path = MainView.swift; sourceTree = "<group>"; };
		21C88D21247681D5001E376A /* SongView.swift */ = {isa = PBXFileReference; lastKnownFileType = sourcecode.swift; path = SongView.swift; sourceTree = "<group>"; };
		21C88D2324768A08001E376A /* FavoritesView.swift */ = {isa = PBXFileReference; lastKnownFileType = sourcecode.swift; path = FavoritesView.swift; sourceTree = "<group>"; };
		21D82AC7247A72FF00F6B69F /* Unwrap.swift */ = {isa = PBXFileReference; lastKnownFileType = sourcecode.swift; path = Unwrap.swift; sourceTree = "<group>"; };
/* End PBXFileReference section */

/* Begin PBXFrameworksBuildPhase section */
		21305BFA247A803200F2D76A /* Frameworks */ = {
			isa = PBXFrameworksBuildPhase;
			buildActionMask = 2147483647;
			files = (
				21305C21247A812800F2D76A /* ComposableArchitecture in Frameworks */,
			);
			runOnlyForDeploymentPostprocessing = 0;
		};
		21305C02247A803200F2D76A /* Frameworks */ = {
			isa = PBXFrameworksBuildPhase;
			buildActionMask = 2147483647;
			files = (
				21305C06247A803200F2D76A /* Song.framework in Frameworks */,
			);
			runOnlyForDeploymentPostprocessing = 0;
		};
		21305C24247A863F00F2D76A /* Frameworks */ = {
			isa = PBXFrameworksBuildPhase;
			buildActionMask = 2147483647;
			files = (
				21305C45247A864C00F2D76A /* CombineGRPC in Frameworks */,
			);
			runOnlyForDeploymentPostprocessing = 0;
		};
		21305C2C247A863F00F2D76A /* Frameworks */ = {
			isa = PBXFrameworksBuildPhase;
			buildActionMask = 2147483647;
			files = (
				21305C30247A863F00F2D76A /* Networking.framework in Frameworks */,
			);
			runOnlyForDeploymentPostprocessing = 0;
		};
		21305C71247A885500F2D76A /* Frameworks */ = {
			isa = PBXFrameworksBuildPhase;
			buildActionMask = 2147483647;
			files = (
			);
			runOnlyForDeploymentPostprocessing = 0;
		};
		21305C79247A885600F2D76A /* Frameworks */ = {
			isa = PBXFrameworksBuildPhase;
			buildActionMask = 2147483647;
			files = (
				21305C7D247A885600F2D76A /* Main.framework in Frameworks */,
			);
			runOnlyForDeploymentPostprocessing = 0;
		};
		216AF37A2472358C00B7C55B /* Frameworks */ = {
			isa = PBXFrameworksBuildPhase;
			buildActionMask = 2147483647;
			files = (
				21305C12247A803200F2D76A /* Song.framework in Frameworks */,
				21305C89247A885600F2D76A /* Main.framework in Frameworks */,
				21305C3C247A863F00F2D76A /* Networking.framework in Frameworks */,
			);
			runOnlyForDeploymentPostprocessing = 0;
		};
		216AF3932472358E00B7C55B /* Frameworks */ = {
			isa = PBXFrameworksBuildPhase;
			buildActionMask = 2147483647;
			files = (
			);
			runOnlyForDeploymentPostprocessing = 0;
		};
/* End PBXFrameworksBuildPhase section */

/* Begin PBXGroup section */
		21305BFE247A803200F2D76A /* Song */ = {
			isa = PBXGroup;
			children = (
				21305BFF247A803200F2D76A /* Song.h */,
				21D82AC7247A72FF00F6B69F /* Unwrap.swift */,
				21C88D21247681D5001E376A /* SongView.swift */,
				21305C00247A803200F2D76A /* Info.plist */,
			);
			path = Song;
			sourceTree = "<group>";
		};
		21305C0B247A803200F2D76A /* SongTests */ = {
			isa = PBXGroup;
			children = (
				21305C0C247A803200F2D76A /* SongTests.swift */,
				21305C0E247A803200F2D76A /* Info.plist */,
			);
			path = SongTests;
			sourceTree = "<group>";
		};
		21305C1D247A80F000F2D76A /* Frameworks */ = {
			isa = PBXGroup;
			children = (
			);
			name = Frameworks;
			sourceTree = "<group>";
		};
		21305C28247A863F00F2D76A /* Networking */ = {
			isa = PBXGroup;
			children = (
				21B130E0247235DF005941E9 /* Publisher+Extension.swift */,
				21B130EB247235DF005941E9 /* TestCombineGRPCView.swift */,
				21B130E2247235DF005941E9 /* gRPC */,
				21305C29247A863F00F2D76A /* Networking.h */,
				21305C2A247A863F00F2D76A /* Info.plist */,
			);
			path = Networking;
			sourceTree = "<group>";
		};
		21305C35247A863F00F2D76A /* NetworkingTests */ = {
			isa = PBXGroup;
			children = (
				21305C36247A863F00F2D76A /* NetworkingTests.swift */,
				21305C38247A863F00F2D76A /* Info.plist */,
			);
			path = NetworkingTests;
			sourceTree = "<group>";
		};
		21305C51247A87CB00F2D76A /* LaguSionMain */ = {
			isa = PBXGroup;
			children = (
				21305C52247A87CB00F2D76A /* LaguSionMain.h */,
				21305C53247A87CB00F2D76A /* Info.plist */,
			);
			path = LaguSionMain;
			sourceTree = "<group>";
		};
		21305C5E247A87CB00F2D76A /* LaguSionMainTests */ = {
			isa = PBXGroup;
			children = (
				21305C5F247A87CB00F2D76A /* LaguSionMainTests.swift */,
				21305C61247A87CB00F2D76A /* Info.plist */,
			);
			path = LaguSionMainTests;
			sourceTree = "<group>";
		};
		21305C75247A885500F2D76A /* Main */ = {
			isa = PBXGroup;
			children = (
				21B130ED247235DF005941E9 /* MainView.swift */,
				21305C76247A885500F2D76A /* Main.h */,
				21305C77247A885500F2D76A /* Info.plist */,
			);
			path = Main;
			sourceTree = "<group>";
		};
		21305C82247A885600F2D76A /* MainTests */ = {
			isa = PBXGroup;
			children = (
				21305C83247A885600F2D76A /* MainTests.swift */,
				21305C85247A885600F2D76A /* Info.plist */,
			);
			path = MainTests;
			sourceTree = "<group>";
		};
		216AF3742472358C00B7C55B = {
			isa = PBXGroup;
			children = (
				216AF37F2472358C00B7C55B /* LaguSion */,
				216AF3992472358E00B7C55B /* LaguSionTests */,
				21305BFE247A803200F2D76A /* Song */,
				21305C0B247A803200F2D76A /* SongTests */,
				21305C28247A863F00F2D76A /* Networking */,
				21305C35247A863F00F2D76A /* NetworkingTests */,
				21305C51247A87CB00F2D76A /* LaguSionMain */,
				21305C5E247A87CB00F2D76A /* LaguSionMainTests */,
				21305C75247A885500F2D76A /* Main */,
				21305C82247A885600F2D76A /* MainTests */,
				216AF37E2472358C00B7C55B /* Products */,
				21305C1D247A80F000F2D76A /* Frameworks */,
			);
			sourceTree = "<group>";
		};
		216AF37E2472358C00B7C55B /* Products */ = {
			isa = PBXGroup;
			children = (
				216AF37D2472358C00B7C55B /* LaguSion.app */,
				216AF3962472358E00B7C55B /* LaguSionTests.xctest */,
				21305BFD247A803200F2D76A /* Song.framework */,
				21305C05247A803200F2D76A /* SongTests.xctest */,
				21305C27247A863F00F2D76A /* Networking.framework */,
				21305C2F247A863F00F2D76A /* NetworkingTests.xctest */,
				21305C74247A885500F2D76A /* Main.framework */,
				21305C7C247A885600F2D76A /* MainTests.xctest */,
			);
			name = Products;
			sourceTree = "<group>";
		};
		216AF37F2472358C00B7C55B /* LaguSion */ = {
			isa = PBXGroup;
			children = (
				21B130E9247235DF005941E9 /* RootView.swift */,
				21B130E8247235DF005941E9 /* Views */,
				216AF3802472358C00B7C55B /* AppDelegate.swift */,
				216AF3822472358C00B7C55B /* SceneDelegate.swift */,
				216AF3892472358E00B7C55B /* Assets.xcassets */,
				216AF38E2472358E00B7C55B /* LaunchScreen.storyboard */,
				216AF3912472358E00B7C55B /* Info.plist */,
				216AF3842472358C00B7C55B /* LaguSion.xcdatamodeld */,
				216AF38B2472358E00B7C55B /* Preview Content */,
			);
			path = LaguSion;
			sourceTree = "<group>";
		};
		216AF38B2472358E00B7C55B /* Preview Content */ = {
			isa = PBXGroup;
			children = (
				216AF38C2472358E00B7C55B /* Preview Assets.xcassets */,
			);
			path = "Preview Content";
			sourceTree = "<group>";
		};
		216AF3992472358E00B7C55B /* LaguSionTests */ = {
			isa = PBXGroup;
			children = (
				216AF39A2472358E00B7C55B /* LaguSionTests.swift */,
				216AF39C2472358E00B7C55B /* Info.plist */,
			);
			path = LaguSionTests;
			sourceTree = "<group>";
		};
		21B130E2247235DF005941E9 /* gRPC */ = {
			isa = PBXGroup;
			children = (
				21B130E3247235DF005941E9 /* GRPCServiceManager.swift */,
				21B130E4247235DF005941E9 /* EchoService */,
			);
			path = gRPC;
			sourceTree = "<group>";
		};
		21B130E4247235DF005941E9 /* EchoService */ = {
			isa = PBXGroup;
			children = (
				21B130E5247235DF005941E9 /* echo_service.pb.swift */,
				21B130E6247235DF005941E9 /* echo_service.grpc.swift */,
				21B130E7247235DF005941E9 /* echo_service.proto */,
			);
			path = EchoService;
			sourceTree = "<group>";
		};
		21B130E8247235DF005941E9 /* Views */ = {
			isa = PBXGroup;
			children = (
				21C88D2324768A08001E376A /* FavoritesView.swift */,
			);
			path = Views;
			sourceTree = "<group>";
		};
/* End PBXGroup section */

/* Begin PBXHeadersBuildPhase section */
		21305BF8247A803200F2D76A /* Headers */ = {
			isa = PBXHeadersBuildPhase;
			buildActionMask = 2147483647;
			files = (
				21305C0F247A803200F2D76A /* Song.h in Headers */,
			);
			runOnlyForDeploymentPostprocessing = 0;
		};
		21305C22247A863F00F2D76A /* Headers */ = {
			isa = PBXHeadersBuildPhase;
			buildActionMask = 2147483647;
			files = (
				21305C39247A863F00F2D76A /* Networking.h in Headers */,
			);
			runOnlyForDeploymentPostprocessing = 0;
		};
		21305C6F247A885500F2D76A /* Headers */ = {
			isa = PBXHeadersBuildPhase;
			buildActionMask = 2147483647;
			files = (
				21305C86247A885600F2D76A /* Main.h in Headers */,
			);
			runOnlyForDeploymentPostprocessing = 0;
		};
/* End PBXHeadersBuildPhase section */

/* Begin PBXNativeTarget section */
		21305BFC247A803200F2D76A /* Song */ = {
			isa = PBXNativeTarget;
			buildConfigurationList = 21305C19247A803200F2D76A /* Build configuration list for PBXNativeTarget "Song" */;
			buildPhases = (
				21305BF8247A803200F2D76A /* Headers */,
				21305BF9247A803200F2D76A /* Sources */,
				21305BFA247A803200F2D76A /* Frameworks */,
				21305BFB247A803200F2D76A /* Resources */,
			);
			buildRules = (
			);
			dependencies = (
			);
			name = Song;
			packageProductDependencies = (
				21305C20247A812800F2D76A /* ComposableArchitecture */,
			);
			productName = Song;
			productReference = 21305BFD247A803200F2D76A /* Song.framework */;
			productType = "com.apple.product-type.framework";
		};
		21305C04247A803200F2D76A /* SongTests */ = {
			isa = PBXNativeTarget;
			buildConfigurationList = 21305C1A247A803200F2D76A /* Build configuration list for PBXNativeTarget "SongTests" */;
			buildPhases = (
				21305C01247A803200F2D76A /* Sources */,
				21305C02247A803200F2D76A /* Frameworks */,
				21305C03247A803200F2D76A /* Resources */,
			);
			buildRules = (
			);
			dependencies = (
				21305C08247A803200F2D76A /* PBXTargetDependency */,
				21305C0A247A803200F2D76A /* PBXTargetDependency */,
			);
			name = SongTests;
			productName = SongTests;
			productReference = 21305C05247A803200F2D76A /* SongTests.xctest */;
			productType = "com.apple.product-type.bundle.unit-test";
		};
		21305C26247A863F00F2D76A /* Networking */ = {
			isa = PBXNativeTarget;
			buildConfigurationList = 21305C3E247A863F00F2D76A /* Build configuration list for PBXNativeTarget "Networking" */;
			buildPhases = (
				21305C22247A863F00F2D76A /* Headers */,
				21305C23247A863F00F2D76A /* Sources */,
				21305C24247A863F00F2D76A /* Frameworks */,
				21305C25247A863F00F2D76A /* Resources */,
			);
			buildRules = (
			);
			dependencies = (
			);
			name = Networking;
			packageProductDependencies = (
				21305C44247A864C00F2D76A /* CombineGRPC */,
			);
			productName = Networking;
			productReference = 21305C27247A863F00F2D76A /* Networking.framework */;
			productType = "com.apple.product-type.framework";
		};
		21305C2E247A863F00F2D76A /* NetworkingTests */ = {
			isa = PBXNativeTarget;
			buildConfigurationList = 21305C41247A863F00F2D76A /* Build configuration list for PBXNativeTarget "NetworkingTests" */;
			buildPhases = (
				21305C2B247A863F00F2D76A /* Sources */,
				21305C2C247A863F00F2D76A /* Frameworks */,
				21305C2D247A863F00F2D76A /* Resources */,
			);
			buildRules = (
			);
			dependencies = (
				21305C32247A863F00F2D76A /* PBXTargetDependency */,
				21305C34247A863F00F2D76A /* PBXTargetDependency */,
			);
			name = NetworkingTests;
			productName = NetworkingTests;
			productReference = 21305C2F247A863F00F2D76A /* NetworkingTests.xctest */;
			productType = "com.apple.product-type.bundle.unit-test";
		};
		21305C73247A885500F2D76A /* Main */ = {
			isa = PBXNativeTarget;
			buildConfigurationList = 21305C8B247A885600F2D76A /* Build configuration list for PBXNativeTarget "Main" */;
			buildPhases = (
				21305C6F247A885500F2D76A /* Headers */,
				21305C70247A885500F2D76A /* Sources */,
				21305C71247A885500F2D76A /* Frameworks */,
				21305C72247A885500F2D76A /* Resources */,
			);
			buildRules = (
			);
			dependencies = (
			);
			name = Main;
			productName = Main;
			productReference = 21305C74247A885500F2D76A /* Main.framework */;
			productType = "com.apple.product-type.framework";
		};
		21305C7B247A885600F2D76A /* MainTests */ = {
			isa = PBXNativeTarget;
			buildConfigurationList = 21305C8E247A885600F2D76A /* Build configuration list for PBXNativeTarget "MainTests" */;
			buildPhases = (
				21305C78247A885600F2D76A /* Sources */,
				21305C79247A885600F2D76A /* Frameworks */,
				21305C7A247A885600F2D76A /* Resources */,
			);
			buildRules = (
			);
			dependencies = (
				21305C7F247A885600F2D76A /* PBXTargetDependency */,
				21305C81247A885600F2D76A /* PBXTargetDependency */,
			);
			name = MainTests;
			productName = MainTests;
			productReference = 21305C7C247A885600F2D76A /* MainTests.xctest */;
			productType = "com.apple.product-type.bundle.unit-test";
		};
		216AF37C2472358C00B7C55B /* LaguSion */ = {
			isa = PBXNativeTarget;
			buildConfigurationList = 216AF39F2472358E00B7C55B /* Build configuration list for PBXNativeTarget "LaguSion" */;
			buildPhases = (
				216AF3792472358C00B7C55B /* Sources */,
				216AF37A2472358C00B7C55B /* Frameworks */,
				216AF37B2472358C00B7C55B /* Resources */,
				21305C14247A803200F2D76A /* Embed Frameworks */,
			);
			buildRules = (
			);
			dependencies = (
				21305C11247A803200F2D76A /* PBXTargetDependency */,
				21305C3B247A863F00F2D76A /* PBXTargetDependency */,
				21305C88247A885600F2D76A /* PBXTargetDependency */,
			);
			name = LaguSion;
			packageProductDependencies = (
			);
			productName = LaguSion;
			productReference = 216AF37D2472358C00B7C55B /* LaguSion.app */;
			productType = "com.apple.product-type.application";
		};
		216AF3952472358E00B7C55B /* LaguSionTests */ = {
			isa = PBXNativeTarget;
			buildConfigurationList = 216AF3A22472358E00B7C55B /* Build configuration list for PBXNativeTarget "LaguSionTests" */;
			buildPhases = (
				216AF3922472358E00B7C55B /* Sources */,
				216AF3932472358E00B7C55B /* Frameworks */,
				216AF3942472358E00B7C55B /* Resources */,
			);
			buildRules = (
			);
			dependencies = (
				216AF3982472358E00B7C55B /* PBXTargetDependency */,
			);
			name = LaguSionTests;
			productName = LaguSionTests;
			productReference = 216AF3962472358E00B7C55B /* LaguSionTests.xctest */;
			productType = "com.apple.product-type.bundle.unit-test";
		};
/* End PBXNativeTarget section */

/* Begin PBXProject section */
		216AF3752472358C00B7C55B /* Project object */ = {
			isa = PBXProject;
			attributes = {
				LastSwiftUpdateCheck = 1150;
				LastUpgradeCheck = 1140;
				ORGANIZATIONNAME = "Abram Situmorang";
				TargetAttributes = {
					21305BFC247A803200F2D76A = {
						CreatedOnToolsVersion = 11.5;
					};
					21305C04247A803200F2D76A = {
						CreatedOnToolsVersion = 11.5;
						TestTargetID = 216AF37C2472358C00B7C55B;
					};
					21305C26247A863F00F2D76A = {
						CreatedOnToolsVersion = 11.5;
					};
					21305C2E247A863F00F2D76A = {
						CreatedOnToolsVersion = 11.5;
						TestTargetID = 216AF37C2472358C00B7C55B;
					};
					21305C73247A885500F2D76A = {
						CreatedOnToolsVersion = 11.5;
					};
					21305C7B247A885600F2D76A = {
						CreatedOnToolsVersion = 11.5;
						TestTargetID = 216AF37C2472358C00B7C55B;
					};
					216AF37C2472358C00B7C55B = {
						CreatedOnToolsVersion = 11.4.1;
					};
					216AF3952472358E00B7C55B = {
						CreatedOnToolsVersion = 11.4.1;
						TestTargetID = 216AF37C2472358C00B7C55B;
					};
				};
			};
			buildConfigurationList = 216AF3782472358C00B7C55B /* Build configuration list for PBXProject "LaguSion" */;
			compatibilityVersion = "Xcode 9.3";
			developmentRegion = en;
			hasScannedForEncodings = 0;
			knownRegions = (
				en,
				Base,
			);
			mainGroup = 216AF3742472358C00B7C55B;
			packageReferences = (
				21B130F624723654005941E9 /* XCRemoteSwiftPackageReference "grpc-swift-combine" */,
				21B130F92472365F005941E9 /* XCRemoteSwiftPackageReference "swift-composable-architecture" */,
			);
			productRefGroup = 216AF37E2472358C00B7C55B /* Products */;
			projectDirPath = "";
			projectRoot = "";
			targets = (
				216AF37C2472358C00B7C55B /* LaguSion */,
				216AF3952472358E00B7C55B /* LaguSionTests */,
				21305BFC247A803200F2D76A /* Song */,
				21305C04247A803200F2D76A /* SongTests */,
				21305C26247A863F00F2D76A /* Networking */,
				21305C2E247A863F00F2D76A /* NetworkingTests */,
				21305C73247A885500F2D76A /* Main */,
				21305C7B247A885600F2D76A /* MainTests */,
			);
		};
/* End PBXProject section */

/* Begin PBXResourcesBuildPhase section */
		21305BFB247A803200F2D76A /* Resources */ = {
			isa = PBXResourcesBuildPhase;
			buildActionMask = 2147483647;
			files = (
			);
			runOnlyForDeploymentPostprocessing = 0;
		};
		21305C03247A803200F2D76A /* Resources */ = {
			isa = PBXResourcesBuildPhase;
			buildActionMask = 2147483647;
			files = (
			);
			runOnlyForDeploymentPostprocessing = 0;
		};
		21305C25247A863F00F2D76A /* Resources */ = {
			isa = PBXResourcesBuildPhase;
			buildActionMask = 2147483647;
			files = (
			);
			runOnlyForDeploymentPostprocessing = 0;
		};
		21305C2D247A863F00F2D76A /* Resources */ = {
			isa = PBXResourcesBuildPhase;
			buildActionMask = 2147483647;
			files = (
			);
			runOnlyForDeploymentPostprocessing = 0;
		};
		21305C72247A885500F2D76A /* Resources */ = {
			isa = PBXResourcesBuildPhase;
			buildActionMask = 2147483647;
			files = (
			);
			runOnlyForDeploymentPostprocessing = 0;
		};
		21305C7A247A885600F2D76A /* Resources */ = {
			isa = PBXResourcesBuildPhase;
			buildActionMask = 2147483647;
			files = (
			);
			runOnlyForDeploymentPostprocessing = 0;
		};
		216AF37B2472358C00B7C55B /* Resources */ = {
			isa = PBXResourcesBuildPhase;
			buildActionMask = 2147483647;
			files = (
				216AF3902472358E00B7C55B /* LaunchScreen.storyboard in Resources */,
				216AF38D2472358E00B7C55B /* Preview Assets.xcassets in Resources */,
				216AF38A2472358E00B7C55B /* Assets.xcassets in Resources */,
			);
			runOnlyForDeploymentPostprocessing = 0;
		};
		216AF3942472358E00B7C55B /* Resources */ = {
			isa = PBXResourcesBuildPhase;
			buildActionMask = 2147483647;
			files = (
			);
			runOnlyForDeploymentPostprocessing = 0;
		};
/* End PBXResourcesBuildPhase section */

/* Begin PBXSourcesBuildPhase section */
		21305BF9247A803200F2D76A /* Sources */ = {
			isa = PBXSourcesBuildPhase;
			buildActionMask = 2147483647;
			files = (
				21305C1C247A809600F2D76A /* Unwrap.swift in Sources */,
				21305C1B247A806900F2D76A /* SongView.swift in Sources */,
			);
			runOnlyForDeploymentPostprocessing = 0;
		};
		21305C01247A803200F2D76A /* Sources */ = {
			isa = PBXSourcesBuildPhase;
			buildActionMask = 2147483647;
			files = (
				21305C0D247A803200F2D76A /* SongTests.swift in Sources */,
			);
			runOnlyForDeploymentPostprocessing = 0;
		};
		21305C23247A863F00F2D76A /* Sources */ = {
			isa = PBXSourcesBuildPhase;
			buildActionMask = 2147483647;
			files = (
				21305C47247A868400F2D76A /* Publisher+Extension.swift in Sources */,
				21305C46247A866900F2D76A /* TestCombineGRPCView.swift in Sources */,
				21305C4A247A86FA00F2D76A /* echo_service.grpc.swift in Sources */,
				21305C48247A86EE00F2D76A /* GRPCServiceManager.swift in Sources */,
				21305C49247A86F300F2D76A /* echo_service.pb.swift in Sources */,
			);
			runOnlyForDeploymentPostprocessing = 0;
		};
		21305C2B247A863F00F2D76A /* Sources */ = {
			isa = PBXSourcesBuildPhase;
			buildActionMask = 2147483647;
			files = (
				21305C37247A863F00F2D76A /* NetworkingTests.swift in Sources */,
			);
			runOnlyForDeploymentPostprocessing = 0;
		};
		21305C70247A885500F2D76A /* Sources */ = {
			isa = PBXSourcesBuildPhase;
			buildActionMask = 2147483647;
			files = (
				21305C91247A885C00F2D76A /* MainView.swift in Sources */,
			);
			runOnlyForDeploymentPostprocessing = 0;
		};
		21305C78247A885600F2D76A /* Sources */ = {
			isa = PBXSourcesBuildPhase;
			buildActionMask = 2147483647;
			files = (
				21305C84247A885600F2D76A /* MainTests.swift in Sources */,
			);
			runOnlyForDeploymentPostprocessing = 0;
		};
		216AF3792472358C00B7C55B /* Sources */ = {
			isa = PBXSourcesBuildPhase;
			buildActionMask = 2147483647;
			files = (
				21C88D2424768A08001E376A /* FavoritesView.swift in Sources */,
				21B130F2247235E0005941E9 /* echo_service.proto in Sources */,
				216AF3862472358C00B7C55B /* LaguSion.xcdatamodeld in Sources */,
				216AF3812472358C00B7C55B /* AppDelegate.swift in Sources */,
				21B130F3247235E0005941E9 /* RootView.swift in Sources */,
				216AF3832472358C00B7C55B /* SceneDelegate.swift in Sources */,
			);
			runOnlyForDeploymentPostprocessing = 0;
		};
		216AF3922472358E00B7C55B /* Sources */ = {
			isa = PBXSourcesBuildPhase;
			buildActionMask = 2147483647;
			files = (
				216AF39B2472358E00B7C55B /* LaguSionTests.swift in Sources */,
			);
			runOnlyForDeploymentPostprocessing = 0;
		};
/* End PBXSourcesBuildPhase section */

/* Begin PBXTargetDependency section */
		21305C08247A803200F2D76A /* PBXTargetDependency */ = {
			isa = PBXTargetDependency;
			target = 21305BFC247A803200F2D76A /* Song */;
			targetProxy = 21305C07247A803200F2D76A /* PBXContainerItemProxy */;
		};
		21305C0A247A803200F2D76A /* PBXTargetDependency */ = {
			isa = PBXTargetDependency;
			target = 216AF37C2472358C00B7C55B /* LaguSion */;
			targetProxy = 21305C09247A803200F2D76A /* PBXContainerItemProxy */;
		};
		21305C11247A803200F2D76A /* PBXTargetDependency */ = {
			isa = PBXTargetDependency;
			target = 21305BFC247A803200F2D76A /* Song */;
			targetProxy = 21305C10247A803200F2D76A /* PBXContainerItemProxy */;
		};
		21305C32247A863F00F2D76A /* PBXTargetDependency */ = {
			isa = PBXTargetDependency;
			target = 21305C26247A863F00F2D76A /* Networking */;
			targetProxy = 21305C31247A863F00F2D76A /* PBXContainerItemProxy */;
		};
		21305C34247A863F00F2D76A /* PBXTargetDependency */ = {
			isa = PBXTargetDependency;
			target = 216AF37C2472358C00B7C55B /* LaguSion */;
			targetProxy = 21305C33247A863F00F2D76A /* PBXContainerItemProxy */;
		};
		21305C3B247A863F00F2D76A /* PBXTargetDependency */ = {
			isa = PBXTargetDependency;
			target = 21305C26247A863F00F2D76A /* Networking */;
			targetProxy = 21305C3A247A863F00F2D76A /* PBXContainerItemProxy */;
		};
		21305C7F247A885600F2D76A /* PBXTargetDependency */ = {
			isa = PBXTargetDependency;
			target = 21305C73247A885500F2D76A /* Main */;
			targetProxy = 21305C7E247A885600F2D76A /* PBXContainerItemProxy */;
		};
		21305C81247A885600F2D76A /* PBXTargetDependency */ = {
			isa = PBXTargetDependency;
			target = 216AF37C2472358C00B7C55B /* LaguSion */;
			targetProxy = 21305C80247A885600F2D76A /* PBXContainerItemProxy */;
		};
		21305C88247A885600F2D76A /* PBXTargetDependency */ = {
			isa = PBXTargetDependency;
			target = 21305C73247A885500F2D76A /* Main */;
			targetProxy = 21305C87247A885600F2D76A /* PBXContainerItemProxy */;
		};
		216AF3982472358E00B7C55B /* PBXTargetDependency */ = {
			isa = PBXTargetDependency;
			target = 216AF37C2472358C00B7C55B /* LaguSion */;
			targetProxy = 216AF3972472358E00B7C55B /* PBXContainerItemProxy */;
		};
/* End PBXTargetDependency section */

/* Begin PBXVariantGroup section */
		216AF38E2472358E00B7C55B /* LaunchScreen.storyboard */ = {
			isa = PBXVariantGroup;
			children = (
				216AF38F2472358E00B7C55B /* Base */,
			);
			name = LaunchScreen.storyboard;
			sourceTree = "<group>";
		};
/* End PBXVariantGroup section */

/* Begin XCBuildConfiguration section */
		21305C15247A803200F2D76A /* Debug */ = {
			isa = XCBuildConfiguration;
			buildSettings = {
				CODE_SIGN_IDENTITY = "iPhone Developer";
				CODE_SIGN_STYLE = Automatic;
				CURRENT_PROJECT_VERSION = 1;
				DEFINES_MODULE = YES;
				DEVELOPMENT_TEAM = H8S6N7BJTQ;
				DYLIB_COMPATIBILITY_VERSION = 1;
				DYLIB_CURRENT_VERSION = 1;
				DYLIB_INSTALL_NAME_BASE = "@rpath";
				INFOPLIST_FILE = Song/Info.plist;
				INSTALL_PATH = "$(LOCAL_LIBRARY_DIR)/Frameworks";
				IPHONEOS_DEPLOYMENT_TARGET = 13.0;
				LD_RUNPATH_SEARCH_PATHS = (
					"$(inherited)",
					"@executable_path/Frameworks",
					"@loader_path/Frameworks",
				);
				PRODUCT_BUNDLE_IDENTIFIER = "id.abram.ios.lagu-sion.Song";
				PRODUCT_NAME = "$(TARGET_NAME:c99extidentifier)";
				SKIP_INSTALL = YES;
				SWIFT_VERSION = 5.0;
				TARGETED_DEVICE_FAMILY = "1,2";
				VERSIONING_SYSTEM = "apple-generic";
				VERSION_INFO_PREFIX = "";
			};
			name = Debug;
		};
		21305C16247A803200F2D76A /* Release */ = {
			isa = XCBuildConfiguration;
			buildSettings = {
				CODE_SIGN_IDENTITY = "Apple Development";
				"CODE_SIGN_IDENTITY[sdk=macosx*]" = "Apple Development";
				CODE_SIGN_STYLE = Manual;
				CURRENT_PROJECT_VERSION = 1;
				DEFINES_MODULE = YES;
				DEVELOPMENT_TEAM = H8S6N7BJTQ;
				DYLIB_COMPATIBILITY_VERSION = 1;
				DYLIB_CURRENT_VERSION = 1;
				DYLIB_INSTALL_NAME_BASE = "@rpath";
				INFOPLIST_FILE = Song/Info.plist;
				INSTALL_PATH = "$(LOCAL_LIBRARY_DIR)/Frameworks";
				IPHONEOS_DEPLOYMENT_TARGET = 13.0;
				LD_RUNPATH_SEARCH_PATHS = (
					"$(inherited)",
					"@executable_path/Frameworks",
					"@loader_path/Frameworks",
				);
				PRODUCT_BUNDLE_IDENTIFIER = "id.abram.ios.lagu-sion.Song";
				PRODUCT_NAME = "$(TARGET_NAME:c99extidentifier)";
				PROVISIONING_PROFILE_SPECIFIER = "";
				"PROVISIONING_PROFILE_SPECIFIER[sdk=macosx*]" = "";
				SKIP_INSTALL = YES;
				SWIFT_VERSION = 5.0;
				TARGETED_DEVICE_FAMILY = "1,2";
				VERSIONING_SYSTEM = "apple-generic";
				VERSION_INFO_PREFIX = "";
			};
			name = Release;
		};
		21305C17247A803200F2D76A /* Debug */ = {
			isa = XCBuildConfiguration;
			buildSettings = {
				ALWAYS_EMBED_SWIFT_STANDARD_LIBRARIES = YES;
				CODE_SIGN_STYLE = Automatic;
				DEVELOPMENT_TEAM = H8S6N7BJTQ;
				INFOPLIST_FILE = SongTests/Info.plist;
				IPHONEOS_DEPLOYMENT_TARGET = 13.5;
				LD_RUNPATH_SEARCH_PATHS = (
					"$(inherited)",
					"@executable_path/Frameworks",
					"@loader_path/Frameworks",
				);
				PRODUCT_BUNDLE_IDENTIFIER = id.abram.ios.SongTests;
				PRODUCT_NAME = "$(TARGET_NAME)";
				SWIFT_VERSION = 5.0;
				TARGETED_DEVICE_FAMILY = "1,2";
				TEST_HOST = "$(BUILT_PRODUCTS_DIR)/LaguSion.app/LaguSion";
			};
			name = Debug;
		};
		21305C18247A803200F2D76A /* Release */ = {
			isa = XCBuildConfiguration;
			buildSettings = {
				ALWAYS_EMBED_SWIFT_STANDARD_LIBRARIES = YES;
				CODE_SIGN_IDENTITY = "Apple Development";
				"CODE_SIGN_IDENTITY[sdk=macosx*]" = "Apple Development";
				CODE_SIGN_STYLE = Automatic;
				DEVELOPMENT_TEAM = H8S6N7BJTQ;
				INFOPLIST_FILE = SongTests/Info.plist;
				IPHONEOS_DEPLOYMENT_TARGET = 13.5;
				LD_RUNPATH_SEARCH_PATHS = (
					"$(inherited)",
					"@executable_path/Frameworks",
					"@loader_path/Frameworks",
				);
				PRODUCT_BUNDLE_IDENTIFIER = id.abram.ios.SongTests;
				PRODUCT_NAME = "$(TARGET_NAME)";
				PROVISIONING_PROFILE_SPECIFIER = "";
				"PROVISIONING_PROFILE_SPECIFIER[sdk=macosx*]" = "";
				SWIFT_VERSION = 5.0;
				TARGETED_DEVICE_FAMILY = "1,2";
				TEST_HOST = "$(BUILT_PRODUCTS_DIR)/LaguSion.app/LaguSion";
			};
			name = Release;
		};
		21305C3F247A863F00F2D76A /* Debug */ = {
			isa = XCBuildConfiguration;
			buildSettings = {
				CODE_SIGN_IDENTITY = "iPhone Developer";
				CODE_SIGN_STYLE = Automatic;
				CURRENT_PROJECT_VERSION = 1;
				DEFINES_MODULE = YES;
				DEVELOPMENT_TEAM = H8S6N7BJTQ;
				DYLIB_COMPATIBILITY_VERSION = 1;
				DYLIB_CURRENT_VERSION = 1;
				DYLIB_INSTALL_NAME_BASE = "@rpath";
				INFOPLIST_FILE = Networking/Info.plist;
				INSTALL_PATH = "$(LOCAL_LIBRARY_DIR)/Frameworks";
				IPHONEOS_DEPLOYMENT_TARGET = 13.0;
				LD_RUNPATH_SEARCH_PATHS = (
					"$(inherited)",
					"@executable_path/Frameworks",
					"@loader_path/Frameworks",
				);
				PRODUCT_BUNDLE_IDENTIFIER = "id.abram.ios.lagu-sion.Networking";
				PRODUCT_NAME = "$(TARGET_NAME:c99extidentifier)";
				SKIP_INSTALL = YES;
				SWIFT_VERSION = 5.0;
				TARGETED_DEVICE_FAMILY = "1,2";
				VERSIONING_SYSTEM = "apple-generic";
				VERSION_INFO_PREFIX = "";
			};
			name = Debug;
		};
		21305C40247A863F00F2D76A /* Release */ = {
			isa = XCBuildConfiguration;
			buildSettings = {
				CODE_SIGN_IDENTITY = "iPhone Distribution";
				CODE_SIGN_STYLE = Automatic;
				CURRENT_PROJECT_VERSION = 1;
				DEFINES_MODULE = YES;
				DEVELOPMENT_TEAM = H8S6N7BJTQ;
				DYLIB_COMPATIBILITY_VERSION = 1;
				DYLIB_CURRENT_VERSION = 1;
				DYLIB_INSTALL_NAME_BASE = "@rpath";
				INFOPLIST_FILE = Networking/Info.plist;
				INSTALL_PATH = "$(LOCAL_LIBRARY_DIR)/Frameworks";
				IPHONEOS_DEPLOYMENT_TARGET = 13.0;
				LD_RUNPATH_SEARCH_PATHS = (
					"$(inherited)",
					"@executable_path/Frameworks",
					"@loader_path/Frameworks",
				);
				PRODUCT_BUNDLE_IDENTIFIER = "id.abram.ios.lagu-sion.Networking";
				PRODUCT_NAME = "$(TARGET_NAME:c99extidentifier)";
				SKIP_INSTALL = YES;
				SWIFT_VERSION = 5.0;
				TARGETED_DEVICE_FAMILY = "1,2";
				VERSIONING_SYSTEM = "apple-generic";
				VERSION_INFO_PREFIX = "";
			};
			name = Release;
		};
		21305C42247A863F00F2D76A /* Debug */ = {
			isa = XCBuildConfiguration;
			buildSettings = {
				ALWAYS_EMBED_SWIFT_STANDARD_LIBRARIES = YES;
				CODE_SIGN_STYLE = Automatic;
				DEVELOPMENT_TEAM = H8S6N7BJTQ;
				INFOPLIST_FILE = NetworkingTests/Info.plist;
				IPHONEOS_DEPLOYMENT_TARGET = 13.5;
				LD_RUNPATH_SEARCH_PATHS = (
					"$(inherited)",
					"@executable_path/Frameworks",
					"@loader_path/Frameworks",
				);
				PRODUCT_BUNDLE_IDENTIFIER = id.abram.ios.NetworkingTests;
				PRODUCT_NAME = "$(TARGET_NAME)";
				SWIFT_VERSION = 5.0;
				TARGETED_DEVICE_FAMILY = "1,2";
				TEST_HOST = "$(BUILT_PRODUCTS_DIR)/LaguSion.app/LaguSion";
			};
			name = Debug;
		};
		21305C43247A863F00F2D76A /* Release */ = {
			isa = XCBuildConfiguration;
			buildSettings = {
				ALWAYS_EMBED_SWIFT_STANDARD_LIBRARIES = YES;
				CODE_SIGN_STYLE = Automatic;
				DEVELOPMENT_TEAM = H8S6N7BJTQ;
				INFOPLIST_FILE = NetworkingTests/Info.plist;
				IPHONEOS_DEPLOYMENT_TARGET = 13.5;
				LD_RUNPATH_SEARCH_PATHS = (
					"$(inherited)",
					"@executable_path/Frameworks",
					"@loader_path/Frameworks",
				);
				PRODUCT_BUNDLE_IDENTIFIER = id.abram.ios.NetworkingTests;
				PRODUCT_NAME = "$(TARGET_NAME)";
				SWIFT_VERSION = 5.0;
				TARGETED_DEVICE_FAMILY = "1,2";
				TEST_HOST = "$(BUILT_PRODUCTS_DIR)/LaguSion.app/LaguSion";
			};
			name = Release;
		};
		21305C8C247A885600F2D76A /* Debug */ = {
			isa = XCBuildConfiguration;
			buildSettings = {
				CODE_SIGN_IDENTITY = "iPhone Developer";
				CODE_SIGN_STYLE = Automatic;
				CURRENT_PROJECT_VERSION = 1;
				DEFINES_MODULE = YES;
				DEVELOPMENT_TEAM = H8S6N7BJTQ;
				DYLIB_COMPATIBILITY_VERSION = 1;
				DYLIB_CURRENT_VERSION = 1;
				DYLIB_INSTALL_NAME_BASE = "@rpath";
				INFOPLIST_FILE = Main/Info.plist;
				INSTALL_PATH = "$(LOCAL_LIBRARY_DIR)/Frameworks";
				IPHONEOS_DEPLOYMENT_TARGET = 13.0;
				LD_RUNPATH_SEARCH_PATHS = (
					"$(inherited)",
					"@executable_path/Frameworks",
					"@loader_path/Frameworks",
				);
				PRODUCT_BUNDLE_IDENTIFIER = "id.abram.ios.lagu-sion.Main";
				PRODUCT_NAME = "$(TARGET_NAME:c99extidentifier)";
				SKIP_INSTALL = YES;
				SWIFT_VERSION = 5.0;
				TARGETED_DEVICE_FAMILY = "1,2";
				VERSIONING_SYSTEM = "apple-generic";
				VERSION_INFO_PREFIX = "";
			};
			name = Debug;
		};
		21305C8D247A885600F2D76A /* Release */ = {
			isa = XCBuildConfiguration;
			buildSettings = {
				CODE_SIGN_IDENTITY = "iPhone Distribution";
				CODE_SIGN_STYLE = Automatic;
				CURRENT_PROJECT_VERSION = 1;
				DEFINES_MODULE = YES;
				DEVELOPMENT_TEAM = H8S6N7BJTQ;
				DYLIB_COMPATIBILITY_VERSION = 1;
				DYLIB_CURRENT_VERSION = 1;
				DYLIB_INSTALL_NAME_BASE = "@rpath";
				INFOPLIST_FILE = Main/Info.plist;
				INSTALL_PATH = "$(LOCAL_LIBRARY_DIR)/Frameworks";
				IPHONEOS_DEPLOYMENT_TARGET = 13.0;
				LD_RUNPATH_SEARCH_PATHS = (
					"$(inherited)",
					"@executable_path/Frameworks",
					"@loader_path/Frameworks",
				);
				PRODUCT_BUNDLE_IDENTIFIER = "id.abram.ios.lagu-sion.Main";
				PRODUCT_NAME = "$(TARGET_NAME:c99extidentifier)";
				SKIP_INSTALL = YES;
				SWIFT_VERSION = 5.0;
				TARGETED_DEVICE_FAMILY = "1,2";
				VERSIONING_SYSTEM = "apple-generic";
				VERSION_INFO_PREFIX = "";
			};
			name = Release;
		};
		21305C8F247A885600F2D76A /* Debug */ = {
			isa = XCBuildConfiguration;
			buildSettings = {
				ALWAYS_EMBED_SWIFT_STANDARD_LIBRARIES = YES;
				CODE_SIGN_STYLE = Automatic;
				DEVELOPMENT_TEAM = H8S6N7BJTQ;
				INFOPLIST_FILE = MainTests/Info.plist;
				IPHONEOS_DEPLOYMENT_TARGET = 13.5;
				LD_RUNPATH_SEARCH_PATHS = (
					"$(inherited)",
					"@executable_path/Frameworks",
					"@loader_path/Frameworks",
				);
				PRODUCT_BUNDLE_IDENTIFIER = "id.abram.ios.lagu-sion.MainTests";
				PRODUCT_NAME = "$(TARGET_NAME)";
				SWIFT_VERSION = 5.0;
				TARGETED_DEVICE_FAMILY = "1,2";
				TEST_HOST = "$(BUILT_PRODUCTS_DIR)/LaguSion.app/LaguSion";
			};
			name = Debug;
		};
		21305C90247A885600F2D76A /* Release */ = {
			isa = XCBuildConfiguration;
			buildSettings = {
				ALWAYS_EMBED_SWIFT_STANDARD_LIBRARIES = YES;
				CODE_SIGN_STYLE = Automatic;
				DEVELOPMENT_TEAM = H8S6N7BJTQ;
				INFOPLIST_FILE = MainTests/Info.plist;
				IPHONEOS_DEPLOYMENT_TARGET = 13.5;
				LD_RUNPATH_SEARCH_PATHS = (
					"$(inherited)",
					"@executable_path/Frameworks",
					"@loader_path/Frameworks",
				);
				PRODUCT_BUNDLE_IDENTIFIER = "id.abram.ios.lagu-sion.MainTests";
				PRODUCT_NAME = "$(TARGET_NAME)";
				SWIFT_VERSION = 5.0;
				TARGETED_DEVICE_FAMILY = "1,2";
				TEST_HOST = "$(BUILT_PRODUCTS_DIR)/LaguSion.app/LaguSion";
			};
			name = Release;
		};
		216AF39D2472358E00B7C55B /* Debug */ = {
			isa = XCBuildConfiguration;
			buildSettings = {
				ALWAYS_SEARCH_USER_PATHS = NO;
				CLANG_ANALYZER_NONNULL = YES;
				CLANG_ANALYZER_NUMBER_OBJECT_CONVERSION = YES_AGGRESSIVE;
				CLANG_CXX_LANGUAGE_STANDARD = "gnu++14";
				CLANG_CXX_LIBRARY = "libc++";
				CLANG_ENABLE_MODULES = YES;
				CLANG_ENABLE_OBJC_ARC = YES;
				CLANG_ENABLE_OBJC_WEAK = YES;
				CLANG_WARN_BLOCK_CAPTURE_AUTORELEASING = YES;
				CLANG_WARN_BOOL_CONVERSION = YES;
				CLANG_WARN_COMMA = YES;
				CLANG_WARN_CONSTANT_CONVERSION = YES;
				CLANG_WARN_DEPRECATED_OBJC_IMPLEMENTATIONS = YES;
				CLANG_WARN_DIRECT_OBJC_ISA_USAGE = YES_ERROR;
				CLANG_WARN_DOCUMENTATION_COMMENTS = YES;
				CLANG_WARN_EMPTY_BODY = YES;
				CLANG_WARN_ENUM_CONVERSION = YES;
				CLANG_WARN_INFINITE_RECURSION = YES;
				CLANG_WARN_INT_CONVERSION = YES;
				CLANG_WARN_NON_LITERAL_NULL_CONVERSION = YES;
				CLANG_WARN_OBJC_IMPLICIT_RETAIN_SELF = YES;
				CLANG_WARN_OBJC_LITERAL_CONVERSION = YES;
				CLANG_WARN_OBJC_ROOT_CLASS = YES_ERROR;
				CLANG_WARN_RANGE_LOOP_ANALYSIS = YES;
				CLANG_WARN_STRICT_PROTOTYPES = YES;
				CLANG_WARN_SUSPICIOUS_MOVE = YES;
				CLANG_WARN_UNGUARDED_AVAILABILITY = YES_AGGRESSIVE;
				CLANG_WARN_UNREACHABLE_CODE = YES;
				CLANG_WARN__DUPLICATE_METHOD_MATCH = YES;
				COPY_PHASE_STRIP = NO;
				DEBUG_INFORMATION_FORMAT = dwarf;
				ENABLE_STRICT_OBJC_MSGSEND = YES;
				ENABLE_TESTABILITY = YES;
				GCC_C_LANGUAGE_STANDARD = gnu11;
				GCC_DYNAMIC_NO_PIC = NO;
				GCC_NO_COMMON_BLOCKS = YES;
				GCC_OPTIMIZATION_LEVEL = 0;
				GCC_PREPROCESSOR_DEFINITIONS = (
					"DEBUG=1",
					"$(inherited)",
				);
				GCC_WARN_64_TO_32_BIT_CONVERSION = YES;
				GCC_WARN_ABOUT_RETURN_TYPE = YES_ERROR;
				GCC_WARN_UNDECLARED_SELECTOR = YES;
				GCC_WARN_UNINITIALIZED_AUTOS = YES_AGGRESSIVE;
				GCC_WARN_UNUSED_FUNCTION = YES;
				GCC_WARN_UNUSED_VARIABLE = YES;
				IPHONEOS_DEPLOYMENT_TARGET = 13.4;
				MTL_ENABLE_DEBUG_INFO = INCLUDE_SOURCE;
				MTL_FAST_MATH = YES;
				ONLY_ACTIVE_ARCH = YES;
				SDKROOT = iphoneos;
				SWIFT_ACTIVE_COMPILATION_CONDITIONS = DEBUG;
				SWIFT_OPTIMIZATION_LEVEL = "-Onone";
			};
			name = Debug;
		};
		216AF39E2472358E00B7C55B /* Release */ = {
			isa = XCBuildConfiguration;
			buildSettings = {
				ALWAYS_SEARCH_USER_PATHS = NO;
				CLANG_ANALYZER_NONNULL = YES;
				CLANG_ANALYZER_NUMBER_OBJECT_CONVERSION = YES_AGGRESSIVE;
				CLANG_CXX_LANGUAGE_STANDARD = "gnu++14";
				CLANG_CXX_LIBRARY = "libc++";
				CLANG_ENABLE_MODULES = YES;
				CLANG_ENABLE_OBJC_ARC = YES;
				CLANG_ENABLE_OBJC_WEAK = YES;
				CLANG_WARN_BLOCK_CAPTURE_AUTORELEASING = YES;
				CLANG_WARN_BOOL_CONVERSION = YES;
				CLANG_WARN_COMMA = YES;
				CLANG_WARN_CONSTANT_CONVERSION = YES;
				CLANG_WARN_DEPRECATED_OBJC_IMPLEMENTATIONS = YES;
				CLANG_WARN_DIRECT_OBJC_ISA_USAGE = YES_ERROR;
				CLANG_WARN_DOCUMENTATION_COMMENTS = YES;
				CLANG_WARN_EMPTY_BODY = YES;
				CLANG_WARN_ENUM_CONVERSION = YES;
				CLANG_WARN_INFINITE_RECURSION = YES;
				CLANG_WARN_INT_CONVERSION = YES;
				CLANG_WARN_NON_LITERAL_NULL_CONVERSION = YES;
				CLANG_WARN_OBJC_IMPLICIT_RETAIN_SELF = YES;
				CLANG_WARN_OBJC_LITERAL_CONVERSION = YES;
				CLANG_WARN_OBJC_ROOT_CLASS = YES_ERROR;
				CLANG_WARN_RANGE_LOOP_ANALYSIS = YES;
				CLANG_WARN_STRICT_PROTOTYPES = YES;
				CLANG_WARN_SUSPICIOUS_MOVE = YES;
				CLANG_WARN_UNGUARDED_AVAILABILITY = YES_AGGRESSIVE;
				CLANG_WARN_UNREACHABLE_CODE = YES;
				CLANG_WARN__DUPLICATE_METHOD_MATCH = YES;
				COPY_PHASE_STRIP = NO;
				DEBUG_INFORMATION_FORMAT = "dwarf-with-dsym";
				ENABLE_NS_ASSERTIONS = NO;
				ENABLE_STRICT_OBJC_MSGSEND = YES;
				GCC_C_LANGUAGE_STANDARD = gnu11;
				GCC_NO_COMMON_BLOCKS = YES;
				GCC_WARN_64_TO_32_BIT_CONVERSION = YES;
				GCC_WARN_ABOUT_RETURN_TYPE = YES_ERROR;
				GCC_WARN_UNDECLARED_SELECTOR = YES;
				GCC_WARN_UNINITIALIZED_AUTOS = YES_AGGRESSIVE;
				GCC_WARN_UNUSED_FUNCTION = YES;
				GCC_WARN_UNUSED_VARIABLE = YES;
				IPHONEOS_DEPLOYMENT_TARGET = 13.4;
				MTL_ENABLE_DEBUG_INFO = NO;
				MTL_FAST_MATH = YES;
				SDKROOT = iphoneos;
				SWIFT_COMPILATION_MODE = wholemodule;
				SWIFT_OPTIMIZATION_LEVEL = "-O";
				VALIDATE_PRODUCT = YES;
			};
			name = Release;
		};
		216AF3A02472358E00B7C55B /* Debug */ = {
			isa = XCBuildConfiguration;
			buildSettings = {
				ALWAYS_EMBED_SWIFT_STANDARD_LIBRARIES = YES;
				ASSETCATALOG_COMPILER_APPICON_NAME = AppIcon;
				CODE_SIGN_IDENTITY = "iPhone Developer";
				CODE_SIGN_STYLE = Manual;
				DEVELOPMENT_ASSET_PATHS = "\"LaguSion/Preview Content\"";
				DEVELOPMENT_TEAM = H8S6N7BJTQ;
				ENABLE_PREVIEWS = YES;
				INFOPLIST_FILE = LaguSion/Info.plist;
				LD_RUNPATH_SEARCH_PATHS = (
					"$(inherited)",
					"@executable_path/Frameworks",
				);
				MARKETING_VERSION = 0.1;
				PRODUCT_BUNDLE_IDENTIFIER = id.abram.ios.LaguSion;
				PRODUCT_NAME = "$(TARGET_NAME)";
				PROVISIONING_PROFILE_SPECIFIER = "match Development id.abram.ios.LaguSion";
				SWIFT_VERSION = 5.0;
				TARGETED_DEVICE_FAMILY = "1,2";
			};
			name = Debug;
		};
		216AF3A12472358E00B7C55B /* Release */ = {
			isa = XCBuildConfiguration;
			buildSettings = {
				ALWAYS_EMBED_SWIFT_STANDARD_LIBRARIES = YES;
				ASSETCATALOG_COMPILER_APPICON_NAME = AppIcon;
				CODE_SIGN_IDENTITY = "iPhone Distribution";
				CODE_SIGN_STYLE = Manual;
				DEVELOPMENT_ASSET_PATHS = "\"LaguSion/Preview Content\"";
				DEVELOPMENT_TEAM = H8S6N7BJTQ;
				ENABLE_PREVIEWS = YES;
				INFOPLIST_FILE = LaguSion/Info.plist;
				LD_RUNPATH_SEARCH_PATHS = (
					"$(inherited)",
					"@executable_path/Frameworks",
				);
				MARKETING_VERSION = 0.1;
				PRODUCT_BUNDLE_IDENTIFIER = id.abram.ios.LaguSion;
				PRODUCT_NAME = "$(TARGET_NAME)";
				PROVISIONING_PROFILE_SPECIFIER = "match AdHoc id.abram.ios.LaguSion";
				SWIFT_VERSION = 5.0;
				TARGETED_DEVICE_FAMILY = "1,2";
			};
			name = Release;
		};
		216AF3A32472358E00B7C55B /* Debug */ = {
			isa = XCBuildConfiguration;
			buildSettings = {
				ALWAYS_EMBED_SWIFT_STANDARD_LIBRARIES = YES;
				BUNDLE_LOADER = "$(TEST_HOST)";
				CODE_SIGN_IDENTITY = "Apple Development";
				"CODE_SIGN_IDENTITY[sdk=macosx*]" = "Apple Development";
				CODE_SIGN_STYLE = Automatic;
				DEVELOPMENT_TEAM = H8S6N7BJTQ;
				INFOPLIST_FILE = LaguSionTests/Info.plist;
				IPHONEOS_DEPLOYMENT_TARGET = 13.4;
				LD_RUNPATH_SEARCH_PATHS = (
					"$(inherited)",
					"@executable_path/Frameworks",
					"@loader_path/Frameworks",
				);
				PRODUCT_BUNDLE_IDENTIFIER = id.abram.ios.LaguSionTests;
				PRODUCT_NAME = "$(TARGET_NAME)";
				PROVISIONING_PROFILE_SPECIFIER = "";
				"PROVISIONING_PROFILE_SPECIFIER[sdk=macosx*]" = "";
				SWIFT_VERSION = 5.0;
				TARGETED_DEVICE_FAMILY = "1,2";
				TEST_HOST = "$(BUILT_PRODUCTS_DIR)/LaguSion.app/LaguSion";
			};
			name = Debug;
		};
		216AF3A42472358E00B7C55B /* Release */ = {
			isa = XCBuildConfiguration;
			buildSettings = {
				ALWAYS_EMBED_SWIFT_STANDARD_LIBRARIES = YES;
				BUNDLE_LOADER = "$(TEST_HOST)";
				CODE_SIGN_IDENTITY = "Apple Development";
				"CODE_SIGN_IDENTITY[sdk=macosx*]" = "Apple Development";
				CODE_SIGN_STYLE = Automatic;
				DEVELOPMENT_TEAM = H8S6N7BJTQ;
				INFOPLIST_FILE = LaguSionTests/Info.plist;
				IPHONEOS_DEPLOYMENT_TARGET = 13.4;
				LD_RUNPATH_SEARCH_PATHS = (
					"$(inherited)",
					"@executable_path/Frameworks",
					"@loader_path/Frameworks",
				);
				PRODUCT_BUNDLE_IDENTIFIER = id.abram.ios.LaguSionTests;
				PRODUCT_NAME = "$(TARGET_NAME)";
				PROVISIONING_PROFILE_SPECIFIER = "";
				"PROVISIONING_PROFILE_SPECIFIER[sdk=macosx*]" = "";
				SWIFT_VERSION = 5.0;
				TARGETED_DEVICE_FAMILY = "1,2";
				TEST_HOST = "$(BUILT_PRODUCTS_DIR)/LaguSion.app/LaguSion";
			};
			name = Release;
		};
/* End XCBuildConfiguration section */

/* Begin XCConfigurationList section */
		21305C19247A803200F2D76A /* Build configuration list for PBXNativeTarget "Song" */ = {
			isa = XCConfigurationList;
			buildConfigurations = (
				21305C15247A803200F2D76A /* Debug */,
				21305C16247A803200F2D76A /* Release */,
			);
			defaultConfigurationIsVisible = 0;
			defaultConfigurationName = Release;
		};
		21305C1A247A803200F2D76A /* Build configuration list for PBXNativeTarget "SongTests" */ = {
			isa = XCConfigurationList;
			buildConfigurations = (
				21305C17247A803200F2D76A /* Debug */,
				21305C18247A803200F2D76A /* Release */,
			);
			defaultConfigurationIsVisible = 0;
			defaultConfigurationName = Release;
		};
		21305C3E247A863F00F2D76A /* Build configuration list for PBXNativeTarget "Networking" */ = {
			isa = XCConfigurationList;
			buildConfigurations = (
				21305C3F247A863F00F2D76A /* Debug */,
				21305C40247A863F00F2D76A /* Release */,
			);
			defaultConfigurationIsVisible = 0;
			defaultConfigurationName = Release;
		};
		21305C41247A863F00F2D76A /* Build configuration list for PBXNativeTarget "NetworkingTests" */ = {
			isa = XCConfigurationList;
			buildConfigurations = (
				21305C42247A863F00F2D76A /* Debug */,
				21305C43247A863F00F2D76A /* Release */,
			);
			defaultConfigurationIsVisible = 0;
			defaultConfigurationName = Release;
		};
		21305C8B247A885600F2D76A /* Build configuration list for PBXNativeTarget "Main" */ = {
			isa = XCConfigurationList;
			buildConfigurations = (
				21305C8C247A885600F2D76A /* Debug */,
				21305C8D247A885600F2D76A /* Release */,
			);
			defaultConfigurationIsVisible = 0;
			defaultConfigurationName = Release;
		};
		21305C8E247A885600F2D76A /* Build configuration list for PBXNativeTarget "MainTests" */ = {
			isa = XCConfigurationList;
			buildConfigurations = (
				21305C8F247A885600F2D76A /* Debug */,
				21305C90247A885600F2D76A /* Release */,
			);
			defaultConfigurationIsVisible = 0;
			defaultConfigurationName = Release;
		};
		216AF3782472358C00B7C55B /* Build configuration list for PBXProject "LaguSion" */ = {
			isa = XCConfigurationList;
			buildConfigurations = (
				216AF39D2472358E00B7C55B /* Debug */,
				216AF39E2472358E00B7C55B /* Release */,
			);
			defaultConfigurationIsVisible = 0;
			defaultConfigurationName = Release;
		};
		216AF39F2472358E00B7C55B /* Build configuration list for PBXNativeTarget "LaguSion" */ = {
			isa = XCConfigurationList;
			buildConfigurations = (
				216AF3A02472358E00B7C55B /* Debug */,
				216AF3A12472358E00B7C55B /* Release */,
			);
			defaultConfigurationIsVisible = 0;
			defaultConfigurationName = Release;
		};
		216AF3A22472358E00B7C55B /* Build configuration list for PBXNativeTarget "LaguSionTests" */ = {
			isa = XCConfigurationList;
			buildConfigurations = (
				216AF3A32472358E00B7C55B /* Debug */,
				216AF3A42472358E00B7C55B /* Release */,
			);
			defaultConfigurationIsVisible = 0;
			defaultConfigurationName = Release;
		};
/* End XCConfigurationList section */

/* Begin XCRemoteSwiftPackageReference section */
		21B130F624723654005941E9 /* XCRemoteSwiftPackageReference "grpc-swift-combine" */ = {
			isa = XCRemoteSwiftPackageReference;
			repositoryURL = "https://github.com/vyshane/grpc-swift-combine.git";
			requirement = {
				kind = upToNextMajorVersion;
				minimumVersion = 0.11.0;
			};
		};
		21B130F92472365F005941E9 /* XCRemoteSwiftPackageReference "swift-composable-architecture" */ = {
			isa = XCRemoteSwiftPackageReference;
			repositoryURL = "https://github.com/pointfreeco/swift-composable-architecture.git";
			requirement = {
				kind = upToNextMajorVersion;
				minimumVersion = 0.1.4;
			};
		};
/* End XCRemoteSwiftPackageReference section */

/* Begin XCSwiftPackageProductDependency section */
		21305C20247A812800F2D76A /* ComposableArchitecture */ = {
			isa = XCSwiftPackageProductDependency;
			package = 21B130F92472365F005941E9 /* XCRemoteSwiftPackageReference "swift-composable-architecture" */;
			productName = ComposableArchitecture;
		};
		21305C44247A864C00F2D76A /* CombineGRPC */ = {
			isa = XCSwiftPackageProductDependency;
			package = 21B130F624723654005941E9 /* XCRemoteSwiftPackageReference "grpc-swift-combine" */;
			productName = CombineGRPC;
		};
/* End XCSwiftPackageProductDependency section */

/* Begin XCVersionGroup section */
		216AF3842472358C00B7C55B /* LaguSion.xcdatamodeld */ = {
			isa = XCVersionGroup;
			children = (
				216AF3852472358C00B7C55B /* LaguSion.xcdatamodel */,
			);
			currentVersion = 216AF3852472358C00B7C55B /* LaguSion.xcdatamodel */;
			path = LaguSion.xcdatamodeld;
			sourceTree = "<group>";
			versionGroupType = wrapper.xcdatamodel;
		};
/* End XCVersionGroup section */
	};
	rootObject = 216AF3752472358C00B7C55B /* Project object */;
}
