{
  "object": {
    "pins": [
      {
        "package": "combine-schedulers",
        "repositoryURL": "https://github.com/pointfreeco/combine-schedulers",
        "state": {
          "branch": null,
          "revision": "afc84b6a3639198b7b8b6d79f04eb3c2ee590d29",
          "version": "0.1.1"
        }
      },
      {
        "package": "grpc-swift",
        "repositoryURL": "https://github.com/grpc/grpc-swift.git",
        "state": {
          "branch": null,
          "revision": "399cfe1cfec19d8dc37dcd945a389e6eaae3ea43",
          "version": "1.0.0-alpha.14"
        }
      },
      {
        "package": "CombineGRPC",
        "repositoryURL": "https://github.com/vyshane/grpc-swift-combine.git",
        "state": {
          "branch": null,
          "revision": "186d27cd0c33b83ee2b6422bf551dfc7c8d9914f",
          "version": "0.13.0"
        }
      },
      {
        "package": "swift-case-paths",
        "repositoryURL": "https://github.com/pointfreeco/swift-case-paths",
        "state": {
          "branch": null,
          "revision": "fb733d87aabb5b053ad782902f2f3d67e0a65ac5",
          "version": "0.1.1"
        }
      },
      {
        "package": "swift-composable-architecture",
        "repositoryURL": "https://github.com/pointfreeco/swift-composable-architecture.git",
        "state": {
          "branch": null,
          "revision": "b8c67d5d4f27ad3b2f772cf50f91c581fc94611c",
          "version": "0.6.0"
        }
      },
      {
        "package": "swift-log",
        "repositoryURL": "https://github.com/apple/swift-log.git",
        "state": {
          "branch": null,
          "revision": "74d7b91ceebc85daf387ebb206003f78813f71aa",
          "version": "1.2.0"
        }
      },
      {
        "package": "swift-nio",
        "repositoryURL": "https://github.com/apple/swift-nio.git",
        "state": {
          "branch": null,
          "revision": "8a865bd15e69526cbdfcfd7c47698eb20b2ba951",
          "version": "2.19.0"
        }
      },
      {
        "package": "swift-nio-http2",
        "repositoryURL": "https://github.com/apple/swift-nio-http2.git",
        "state": {
          "branch": null,
          "revision": "c5d10f4165128c3d0cc0e3c0f0a8ef55947a73a6",
          "version": "1.12.2"
        }
      },
      {
        "package": "swift-nio-ssl",
        "repositoryURL": "https://github.com/apple/swift-nio-ssl.git",
        "state": {
          "branch": null,
          "revision": "d381bc53edd9de88a75480a2b969bfc26d61ee76",
          "version": "2.8.0"
        }
      },
      {
        "package": "swift-nio-transport-services",
        "repositoryURL": "https://github.com/apple/swift-nio-transport-services.git",
        "state": {
          "branch": null,
          "revision": "f9a95e9bbb4ed70dd6e1e25d65c46e37187f7730",
          "version": "1.7.0"
        }
      },
      {
        "package": "SwiftProtobuf",
        "repositoryURL": "https://github.com/apple/swift-protobuf.git",
        "state": {
          "branch": null,
          "revision": "05cb9347bb095d9a28234a593d45cb9fcdc9d196",
          "version": "1.10.0"
        }
      }
    ]
  },
  "version": 1
}
